// !$*UTF8*$!
{
	archiveVersion = 1;
	classes = {
	};
	objectVersion = 46;
	objects = {

/* Begin PBXBuildFile section */
		027CED50178F74DE004DC84B /* Accelerate.framework in Frameworks */ = {isa = PBXBuildFile; fileRef = 027CED4F178F74DE004DC84B /* Accelerate.framework */; };
		027CED52178F74EB004DC84B /* libsqlite3.0.dylib in Frameworks */ = {isa = PBXBuildFile; fileRef = 027CED51178F74EB004DC84B /* libsqlite3.0.dylib */; };
		027DE5D517B9E48200BCA4FE /* INK.bundle in Resources */ = {isa = PBXBuildFile; fileRef = 027DE5D317B9E48200BCA4FE /* INK.bundle */; };
		027DE5D617B9E48200BCA4FE /* INK.framework in Frameworks */ = {isa = PBXBuildFile; fileRef = 027DE5D417B9E48200BCA4FE /* INK.framework */; };
		027DE5D817B9E48A00BCA4FE /* ApptentiveResources.bundle in Resources */ = {isa = PBXBuildFile; fileRef = 027DE5D717B9E48A00BCA4FE /* ApptentiveResources.bundle */; };
		027DE5F817B9E4AC00BCA4FE /* INKWelcomeViewController.m in Sources */ = {isa = PBXBuildFile; fileRef = 027DE5E717B9E4AC00BCA4FE /* INKWelcomeViewController.m */; };
		027DE5F917B9E4AC00BCA4FE /* INKWelcomeViewController.xib in Resources */ = {isa = PBXBuildFile; fileRef = 027DE5E817B9E4AC00BCA4FE /* INKWelcomeViewController.xib */; };
		027DE5FA17B9E4AC00BCA4FE /* PagedScrollView.m in Sources */ = {isa = PBXBuildFile; fileRef = 027DE5EA17B9E4AC00BCA4FE /* PagedScrollView.m */; };
		027DE5FB17B9E4AC00BCA4FE /* OnboardStep2.png in Resources */ = {isa = PBXBuildFile; fileRef = 027DE5EC17B9E4AC00BCA4FE /* OnboardStep2.png */; };
		027DE5FC17B9E4AC00BCA4FE /* OnboardStep2@2x.png in Resources */ = {isa = PBXBuildFile; fileRef = 027DE5ED17B9E4AC00BCA4FE /* OnboardStep2@2x.png */; };
		027DE5FD17B9E4AC00BCA4FE /* OnboardStep3.png in Resources */ = {isa = PBXBuildFile; fileRef = 027DE5EE17B9E4AC00BCA4FE /* OnboardStep3.png */; };
		027DE5FE17B9E4AC00BCA4FE /* OnboardStep3@2x.png in Resources */ = {isa = PBXBuildFile; fileRef = 027DE5EF17B9E4AC00BCA4FE /* OnboardStep3@2x.png */; };
		027DE5FF17B9E4AC00BCA4FE /* WelcomeThatCloud.png in Resources */ = {isa = PBXBuildFile; fileRef = 027DE5F017B9E4AC00BCA4FE /* WelcomeThatCloud.png */; };
		027DE60017B9E4AC00BCA4FE /* WelcomeThatCloud@2x.png in Resources */ = {isa = PBXBuildFile; fileRef = 027DE5F117B9E4AC00BCA4FE /* WelcomeThatCloud@2x.png */; };
		027DE60117B9E4AC00BCA4FE /* WelcomeThatInbox.png in Resources */ = {isa = PBXBuildFile; fileRef = 027DE5F217B9E4AC00BCA4FE /* WelcomeThatInbox.png */; };
		027DE60217B9E4AC00BCA4FE /* WelcomeThatInbox@2x.png in Resources */ = {isa = PBXBuildFile; fileRef = 027DE5F317B9E4AC00BCA4FE /* WelcomeThatInbox@2x.png */; };
		027DE60317B9E4AC00BCA4FE /* WelcomeThatPDF.png in Resources */ = {isa = PBXBuildFile; fileRef = 027DE5F417B9E4AC00BCA4FE /* WelcomeThatPDF.png */; };
		027DE60417B9E4AC00BCA4FE /* WelcomeThatPDF@2x.png in Resources */ = {isa = PBXBuildFile; fileRef = 027DE5F517B9E4AC00BCA4FE /* WelcomeThatPDF@2x.png */; };
		027DE60517B9E4AC00BCA4FE /* WelcomeThatPhoto.png in Resources */ = {isa = PBXBuildFile; fileRef = 027DE5F617B9E4AC00BCA4FE /* WelcomeThatPhoto.png */; };
		027DE60617B9E4AC00BCA4FE /* WelcomeThatPhoto@2x.png in Resources */ = {isa = PBXBuildFile; fileRef = 027DE5F717B9E4AC00BCA4FE /* WelcomeThatPhoto@2x.png */; };
		027DE60817B9E4B300BCA4FE /* ATConnect.h in Resources */ = {isa = PBXBuildFile; fileRef = 027DE60717B9E4B300BCA4FE /* ATConnect.h */; };
		027DE60917B9E4BD00BCA4FE /* libApptentiveConnect.a in Frameworks */ = {isa = PBXBuildFile; fileRef = 027DE5E017B9E49B00BCA4FE /* libApptentiveConnect.a */; };
		027DE60B17B9E67300BCA4FE /* CoreTelephony.framework in Frameworks */ = {isa = PBXBuildFile; fileRef = 027DE60A17B9E67300BCA4FE /* CoreTelephony.framework */; };
		027DE60E17B9E69F00BCA4FE /* CoreText.framework in Frameworks */ = {isa = PBXBuildFile; fileRef = 027DE60D17B9E69F00BCA4FE /* CoreText.framework */; };
		027DE61017B9E6BB00BCA4FE /* StoreKit.framework in Frameworks */ = {isa = PBXBuildFile; fileRef = 027DE60F17B9E6BB00BCA4FE /* StoreKit.framework */; };
		02802A0C1797AAE9009AF9DE /* MobileCoreServices.framework in Frameworks */ = {isa = PBXBuildFile; fileRef = 02802A0B1797AAE8009AF9DE /* MobileCoreServices.framework */; };
		0288558B17A898DE004B5CCF /* FPPicker.bundle in Resources */ = {isa = PBXBuildFile; fileRef = 0288558917A898DE004B5CCF /* FPPicker.bundle */; };
		0288558C17A898DE004B5CCF /* FPPicker.framework in Frameworks */ = {isa = PBXBuildFile; fileRef = 0288558A17A898DE004B5CCF /* FPPicker.framework */; };
		0288558E17A89D72004B5CCF /* AssetsLibrary.framework in Frameworks */ = {isa = PBXBuildFile; fileRef = 0288558D17A89D72004B5CCF /* AssetsLibrary.framework */; };
		0288559517A8C75F004B5CCF /* leaseagreement.pdf in Resources */ = {isa = PBXBuildFile; fileRef = 0288559317A8C75F004B5CCF /* leaseagreement.pdf */; };
		0288559617A8C75F004B5CCF /* nda.pdf in Resources */ = {isa = PBXBuildFile; fileRef = 0288559417A8C75F004B5CCF /* nda.pdf */; };
		02B510FF178DDD8D002CC7B2 /* ReaderAnnotateToolbar.m in Sources */ = {isa = PBXBuildFile; fileRef = 02B510FE178DDD8D002CC7B2 /* ReaderAnnotateToolbar.m */; };
		02B51102178DE55E002CC7B2 /* AnnotationViewController.m in Sources */ = {isa = PBXBuildFile; fileRef = 02B51101178DE55E002CC7B2 /* AnnotationViewController.m */; };
		02D6AE8217A27DAB0044ACF7 /* QuickLook.framework in Frameworks */ = {isa = PBXBuildFile; fileRef = 02D6AE8117A27DAB0044ACF7 /* QuickLook.framework */; };
		02D6AE8417A27DB10044ACF7 /* SystemConfiguration.framework in Frameworks */ = {isa = PBXBuildFile; fileRef = 02D6AE8317A27DB10044ACF7 /* SystemConfiguration.framework */; };
		02E96DD717C5390400969697 /* AppIcon-1024.png in Resources */ = {isa = PBXBuildFile; fileRef = 02E96D9017C5390400969697 /* AppIcon-1024.png */; };
		02E96DD817C5390400969697 /* AppIcon-114.png in Resources */ = {isa = PBXBuildFile; fileRef = 02E96D9117C5390400969697 /* AppIcon-114.png */; };
		02E96DD917C5390400969697 /* AppIcon-144.png in Resources */ = {isa = PBXBuildFile; fileRef = 02E96D9217C5390400969697 /* AppIcon-144.png */; };
		02E96DDA17C5390400969697 /* AppIcon-512.png in Resources */ = {isa = PBXBuildFile; fileRef = 02E96D9317C5390400969697 /* AppIcon-512.png */; };
		02E96DDB17C5390400969697 /* AppIcon-57.png in Resources */ = {isa = PBXBuildFile; fileRef = 02E96D9417C5390400969697 /* AppIcon-57.png */; };
		02E96DDC17C5390400969697 /* AppIcon-72.png in Resources */ = {isa = PBXBuildFile; fileRef = 02E96D9517C5390400969697 /* AppIcon-72.png */; };
		02E96DDD17C5390400969697 /* AppIcon.ai in Resources */ = {isa = PBXBuildFile; fileRef = 02E96D9617C5390400969697 /* AppIcon.ai */; };
		02E96DDE17C5390400969697 /* Folder-Large.png in Resources */ = {isa = PBXBuildFile; fileRef = 02E96D9717C5390400969697 /* Folder-Large.png */; };
		02E96DDF17C5390400969697 /* Folder-Large@2x.png in Resources */ = {isa = PBXBuildFile; fileRef = 02E96D9817C5390400969697 /* Folder-Large@2x.png */; };
		02E96DE017C5390400969697 /* Folder-Small.png in Resources */ = {isa = PBXBuildFile; fileRef = 02E96D9917C5390400969697 /* Folder-Small.png */; };
		02E96DE117C5390400969697 /* Folder-Small@2x.png in Resources */ = {isa = PBXBuildFile; fileRef = 02E96D9A17C5390400969697 /* Folder-Small@2x.png */; };
		02E96DE217C5390400969697 /* Default-Landscape~ipad.png in Resources */ = {isa = PBXBuildFile; fileRef = 02E96D9C17C5390400969697 /* Default-Landscape~ipad.png */; };
		02E96DE517C5390400969697 /* Default.png in Resources */ = {isa = PBXBuildFile; fileRef = 02E96D9F17C5390400969697 /* Default.png */; };
		02E96DE617C5390400969697 /* Default@2x.png in Resources */ = {isa = PBXBuildFile; fileRef = 02E96DA017C5390400969697 /* Default@2x.png */; };
		02E96DE717C5390400969697 /* Icon-AddFile.png in Resources */ = {isa = PBXBuildFile; fileRef = 02E96DA217C5390400969697 /* Icon-AddFile.png */; };
		02E96DE817C5390400969697 /* Icon-AddFile@2x.png in Resources */ = {isa = PBXBuildFile; fileRef = 02E96DA317C5390400969697 /* Icon-AddFile@2x.png */; };
		02E96DE917C5390400969697 /* Icon-Check.png in Resources */ = {isa = PBXBuildFile; fileRef = 02E96DA417C5390400969697 /* Icon-Check.png */; };
		02E96DEA17C5390400969697 /* Icon-Check@2x.png in Resources */ = {isa = PBXBuildFile; fileRef = 02E96DA517C5390400969697 /* Icon-Check@2x.png */; };
		02E96DEB17C5390400969697 /* Icon-Checked.png in Resources */ = {isa = PBXBuildFile; fileRef = 02E96DA617C5390400969697 /* Icon-Checked.png */; };
		02E96DEC17C5390400969697 /* Icon-Checked@2x.png in Resources */ = {isa = PBXBuildFile; fileRef = 02E96DA717C5390400969697 /* Icon-Checked@2x.png */; };
		02E96DED17C5390400969697 /* Icon-Cross.png in Resources */ = {isa = PBXBuildFile; fileRef = 02E96DA817C5390400969697 /* Icon-Cross.png */; };
		02E96DEE17C5390400969697 /* Icon-Cross@2x.png in Resources */ = {isa = PBXBuildFile; fileRef = 02E96DA917C5390400969697 /* Icon-Cross@2x.png */; };
		02E96DEF17C5390400969697 /* Icon-DeleteFile.png in Resources */ = {isa = PBXBuildFile; fileRef = 02E96DAA17C5390400969697 /* Icon-DeleteFile.png */; };
		02E96DF017C5390400969697 /* Icon-DeleteFile@2x.png in Resources */ = {isa = PBXBuildFile; fileRef = 02E96DAB17C5390400969697 /* Icon-DeleteFile@2x.png */; };
		02E96DF117C5390400969697 /* Icon-DeleteFolder.png in Resources */ = {isa = PBXBuildFile; fileRef = 02E96DAC17C5390400969697 /* Icon-DeleteFolder.png */; };
		02E96DF217C5390400969697 /* Icon-DeleteFolder@2x.png in Resources */ = {isa = PBXBuildFile; fileRef = 02E96DAD17C5390400969697 /* Icon-DeleteFolder@2x.png */; };
		02E96DF317C5390400969697 /* Icon-Edit.png in Resources */ = {isa = PBXBuildFile; fileRef = 02E96DAE17C5390400969697 /* Icon-Edit.png */; };
		02E96DF417C5390400969697 /* Icon-Edit@2x.png in Resources */ = {isa = PBXBuildFile; fileRef = 02E96DAF17C5390400969697 /* Icon-Edit@2x.png */; };
		02E96DF517C5390400969697 /* Icon-File.png in Resources */ = {isa = PBXBuildFile; fileRef = 02E96DB017C5390400969697 /* Icon-File.png */; };
		02E96DF617C5390400969697 /* Icon-File@2x.png in Resources */ = {isa = PBXBuildFile; fileRef = 02E96DB117C5390400969697 /* Icon-File@2x.png */; };
		02E96DF717C5390400969697 /* Icon-Folder.png in Resources */ = {isa = PBXBuildFile; fileRef = 02E96DB217C5390400969697 /* Icon-Folder.png */; };
		02E96DF817C5390400969697 /* Icon-Folder@2x.png in Resources */ = {isa = PBXBuildFile; fileRef = 02E96DB317C5390400969697 /* Icon-Folder@2x.png */; };
		02E96DF917C5390400969697 /* Icon-Minus.png in Resources */ = {isa = PBXBuildFile; fileRef = 02E96DB417C5390400969697 /* Icon-Minus.png */; };
		02E96DFA17C5390400969697 /* Icon-Minus@2x.png in Resources */ = {isa = PBXBuildFile; fileRef = 02E96DB517C5390400969697 /* Icon-Minus@2x.png */; };
		02E96DFB17C5390400969697 /* Icon-NewFolder.png in Resources */ = {isa = PBXBuildFile; fileRef = 02E96DB617C5390400969697 /* Icon-NewFolder.png */; };
		02E96DFC17C5390400969697 /* Icon-NewFolder@2x.png in Resources */ = {isa = PBXBuildFile; fileRef = 02E96DB717C5390400969697 /* Icon-NewFolder@2x.png */; };
		02E96DFD17C5390400969697 /* Icon-Plus.png in Resources */ = {isa = PBXBuildFile; fileRef = 02E96DB817C5390400969697 /* Icon-Plus.png */; };
		02E96DFE17C5390400969697 /* Icon-Plus@2x.png in Resources */ = {isa = PBXBuildFile; fileRef = 02E96DB917C5390400969697 /* Icon-Plus@2x.png */; };
		02E96DFF17C5390400969697 /* Icon-SelectFile.png in Resources */ = {isa = PBXBuildFile; fileRef = 02E96DBA17C5390400969697 /* Icon-SelectFile.png */; };
		02E96E0017C5390400969697 /* Icon-SelectFile@2x.png in Resources */ = {isa = PBXBuildFile; fileRef = 02E96DBB17C5390400969697 /* Icon-SelectFile@2x.png */; };
		02E96E0117C5390400969697 /* Icon-SelectFolder.png in Resources */ = {isa = PBXBuildFile; fileRef = 02E96DBC17C5390400969697 /* Icon-SelectFolder.png */; };
		02E96E0217C5390400969697 /* Icon-SelectFolder@2x.png in Resources */ = {isa = PBXBuildFile; fileRef = 02E96DBD17C5390400969697 /* Icon-SelectFolder@2x.png */; };
		02E96E0317C5390400969697 /* Reader-Annotate.png in Resources */ = {isa = PBXBuildFile; fileRef = 02E96DBF17C5390400969697 /* Reader-Annotate.png */; };
		02E96E0417C5390400969697 /* Reader-Annotate@2x.png in Resources */ = {isa = PBXBuildFile; fileRef = 02E96DC017C5390400969697 /* Reader-Annotate@2x.png */; };
		02E96E0517C5390400969697 /* Reader-Button-H.png in Resources */ = {isa = PBXBuildFile; fileRef = 02E96DC117C5390400969697 /* Reader-Button-H.png */; };
		02E96E0617C5390400969697 /* Reader-Button-H@2x.png in Resources */ = {isa = PBXBuildFile; fileRef = 02E96DC217C5390400969697 /* Reader-Button-H@2x.png */; };
		02E96E0717C5390400969697 /* Reader-Button-N.png in Resources */ = {isa = PBXBuildFile; fileRef = 02E96DC317C5390400969697 /* Reader-Button-N.png */; };
		02E96E0817C5390400969697 /* Reader-Button-N@2x.png in Resources */ = {isa = PBXBuildFile; fileRef = 02E96DC417C5390400969697 /* Reader-Button-N@2x.png */; };
		02E96E0917C5390400969697 /* Reader-Email.png in Resources */ = {isa = PBXBuildFile; fileRef = 02E96DC517C5390400969697 /* Reader-Email.png */; };
		02E96E0A17C5390400969697 /* Reader-Email@2x.png in Resources */ = {isa = PBXBuildFile; fileRef = 02E96DC617C5390400969697 /* Reader-Email@2x.png */; };
		02E96E0B17C5390400969697 /* Reader-Ink.png in Resources */ = {isa = PBXBuildFile; fileRef = 02E96DC717C5390400969697 /* Reader-Ink.png */; };
		02E96E0C17C5390400969697 /* Reader-Ink@2x.png in Resources */ = {isa = PBXBuildFile; fileRef = 02E96DC817C5390400969697 /* Reader-Ink@2x.png */; };
		02E96E0D17C5390400969697 /* Reader-Mark-N.png in Resources */ = {isa = PBXBuildFile; fileRef = 02E96DC917C5390400969697 /* Reader-Mark-N.png */; };
		02E96E0E17C5390400969697 /* Reader-Mark-N@2x.png in Resources */ = {isa = PBXBuildFile; fileRef = 02E96DCA17C5390400969697 /* Reader-Mark-N@2x.png */; };
		02E96E0F17C5390400969697 /* Reader-Mark-Y.png in Resources */ = {isa = PBXBuildFile; fileRef = 02E96DCB17C5390400969697 /* Reader-Mark-Y.png */; };
		02E96E1017C5390400969697 /* Reader-Mark-Y@2x.png in Resources */ = {isa = PBXBuildFile; fileRef = 02E96DCC17C5390400969697 /* Reader-Mark-Y@2x.png */; };
		02E96E1117C5390400969697 /* Reader-Print.png in Resources */ = {isa = PBXBuildFile; fileRef = 02E96DCD17C5390400969697 /* Reader-Print.png */; };
		02E96E1217C5390400969697 /* Reader-Print@2x.png in Resources */ = {isa = PBXBuildFile; fileRef = 02E96DCE17C5390400969697 /* Reader-Print@2x.png */; };
		02E96E1317C5390400969697 /* Reader-RedPen.png in Resources */ = {isa = PBXBuildFile; fileRef = 02E96DCF17C5390400969697 /* Reader-RedPen.png */; };
		02E96E1417C5390400969697 /* Reader-RedPen@2x.png in Resources */ = {isa = PBXBuildFile; fileRef = 02E96DD017C5390400969697 /* Reader-RedPen@2x.png */; };
		02E96E1517C5390400969697 /* Reader-Sign.png in Resources */ = {isa = PBXBuildFile; fileRef = 02E96DD117C5390400969697 /* Reader-Sign.png */; };
		02E96E1617C5390400969697 /* Reader-Sign@2x.png in Resources */ = {isa = PBXBuildFile; fileRef = 02E96DD217C5390400969697 /* Reader-Sign@2x.png */; };
		02E96E1717C5390400969697 /* Reader-Text.png in Resources */ = {isa = PBXBuildFile; fileRef = 02E96DD317C5390400969697 /* Reader-Text.png */; };
		02E96E1817C5390400969697 /* Reader-Text@2x.png in Resources */ = {isa = PBXBuildFile; fileRef = 02E96DD417C5390400969697 /* Reader-Text@2x.png */; };
		02E96E1917C5390400969697 /* Reader-Thumbs.png in Resources */ = {isa = PBXBuildFile; fileRef = 02E96DD517C5390400969697 /* Reader-Thumbs.png */; };
		02E96E1A17C5390400969697 /* Reader-Thumbs@2x.png in Resources */ = {isa = PBXBuildFile; fileRef = 02E96DD617C5390400969697 /* Reader-Thumbs@2x.png */; };
		02E96E1E17C539A800969697 /* Default-Landscape@2x~ipad.png in Resources */ = {isa = PBXBuildFile; fileRef = 02E96E1D17C539A800969697 /* Default-Landscape@2x~ipad.png */; };
		02EFF25B178D0C2A009D04B4 /* AnnotationStore.m in Sources */ = {isa = PBXBuildFile; fileRef = 02EFF25A178D0C2A009D04B4 /* AnnotationStore.m */; };
		02FDF8E4178D1E12004FA109 /* Annotation.m in Sources */ = {isa = PBXBuildFile; fileRef = 02FDF8E3178D1E12004FA109 /* Annotation.m */; };
		1D3623260D0F684500981E51 /* ThatPDFAppDelegate.m in Sources */ = {isa = PBXBuildFile; fileRef = 1D3623250D0F684500981E51 /* ThatPDFAppDelegate.m */; };
		1D60589B0D05DD56006BFB54 /* main.m in Sources */ = {isa = PBXBuildFile; fileRef = 29B97316FDCFA39411CA2CEA /* main.m */; };
		1D60589F0D05DD5A006BFB54 /* Foundation.framework in Frameworks */ = {isa = PBXBuildFile; fileRef = 1D30AB110D05D00D00671497 /* Foundation.framework */; };
		1DF5F4E00D08C38300B7A737 /* UIKit.framework in Frameworks */ = {isa = PBXBuildFile; fileRef = 1DF5F4DF0D08C38300B7A737 /* UIKit.framework */; };
		28193055112F811F00ECF9B4 /* Reader.xcdatamodeld in Sources */ = {isa = PBXBuildFile; fileRef = 28193054112F811F00ECF9B4 /* Reader.xcdatamodeld */; };
		288765A50DF7441C002DB57D /* CoreGraphics.framework in Frameworks */ = {isa = PBXBuildFile; fileRef = 288765A40DF7441C002DB57D /* CoreGraphics.framework */; };
		28D801B40F44B63D00FB423F /* CoreData.framework in Frameworks */ = {isa = PBXBuildFile; fileRef = 28D801B30F44B63D00FB423F /* CoreData.framework */; };
		451258FD142B8871009BCAF5 /* FoldersViewController.m in Sources */ = {isa = PBXBuildFile; fileRef = 451258EF142B8871009BCAF5 /* FoldersViewController.m */; };
		451258FF142B8871009BCAF5 /* LibraryDirectoryView.m in Sources */ = {isa = PBXBuildFile; fileRef = 451258F3142B8871009BCAF5 /* LibraryDirectoryView.m */; };
		45125901142B8871009BCAF5 /* LibraryDocumentsView.m in Sources */ = {isa = PBXBuildFile; fileRef = 451258F7142B8871009BCAF5 /* LibraryDocumentsView.m */; };
		45125903142B8871009BCAF5 /* LibraryViewController.m in Sources */ = {isa = PBXBuildFile; fileRef = 451258FB142B8871009BCAF5 /* LibraryViewController.m */; };
		45125908142B88AF009BCAF5 /* DocumentsUpdate.m in Sources */ = {isa = PBXBuildFile; fileRef = 45125905142B88AF009BCAF5 /* DocumentsUpdate.m */; };
		45125909142B88AF009BCAF5 /* UIXTextEntry.m in Sources */ = {isa = PBXBuildFile; fileRef = 45125907142B88AF009BCAF5 /* UIXTextEntry.m */; };
		4521C5AF1360DCC300DD4856 /* DocumentFolder.m in Sources */ = {isa = PBXBuildFile; fileRef = 4521C5AC1360DCC300DD4856 /* DocumentFolder.m */; };
		4521C5B01360DCC300DD4856 /* ReaderDocument.m in Sources */ = {isa = PBXBuildFile; fileRef = 4521C5AE1360DCC300DD4856 /* ReaderDocument.m */; };
		452825231434FF9F00744EB2 /* DirectoryWatcher.m in Sources */ = {isa = PBXBuildFile; fileRef = 452825221434FF9F00744EB2 /* DirectoryWatcher.m */; };
		452E1F90161203E600192ED2 /* README.md in Resources */ = {isa = PBXBuildFile; fileRef = 452E1F8F161203E600192ED2 /* README.md */; };
		452E1F94161203EE00192ED2 /* LICENSE in Resources */ = {isa = PBXBuildFile; fileRef = 452E1F92161203EE00192ED2 /* LICENSE */; };
		4552C17513413EB00000C190 /* Settings.bundle in Resources */ = {isa = PBXBuildFile; fileRef = 4552C17413413EB00000C190 /* Settings.bundle */; };
		45550E4F1612086C003F2FAA /* ReaderDocumentOutline.m in Sources */ = {isa = PBXBuildFile; fileRef = 45550E4E1612086C003F2FAA /* ReaderDocumentOutline.m */; };
		4567BAE01347751600311D51 /* CoreDataManager.m in Sources */ = {isa = PBXBuildFile; fileRef = 4567BADF1347751600311D51 /* CoreDataManager.m */; };
		4584F5E0134230F400C05614 /* QuartzCore.framework in Frameworks */ = {isa = PBXBuildFile; fileRef = 4584F5DF134230F400C05614 /* QuartzCore.framework */; };
		458D3A21142A580F00F15953 /* CGPDFDocument.m in Sources */ = {isa = PBXBuildFile; fileRef = 458D39FA142A580F00F15953 /* CGPDFDocument.m */; };
		458D3A22142A580F00F15953 /* ReaderConstants.m in Sources */ = {isa = PBXBuildFile; fileRef = 458D39FC142A580F00F15953 /* ReaderConstants.m */; };
		458D3A23142A580F00F15953 /* ReaderContentPage.m in Sources */ = {isa = PBXBuildFile; fileRef = 458D39FE142A580F00F15953 /* ReaderContentPage.m */; };
		458D3A24142A580F00F15953 /* ReaderContentTile.m in Sources */ = {isa = PBXBuildFile; fileRef = 458D3A00142A580F00F15953 /* ReaderContentTile.m */; };
		458D3A25142A580F00F15953 /* ReaderContentView.m in Sources */ = {isa = PBXBuildFile; fileRef = 458D3A02142A580F00F15953 /* ReaderContentView.m */; };
		458D3A27142A580F00F15953 /* ReaderMainPagebar.m in Sources */ = {isa = PBXBuildFile; fileRef = 458D3A06142A580F00F15953 /* ReaderMainPagebar.m */; };
		458D3A28142A580F00F15953 /* ReaderMainToolbar.m in Sources */ = {isa = PBXBuildFile; fileRef = 458D3A08142A580F00F15953 /* ReaderMainToolbar.m */; };
		458D3A2A142A580F00F15953 /* ReaderThumbCache.m in Sources */ = {isa = PBXBuildFile; fileRef = 458D3A0C142A580F00F15953 /* ReaderThumbCache.m */; };
		458D3A2B142A580F00F15953 /* ReaderThumbFetch.m in Sources */ = {isa = PBXBuildFile; fileRef = 458D3A0E142A580F00F15953 /* ReaderThumbFetch.m */; };
		458D3A2C142A580F00F15953 /* ReaderThumbQueue.m in Sources */ = {isa = PBXBuildFile; fileRef = 458D3A10142A580F00F15953 /* ReaderThumbQueue.m */; };
		458D3A2D142A580F00F15953 /* ReaderThumbRender.m in Sources */ = {isa = PBXBuildFile; fileRef = 458D3A12142A580F00F15953 /* ReaderThumbRender.m */; };
		458D3A2E142A580F00F15953 /* ReaderThumbRequest.m in Sources */ = {isa = PBXBuildFile; fileRef = 458D3A14142A580F00F15953 /* ReaderThumbRequest.m */; };
		458D3A2F142A580F00F15953 /* ReaderThumbsView.m in Sources */ = {isa = PBXBuildFile; fileRef = 458D3A16142A580F00F15953 /* ReaderThumbsView.m */; };
		458D3A30142A580F00F15953 /* ReaderThumbView.m in Sources */ = {isa = PBXBuildFile; fileRef = 458D3A18142A580F00F15953 /* ReaderThumbView.m */; };
		458D3A31142A580F00F15953 /* ReaderViewController.m in Sources */ = {isa = PBXBuildFile; fileRef = 458D3A1A142A580F00F15953 /* ReaderViewController.m */; };
		458D3A32142A580F00F15953 /* ThumbsMainToolbar.m in Sources */ = {isa = PBXBuildFile; fileRef = 458D3A1C142A580F00F15953 /* ThumbsMainToolbar.m */; };
		458D3A33142A580F00F15953 /* ThumbsViewController.m in Sources */ = {isa = PBXBuildFile; fileRef = 458D3A1E142A580F00F15953 /* ThumbsViewController.m */; };
		458D3A34142A580F00F15953 /* UIXToolbarView.m in Sources */ = {isa = PBXBuildFile; fileRef = 458D3A20142A580F00F15953 /* UIXToolbarView.m */; };
		459A799C13413941009639D8 /* ImageIO.framework in Frameworks */ = {isa = PBXBuildFile; fileRef = 459A799B13413941009639D8 /* ImageIO.framework */; };
		459D1AD7144CD72600EF4614 /* help.css in Resources */ = {isa = PBXBuildFile; fileRef = 459D1AD9144CD72600EF4614 /* help.css */; };
		45B9423613413C99005AE6DA /* Localizable.strings in Resources */ = {isa = PBXBuildFile; fileRef = 45B9423513413C99005AE6DA /* Localizable.strings */; };
		45E2B4E9144CB3A500B497D0 /* HelpViewController.m in Sources */ = {isa = PBXBuildFile; fileRef = 45E2B4E8144CB3A500B497D0 /* HelpViewController.m */; };
		45E2B4EC144CC68E00B497D0 /* help.html in Resources */ = {isa = PBXBuildFile; fileRef = 45E2B4EE144CC68E00B497D0 /* help.html */; };
		45EC70F8134B7B5600862B6D /* MessageUI.framework in Frameworks */ = {isa = PBXBuildFile; fileRef = 45EC70F7134B7B5600862B6D /* MessageUI.framework */; };
		EA8B72A6179F2AB8003EF80D /* CFNetwork.framework in Frameworks */ = {isa = PBXBuildFile; fileRef = EA8B72A5179F2AB8003EF80D /* CFNetwork.framework */; };
		EA8B72A8179F2AC0003EF80D /* Security.framework in Frameworks */ = {isa = PBXBuildFile; fileRef = EA8B72A7179F2AC0003EF80D /* Security.framework */; };
		EA8B72AA179F2B01003EF80D /* libicucore.dylib in Frameworks */ = {isa = PBXBuildFile; fileRef = EA8B72A9179F2B01003EF80D /* libicucore.dylib */; };
/* End PBXBuildFile section */

/* Begin PBXContainerItemProxy section */
		027DE5DF17B9E49B00BCA4FE /* PBXContainerItemProxy */ = {
			isa = PBXContainerItemProxy;
			containerPortal = 027DE5D917B9E49A00BCA4FE /* ApptentiveConnect.xcodeproj */;
			proxyType = 2;
			remoteGlobalIDString = 496DC37F1333D35600743F65;
			remoteInfo = ApptentiveConnect;
		};
		027DE5E117B9E49B00BCA4FE /* PBXContainerItemProxy */ = {
			isa = PBXContainerItemProxy;
			containerPortal = 027DE5D917B9E49A00BCA4FE /* ApptentiveConnect.xcodeproj */;
			proxyType = 2;
			remoteGlobalIDString = 496DC38C1333D35600743F65;
			remoteInfo = ApptentiveConnectTests;
		};
		027DE5E317B9E49B00BCA4FE /* PBXContainerItemProxy */ = {
			isa = PBXContainerItemProxy;
			containerPortal = 027DE5D917B9E49A00BCA4FE /* ApptentiveConnect.xcodeproj */;
			proxyType = 2;
			remoteGlobalIDString = 49D1118C13341A7C00603373;
			remoteInfo = ApptentiveResources;
		};
/* End PBXContainerItemProxy section */

/* Begin PBXFileReference section */
		027CED4F178F74DE004DC84B /* Accelerate.framework */ = {isa = PBXFileReference; lastKnownFileType = wrapper.framework; name = Accelerate.framework; path = System/Library/Frameworks/Accelerate.framework; sourceTree = SDKROOT; };
		027CED51178F74EB004DC84B /* libsqlite3.0.dylib */ = {isa = PBXFileReference; lastKnownFileType = "compiled.mach-o.dylib"; name = libsqlite3.0.dylib; path = usr/lib/libsqlite3.0.dylib; sourceTree = SDKROOT; };
		027DE5D317B9E48200BCA4FE /* INK.bundle */ = {isa = PBXFileReference; lastKnownFileType = "wrapper.plug-in"; name = INK.bundle; path = Vendor/INK.bundle; sourceTree = "<group>"; };
		027DE5D417B9E48200BCA4FE /* INK.framework */ = {isa = PBXFileReference; lastKnownFileType = wrapper.framework; name = INK.framework; path = Vendor/INK.framework; sourceTree = "<group>"; };
		027DE5D717B9E48A00BCA4FE /* ApptentiveResources.bundle */ = {isa = PBXFileReference; lastKnownFileType = "wrapper.plug-in"; name = ApptentiveResources.bundle; path = Vendor/ApptentiveResources.bundle; sourceTree = "<group>"; };
		027DE5D917B9E49A00BCA4FE /* ApptentiveConnect.xcodeproj */ = {isa = PBXFileReference; lastKnownFileType = "wrapper.pb-project"; name = ApptentiveConnect.xcodeproj; path = "Vendor/apptentive-ios/ApptentiveConnect/ApptentiveConnect.xcodeproj"; sourceTree = "<group>"; };
		027DE5E617B9E4AC00BCA4FE /* INKWelcomeViewController.h */ = {isa = PBXFileReference; fileEncoding = 4; lastKnownFileType = sourcecode.c.h; path = INKWelcomeViewController.h; sourceTree = "<group>"; };
		027DE5E717B9E4AC00BCA4FE /* INKWelcomeViewController.m */ = {isa = PBXFileReference; fileEncoding = 4; lastKnownFileType = sourcecode.c.objc; path = INKWelcomeViewController.m; sourceTree = "<group>"; };
		027DE5E817B9E4AC00BCA4FE /* INKWelcomeViewController.xib */ = {isa = PBXFileReference; fileEncoding = 4; lastKnownFileType = file.xib; path = INKWelcomeViewController.xib; sourceTree = "<group>"; };
		027DE5E917B9E4AC00BCA4FE /* PagedScrollView.h */ = {isa = PBXFileReference; fileEncoding = 4; lastKnownFileType = sourcecode.c.h; path = PagedScrollView.h; sourceTree = "<group>"; };
		027DE5EA17B9E4AC00BCA4FE /* PagedScrollView.m */ = {isa = PBXFileReference; fileEncoding = 4; lastKnownFileType = sourcecode.c.objc; path = PagedScrollView.m; sourceTree = "<group>"; };
		027DE5EC17B9E4AC00BCA4FE /* OnboardStep2.png */ = {isa = PBXFileReference; lastKnownFileType = image.png; path = OnboardStep2.png; sourceTree = "<group>"; };
		027DE5ED17B9E4AC00BCA4FE /* OnboardStep2@2x.png */ = {isa = PBXFileReference; lastKnownFileType = image.png; path = "OnboardStep2@2x.png"; sourceTree = "<group>"; };
		027DE5EE17B9E4AC00BCA4FE /* OnboardStep3.png */ = {isa = PBXFileReference; lastKnownFileType = image.png; path = OnboardStep3.png; sourceTree = "<group>"; };
		027DE5EF17B9E4AC00BCA4FE /* OnboardStep3@2x.png */ = {isa = PBXFileReference; lastKnownFileType = image.png; path = "OnboardStep3@2x.png"; sourceTree = "<group>"; };
		027DE5F017B9E4AC00BCA4FE /* WelcomeThatCloud.png */ = {isa = PBXFileReference; lastKnownFileType = image.png; path = WelcomeThatCloud.png; sourceTree = "<group>"; };
		027DE5F117B9E4AC00BCA4FE /* WelcomeThatCloud@2x.png */ = {isa = PBXFileReference; lastKnownFileType = image.png; path = "WelcomeThatCloud@2x.png"; sourceTree = "<group>"; };
		027DE5F217B9E4AC00BCA4FE /* WelcomeThatInbox.png */ = {isa = PBXFileReference; lastKnownFileType = image.png; path = WelcomeThatInbox.png; sourceTree = "<group>"; };
		027DE5F317B9E4AC00BCA4FE /* WelcomeThatInbox@2x.png */ = {isa = PBXFileReference; lastKnownFileType = image.png; path = "WelcomeThatInbox@2x.png"; sourceTree = "<group>"; };
		027DE5F417B9E4AC00BCA4FE /* WelcomeThatPDF.png */ = {isa = PBXFileReference; lastKnownFileType = image.png; path = WelcomeThatPDF.png; sourceTree = "<group>"; };
		027DE5F517B9E4AC00BCA4FE /* WelcomeThatPDF@2x.png */ = {isa = PBXFileReference; lastKnownFileType = image.png; path = "WelcomeThatPDF@2x.png"; sourceTree = "<group>"; };
		027DE5F617B9E4AC00BCA4FE /* WelcomeThatPhoto.png */ = {isa = PBXFileReference; lastKnownFileType = image.png; path = WelcomeThatPhoto.png; sourceTree = "<group>"; };
		027DE5F717B9E4AC00BCA4FE /* WelcomeThatPhoto@2x.png */ = {isa = PBXFileReference; lastKnownFileType = image.png; path = "WelcomeThatPhoto@2x.png"; sourceTree = "<group>"; };
		027DE60717B9E4B300BCA4FE /* ATConnect.h */ = {isa = PBXFileReference; fileEncoding = 4; lastKnownFileType = sourcecode.c.h; name = ATConnect.h; path = "Vendor/apptentive-ios/ApptentiveConnect/source/ATConnect.h"; sourceTree = "<group>"; };
		027DE60A17B9E67300BCA4FE /* CoreTelephony.framework */ = {isa = PBXFileReference; lastKnownFileType = wrapper.framework; name = CoreTelephony.framework; path = System/Library/Frameworks/CoreTelephony.framework; sourceTree = SDKROOT; };
		027DE60D17B9E69F00BCA4FE /* CoreText.framework */ = {isa = PBXFileReference; lastKnownFileType = wrapper.framework; name = CoreText.framework; path = System/Library/Frameworks/CoreText.framework; sourceTree = SDKROOT; };
		027DE60F17B9E6BB00BCA4FE /* StoreKit.framework */ = {isa = PBXFileReference; lastKnownFileType = wrapper.framework; name = StoreKit.framework; path = System/Library/Frameworks/StoreKit.framework; sourceTree = SDKROOT; };
		02802A0B1797AAE8009AF9DE /* MobileCoreServices.framework */ = {isa = PBXFileReference; lastKnownFileType = wrapper.framework; name = MobileCoreServices.framework; path = System/Library/Frameworks/MobileCoreServices.framework; sourceTree = SDKROOT; };
		0288558917A898DE004B5CCF /* FPPicker.bundle */ = {isa = PBXFileReference; lastKnownFileType = "wrapper.plug-in"; name = FPPicker.bundle; path = Vendor/FPPicker.bundle; sourceTree = "<group>"; };
		0288558A17A898DE004B5CCF /* FPPicker.framework */ = {isa = PBXFileReference; lastKnownFileType = wrapper.framework; name = FPPicker.framework; path = Vendor/FPPicker.framework; sourceTree = "<group>"; };
		0288558D17A89D72004B5CCF /* AssetsLibrary.framework */ = {isa = PBXFileReference; lastKnownFileType = wrapper.framework; name = AssetsLibrary.framework; path = System/Library/Frameworks/AssetsLibrary.framework; sourceTree = SDKROOT; };
		0288559317A8C75F004B5CCF /* leaseagreement.pdf */ = {isa = PBXFileReference; lastKnownFileType = image.pdf; name = leaseagreement.pdf; path = Resources/leaseagreement.pdf; sourceTree = "<group>"; };
		0288559417A8C75F004B5CCF /* nda.pdf */ = {isa = PBXFileReference; lastKnownFileType = image.pdf; name = nda.pdf; path = Resources/nda.pdf; sourceTree = "<group>"; };
		02B510FD178DDD8D002CC7B2 /* ReaderAnnotateToolbar.h */ = {isa = PBXFileReference; fileEncoding = 4; lastKnownFileType = sourcecode.c.h; name = ReaderAnnotateToolbar.h; path = Sources/ReaderAnnotateToolbar.h; sourceTree = "<group>"; };
		02B510FE178DDD8D002CC7B2 /* ReaderAnnotateToolbar.m */ = {isa = PBXFileReference; fileEncoding = 4; lastKnownFileType = sourcecode.c.objc; name = ReaderAnnotateToolbar.m; path = Sources/ReaderAnnotateToolbar.m; sourceTree = "<group>"; };
		02B51100178DE55E002CC7B2 /* AnnotationViewController.h */ = {isa = PBXFileReference; fileEncoding = 4; lastKnownFileType = sourcecode.c.h; name = AnnotationViewController.h; path = Sources/AnnotationViewController.h; sourceTree = "<group>"; };
		02B51101178DE55E002CC7B2 /* AnnotationViewController.m */ = {isa = PBXFileReference; fileEncoding = 4; lastKnownFileType = sourcecode.c.objc; name = AnnotationViewController.m; path = Sources/AnnotationViewController.m; sourceTree = "<group>"; };
		02D6AE8117A27DAB0044ACF7 /* QuickLook.framework */ = {isa = PBXFileReference; lastKnownFileType = wrapper.framework; name = QuickLook.framework; path = System/Library/Frameworks/QuickLook.framework; sourceTree = SDKROOT; };
		02D6AE8317A27DB10044ACF7 /* SystemConfiguration.framework */ = {isa = PBXFileReference; lastKnownFileType = wrapper.framework; name = SystemConfiguration.framework; path = System/Library/Frameworks/SystemConfiguration.framework; sourceTree = SDKROOT; };
		02E96D9017C5390400969697 /* AppIcon-1024.png */ = {isa = PBXFileReference; lastKnownFileType = image.png; path = "AppIcon-1024.png"; sourceTree = "<group>"; };
		02E96D9117C5390400969697 /* AppIcon-114.png */ = {isa = PBXFileReference; lastKnownFileType = image.png; path = "AppIcon-114.png"; sourceTree = "<group>"; };
		02E96D9217C5390400969697 /* AppIcon-144.png */ = {isa = PBXFileReference; lastKnownFileType = image.png; path = "AppIcon-144.png"; sourceTree = "<group>"; };
		02E96D9317C5390400969697 /* AppIcon-512.png */ = {isa = PBXFileReference; lastKnownFileType = image.png; path = "AppIcon-512.png"; sourceTree = "<group>"; };
		02E96D9417C5390400969697 /* AppIcon-57.png */ = {isa = PBXFileReference; lastKnownFileType = image.png; path = "AppIcon-57.png"; sourceTree = "<group>"; };
		02E96D9517C5390400969697 /* AppIcon-72.png */ = {isa = PBXFileReference; lastKnownFileType = image.png; path = "AppIcon-72.png"; sourceTree = "<group>"; };
		02E96D9617C5390400969697 /* AppIcon.ai */ = {isa = PBXFileReference; fileEncoding = 4; lastKnownFileType = text; path = AppIcon.ai; sourceTree = "<group>"; };
		02E96D9717C5390400969697 /* Folder-Large.png */ = {isa = PBXFileReference; lastKnownFileType = image.png; name = "Folder-Large.png"; path = "Graphics/Folder-Large.png"; sourceTree = "<group>"; };
		02E96D9817C5390400969697 /* Folder-Large@2x.png */ = {isa = PBXFileReference; lastKnownFileType = image.png; name = "Folder-Large@2x.png"; path = "Graphics/Folder-Large@2x.png"; sourceTree = "<group>"; };
		02E96D9917C5390400969697 /* Folder-Small.png */ = {isa = PBXFileReference; lastKnownFileType = image.png; name = "Folder-Small.png"; path = "Graphics/Folder-Small.png"; sourceTree = "<group>"; };
		02E96D9A17C5390400969697 /* Folder-Small@2x.png */ = {isa = PBXFileReference; lastKnownFileType = image.png; name = "Folder-Small@2x.png"; path = "Graphics/Folder-Small@2x.png"; sourceTree = "<group>"; };
		02E96D9C17C5390400969697 /* Default-Landscape~ipad.png */ = {isa = PBXFileReference; lastKnownFileType = image.png; path = "Default-Landscape~ipad.png"; sourceTree = "<group>"; };
		02E96D9F17C5390400969697 /* Default.png */ = {isa = PBXFileReference; lastKnownFileType = image.png; path = Default.png; sourceTree = "<group>"; };
		02E96DA017C5390400969697 /* Default@2x.png */ = {isa = PBXFileReference; lastKnownFileType = image.png; path = "Default@2x.png"; sourceTree = "<group>"; };
		02E96DA217C5390400969697 /* Icon-AddFile.png */ = {isa = PBXFileReference; lastKnownFileType = image.png; path = "Icon-AddFile.png"; sourceTree = "<group>"; };
		02E96DA317C5390400969697 /* Icon-AddFile@2x.png */ = {isa = PBXFileReference; lastKnownFileType = image.png; path = "Icon-AddFile@2x.png"; sourceTree = "<group>"; };
		02E96DA417C5390400969697 /* Icon-Check.png */ = {isa = PBXFileReference; lastKnownFileType = image.png; path = "Icon-Check.png"; sourceTree = "<group>"; };
		02E96DA517C5390400969697 /* Icon-Check@2x.png */ = {isa = PBXFileReference; lastKnownFileType = image.png; path = "Icon-Check@2x.png"; sourceTree = "<group>"; };
		02E96DA617C5390400969697 /* Icon-Checked.png */ = {isa = PBXFileReference; lastKnownFileType = image.png; path = "Icon-Checked.png"; sourceTree = "<group>"; };
		02E96DA717C5390400969697 /* Icon-Checked@2x.png */ = {isa = PBXFileReference; lastKnownFileType = image.png; path = "Icon-Checked@2x.png"; sourceTree = "<group>"; };
		02E96DA817C5390400969697 /* Icon-Cross.png */ = {isa = PBXFileReference; lastKnownFileType = image.png; path = "Icon-Cross.png"; sourceTree = "<group>"; };
		02E96DA917C5390400969697 /* Icon-Cross@2x.png */ = {isa = PBXFileReference; lastKnownFileType = image.png; path = "Icon-Cross@2x.png"; sourceTree = "<group>"; };
		02E96DAA17C5390400969697 /* Icon-DeleteFile.png */ = {isa = PBXFileReference; lastKnownFileType = image.png; path = "Icon-DeleteFile.png"; sourceTree = "<group>"; };
		02E96DAB17C5390400969697 /* Icon-DeleteFile@2x.png */ = {isa = PBXFileReference; lastKnownFileType = image.png; path = "Icon-DeleteFile@2x.png"; sourceTree = "<group>"; };
		02E96DAC17C5390400969697 /* Icon-DeleteFolder.png */ = {isa = PBXFileReference; lastKnownFileType = image.png; path = "Icon-DeleteFolder.png"; sourceTree = "<group>"; };
		02E96DAD17C5390400969697 /* Icon-DeleteFolder@2x.png */ = {isa = PBXFileReference; lastKnownFileType = image.png; path = "Icon-DeleteFolder@2x.png"; sourceTree = "<group>"; };
		02E96DAE17C5390400969697 /* Icon-Edit.png */ = {isa = PBXFileReference; lastKnownFileType = image.png; path = "Icon-Edit.png"; sourceTree = "<group>"; };
		02E96DAF17C5390400969697 /* Icon-Edit@2x.png */ = {isa = PBXFileReference; lastKnownFileType = image.png; path = "Icon-Edit@2x.png"; sourceTree = "<group>"; };
		02E96DB017C5390400969697 /* Icon-File.png */ = {isa = PBXFileReference; lastKnownFileType = image.png; path = "Icon-File.png"; sourceTree = "<group>"; };
		02E96DB117C5390400969697 /* Icon-File@2x.png */ = {isa = PBXFileReference; lastKnownFileType = image.png; path = "Icon-File@2x.png"; sourceTree = "<group>"; };
		02E96DB217C5390400969697 /* Icon-Folder.png */ = {isa = PBXFileReference; lastKnownFileType = image.png; path = "Icon-Folder.png"; sourceTree = "<group>"; };
		02E96DB317C5390400969697 /* Icon-Folder@2x.png */ = {isa = PBXFileReference; lastKnownFileType = image.png; path = "Icon-Folder@2x.png"; sourceTree = "<group>"; };
		02E96DB417C5390400969697 /* Icon-Minus.png */ = {isa = PBXFileReference; lastKnownFileType = image.png; path = "Icon-Minus.png"; sourceTree = "<group>"; };
		02E96DB517C5390400969697 /* Icon-Minus@2x.png */ = {isa = PBXFileReference; lastKnownFileType = image.png; path = "Icon-Minus@2x.png"; sourceTree = "<group>"; };
		02E96DB617C5390400969697 /* Icon-NewFolder.png */ = {isa = PBXFileReference; lastKnownFileType = image.png; path = "Icon-NewFolder.png"; sourceTree = "<group>"; };
		02E96DB717C5390400969697 /* Icon-NewFolder@2x.png */ = {isa = PBXFileReference; lastKnownFileType = image.png; path = "Icon-NewFolder@2x.png"; sourceTree = "<group>"; };
		02E96DB817C5390400969697 /* Icon-Plus.png */ = {isa = PBXFileReference; lastKnownFileType = image.png; path = "Icon-Plus.png"; sourceTree = "<group>"; };
		02E96DB917C5390400969697 /* Icon-Plus@2x.png */ = {isa = PBXFileReference; lastKnownFileType = image.png; path = "Icon-Plus@2x.png"; sourceTree = "<group>"; };
		02E96DBA17C5390400969697 /* Icon-SelectFile.png */ = {isa = PBXFileReference; lastKnownFileType = image.png; path = "Icon-SelectFile.png"; sourceTree = "<group>"; };
		02E96DBB17C5390400969697 /* Icon-SelectFile@2x.png */ = {isa = PBXFileReference; lastKnownFileType = image.png; path = "Icon-SelectFile@2x.png"; sourceTree = "<group>"; };
		02E96DBC17C5390400969697 /* Icon-SelectFolder.png */ = {isa = PBXFileReference; lastKnownFileType = image.png; path = "Icon-SelectFolder.png"; sourceTree = "<group>"; };
		02E96DBD17C5390400969697 /* Icon-SelectFolder@2x.png */ = {isa = PBXFileReference; lastKnownFileType = image.png; path = "Icon-SelectFolder@2x.png"; sourceTree = "<group>"; };
		02E96DBF17C5390400969697 /* Reader-Annotate.png */ = {isa = PBXFileReference; lastKnownFileType = image.png; path = "Reader-Annotate.png"; sourceTree = "<group>"; };
		02E96DC017C5390400969697 /* Reader-Annotate@2x.png */ = {isa = PBXFileReference; lastKnownFileType = image.png; path = "Reader-Annotate@2x.png"; sourceTree = "<group>"; };
		02E96DC117C5390400969697 /* Reader-Button-H.png */ = {isa = PBXFileReference; lastKnownFileType = image.png; path = "Reader-Button-H.png"; sourceTree = "<group>"; };
		02E96DC217C5390400969697 /* Reader-Button-H@2x.png */ = {isa = PBXFileReference; lastKnownFileType = image.png; path = "Reader-Button-H@2x.png"; sourceTree = "<group>"; };
		02E96DC317C5390400969697 /* Reader-Button-N.png */ = {isa = PBXFileReference; lastKnownFileType = image.png; path = "Reader-Button-N.png"; sourceTree = "<group>"; };
		02E96DC417C5390400969697 /* Reader-Button-N@2x.png */ = {isa = PBXFileReference; lastKnownFileType = image.png; path = "Reader-Button-N@2x.png"; sourceTree = "<group>"; };
		02E96DC517C5390400969697 /* Reader-Email.png */ = {isa = PBXFileReference; lastKnownFileType = image.png; path = "Reader-Email.png"; sourceTree = "<group>"; };
		02E96DC617C5390400969697 /* Reader-Email@2x.png */ = {isa = PBXFileReference; lastKnownFileType = image.png; path = "Reader-Email@2x.png"; sourceTree = "<group>"; };
		02E96DC717C5390400969697 /* Reader-Ink.png */ = {isa = PBXFileReference; lastKnownFileType = image.png; path = "Reader-Ink.png"; sourceTree = "<group>"; };
		02E96DC817C5390400969697 /* Reader-Ink@2x.png */ = {isa = PBXFileReference; lastKnownFileType = image.png; path = "Reader-Ink@2x.png"; sourceTree = "<group>"; };
		02E96DC917C5390400969697 /* Reader-Mark-N.png */ = {isa = PBXFileReference; lastKnownFileType = image.png; path = "Reader-Mark-N.png"; sourceTree = "<group>"; };
		02E96DCA17C5390400969697 /* Reader-Mark-N@2x.png */ = {isa = PBXFileReference; lastKnownFileType = image.png; path = "Reader-Mark-N@2x.png"; sourceTree = "<group>"; };
		02E96DCB17C5390400969697 /* Reader-Mark-Y.png */ = {isa = PBXFileReference; lastKnownFileType = image.png; path = "Reader-Mark-Y.png"; sourceTree = "<group>"; };
		02E96DCC17C5390400969697 /* Reader-Mark-Y@2x.png */ = {isa = PBXFileReference; lastKnownFileType = image.png; path = "Reader-Mark-Y@2x.png"; sourceTree = "<group>"; };
		02E96DCD17C5390400969697 /* Reader-Print.png */ = {isa = PBXFileReference; lastKnownFileType = image.png; path = "Reader-Print.png"; sourceTree = "<group>"; };
		02E96DCE17C5390400969697 /* Reader-Print@2x.png */ = {isa = PBXFileReference; lastKnownFileType = image.png; path = "Reader-Print@2x.png"; sourceTree = "<group>"; };
		02E96DCF17C5390400969697 /* Reader-RedPen.png */ = {isa = PBXFileReference; lastKnownFileType = image.png; path = "Reader-RedPen.png"; sourceTree = "<group>"; };
		02E96DD017C5390400969697 /* Reader-RedPen@2x.png */ = {isa = PBXFileReference; lastKnownFileType = image.png; path = "Reader-RedPen@2x.png"; sourceTree = "<group>"; };
		02E96DD117C5390400969697 /* Reader-Sign.png */ = {isa = PBXFileReference; lastKnownFileType = image.png; path = "Reader-Sign.png"; sourceTree = "<group>"; };
		02E96DD217C5390400969697 /* Reader-Sign@2x.png */ = {isa = PBXFileReference; lastKnownFileType = image.png; path = "Reader-Sign@2x.png"; sourceTree = "<group>"; };
		02E96DD317C5390400969697 /* Reader-Text.png */ = {isa = PBXFileReference; lastKnownFileType = image.png; path = "Reader-Text.png"; sourceTree = "<group>"; };
		02E96DD417C5390400969697 /* Reader-Text@2x.png */ = {isa = PBXFileReference; lastKnownFileType = image.png; path = "Reader-Text@2x.png"; sourceTree = "<group>"; };
		02E96DD517C5390400969697 /* Reader-Thumbs.png */ = {isa = PBXFileReference; lastKnownFileType = image.png; path = "Reader-Thumbs.png"; sourceTree = "<group>"; };
		02E96DD617C5390400969697 /* Reader-Thumbs@2x.png */ = {isa = PBXFileReference; lastKnownFileType = image.png; path = "Reader-Thumbs@2x.png"; sourceTree = "<group>"; };
		02E96E1D17C539A800969697 /* Default-Landscape@2x~ipad.png */ = {isa = PBXFileReference; lastKnownFileType = image.png; path = "Default-Landscape@2x~ipad.png"; sourceTree = "<group>"; };
		02EFF259178D0C2A009D04B4 /* AnnotationStore.h */ = {isa = PBXFileReference; fileEncoding = 4; lastKnownFileType = sourcecode.c.h; name = AnnotationStore.h; path = Sources/AnnotationStore.h; sourceTree = "<group>"; };
		02EFF25A178D0C2A009D04B4 /* AnnotationStore.m */ = {isa = PBXFileReference; fileEncoding = 4; lastKnownFileType = sourcecode.c.objc; name = AnnotationStore.m; path = Sources/AnnotationStore.m; sourceTree = "<group>"; };
		02FDF8E2178D1E12004FA109 /* Annotation.h */ = {isa = PBXFileReference; fileEncoding = 4; lastKnownFileType = sourcecode.c.h; name = Annotation.h; path = Sources/Annotation.h; sourceTree = "<group>"; };
		02FDF8E3178D1E12004FA109 /* Annotation.m */ = {isa = PBXFileReference; fileEncoding = 4; lastKnownFileType = sourcecode.c.objc; name = Annotation.m; path = Sources/Annotation.m; sourceTree = "<group>"; };
		1D30AB110D05D00D00671497 /* Foundation.framework */ = {isa = PBXFileReference; lastKnownFileType = wrapper.framework; name = Foundation.framework; path = System/Library/Frameworks/Foundation.framework; sourceTree = SDKROOT; };
		1D3623240D0F684500981E51 /* ThatPDFAppDelegate.h */ = {isa = PBXFileReference; fileEncoding = 4; lastKnownFileType = sourcecode.c.h; path = ThatPDFAppDelegate.h; sourceTree = "<group>"; };
		1D3623250D0F684500981E51 /* ThatPDFAppDelegate.m */ = {isa = PBXFileReference; fileEncoding = 4; lastKnownFileType = sourcecode.c.objc; path = ThatPDFAppDelegate.m; sourceTree = "<group>"; };
		1D6058910D05DD3D006BFB54 /* ThatPDF.app */ = {isa = PBXFileReference; explicitFileType = wrapper.application; includeInIndex = 0; path = ThatPDF.app; sourceTree = BUILT_PRODUCTS_DIR; };
		1DF5F4DF0D08C38300B7A737 /* UIKit.framework */ = {isa = PBXFileReference; lastKnownFileType = wrapper.framework; name = UIKit.framework; path = System/Library/Frameworks/UIKit.framework; sourceTree = SDKROOT; };
		288765A40DF7441C002DB57D /* CoreGraphics.framework */ = {isa = PBXFileReference; lastKnownFileType = wrapper.framework; name = CoreGraphics.framework; path = System/Library/Frameworks/CoreGraphics.framework; sourceTree = SDKROOT; };
		28C3AD890F43EF2300507BA6 /* Reader.xcdatamodel */ = {isa = PBXFileReference; fileEncoding = 4; lastKnownFileType = wrapper.xcdatamodel; path = Reader.xcdatamodel; sourceTree = "<group>"; };
		28D801B30F44B63D00FB423F /* CoreData.framework */ = {isa = PBXFileReference; lastKnownFileType = wrapper.framework; name = CoreData.framework; path = System/Library/Frameworks/CoreData.framework; sourceTree = SDKROOT; };
		29B97316FDCFA39411CA2CEA /* main.m */ = {isa = PBXFileReference; fileEncoding = 4; lastKnownFileType = sourcecode.c.objc; path = main.m; sourceTree = "<group>"; };
		32CA4F630368D1EE00C91783 /* ThatPDF-Prefix.pch */ = {isa = PBXFileReference; fileEncoding = 4; lastKnownFileType = sourcecode.c.h; path = "ThatPDF-Prefix.pch"; sourceTree = "<group>"; };
		451258EE142B8871009BCAF5 /* FoldersViewController.h */ = {isa = PBXFileReference; fileEncoding = 4; lastKnownFileType = sourcecode.c.h; path = FoldersViewController.h; sourceTree = "<group>"; };
		451258EF142B8871009BCAF5 /* FoldersViewController.m */ = {isa = PBXFileReference; fileEncoding = 4; lastKnownFileType = sourcecode.c.objc; path = FoldersViewController.m; sourceTree = "<group>"; };
		451258F2142B8871009BCAF5 /* LibraryDirectoryView.h */ = {isa = PBXFileReference; fileEncoding = 4; lastKnownFileType = sourcecode.c.h; path = LibraryDirectoryView.h; sourceTree = "<group>"; };
		451258F3142B8871009BCAF5 /* LibraryDirectoryView.m */ = {isa = PBXFileReference; fileEncoding = 4; lastKnownFileType = sourcecode.c.objc; path = LibraryDirectoryView.m; sourceTree = "<group>"; };
		451258F6142B8871009BCAF5 /* LibraryDocumentsView.h */ = {isa = PBXFileReference; fileEncoding = 4; lastKnownFileType = sourcecode.c.h; path = LibraryDocumentsView.h; sourceTree = "<group>"; };
		451258F7142B8871009BCAF5 /* LibraryDocumentsView.m */ = {isa = PBXFileReference; fileEncoding = 4; lastKnownFileType = sourcecode.c.objc; path = LibraryDocumentsView.m; sourceTree = "<group>"; };
		451258FA142B8871009BCAF5 /* LibraryViewController.h */ = {isa = PBXFileReference; fileEncoding = 4; lastKnownFileType = sourcecode.c.h; path = LibraryViewController.h; sourceTree = "<group>"; };
		451258FB142B8871009BCAF5 /* LibraryViewController.m */ = {isa = PBXFileReference; fileEncoding = 4; lastKnownFileType = sourcecode.c.objc; path = LibraryViewController.m; sourceTree = "<group>"; };
		45125904142B88AF009BCAF5 /* DocumentsUpdate.h */ = {isa = PBXFileReference; fileEncoding = 4; lastKnownFileType = sourcecode.c.h; name = DocumentsUpdate.h; path = Support/DocumentsUpdate.h; sourceTree = "<group>"; };
		45125905142B88AF009BCAF5 /* DocumentsUpdate.m */ = {isa = PBXFileReference; fileEncoding = 4; lastKnownFileType = sourcecode.c.objc; name = DocumentsUpdate.m; path = Support/DocumentsUpdate.m; sourceTree = "<group>"; };
		45125906142B88AF009BCAF5 /* UIXTextEntry.h */ = {isa = PBXFileReference; fileEncoding = 4; lastKnownFileType = sourcecode.c.h; name = UIXTextEntry.h; path = Support/UIXTextEntry.h; sourceTree = "<group>"; };
		45125907142B88AF009BCAF5 /* UIXTextEntry.m */ = {isa = PBXFileReference; fileEncoding = 4; lastKnownFileType = sourcecode.c.objc; name = UIXTextEntry.m; path = Support/UIXTextEntry.m; sourceTree = "<group>"; };
		4521C5AB1360DCC300DD4856 /* DocumentFolder.h */ = {isa = PBXFileReference; fileEncoding = 4; lastKnownFileType = sourcecode.c.h; name = DocumentFolder.h; path = CoreData/DocumentFolder.h; sourceTree = "<group>"; };
		4521C5AC1360DCC300DD4856 /* DocumentFolder.m */ = {isa = PBXFileReference; fileEncoding = 4; lastKnownFileType = sourcecode.c.objc; name = DocumentFolder.m; path = CoreData/DocumentFolder.m; sourceTree = "<group>"; };
		4521C5AD1360DCC300DD4856 /* ReaderDocument.h */ = {isa = PBXFileReference; fileEncoding = 4; lastKnownFileType = sourcecode.c.h; name = ReaderDocument.h; path = CoreData/ReaderDocument.h; sourceTree = "<group>"; };
		4521C5AE1360DCC300DD4856 /* ReaderDocument.m */ = {isa = PBXFileReference; fileEncoding = 4; lastKnownFileType = sourcecode.c.objc; name = ReaderDocument.m; path = CoreData/ReaderDocument.m; sourceTree = "<group>"; };
		452825211434FF9F00744EB2 /* DirectoryWatcher.h */ = {isa = PBXFileReference; fileEncoding = 4; lastKnownFileType = sourcecode.c.h; name = DirectoryWatcher.h; path = Support/DirectoryWatcher.h; sourceTree = "<group>"; };
		452825221434FF9F00744EB2 /* DirectoryWatcher.m */ = {isa = PBXFileReference; fileEncoding = 4; lastKnownFileType = sourcecode.c.objc; name = DirectoryWatcher.m; path = Support/DirectoryWatcher.m; sourceTree = "<group>"; };
		452E1F8F161203E600192ED2 /* README.md */ = {isa = PBXFileReference; fileEncoding = 4; lastKnownFileType = text; path = README.md; sourceTree = "<group>"; };
		452E1F92161203EE00192ED2 /* LICENSE */ = {isa = PBXFileReference; fileEncoding = 4; lastKnownFileType = text; path = LICENSE; sourceTree = "<group>"; };
		4552C17413413EB00000C190 /* Settings.bundle */ = {isa = PBXFileReference; lastKnownFileType = "wrapper.plug-in"; name = Settings.bundle; path = Resources/Settings.bundle; sourceTree = "<group>"; };
		45550E4D1612086C003F2FAA /* ReaderDocumentOutline.h */ = {isa = PBXFileReference; fileEncoding = 4; lastKnownFileType = sourcecode.c.h; name = ReaderDocumentOutline.h; path = Sources/ReaderDocumentOutline.h; sourceTree = "<group>"; };
		45550E4E1612086C003F2FAA /* ReaderDocumentOutline.m */ = {isa = PBXFileReference; fileEncoding = 4; lastKnownFileType = sourcecode.c.objc; name = ReaderDocumentOutline.m; path = Sources/ReaderDocumentOutline.m; sourceTree = "<group>"; };
		4567BADE1347751600311D51 /* CoreDataManager.h */ = {isa = PBXFileReference; fileEncoding = 4; lastKnownFileType = sourcecode.c.h; name = CoreDataManager.h; path = CoreData/CoreDataManager.h; sourceTree = "<group>"; };
		4567BADF1347751600311D51 /* CoreDataManager.m */ = {isa = PBXFileReference; fileEncoding = 4; lastKnownFileType = sourcecode.c.objc; name = CoreDataManager.m; path = CoreData/CoreDataManager.m; sourceTree = "<group>"; };
		4584F5DF134230F400C05614 /* QuartzCore.framework */ = {isa = PBXFileReference; lastKnownFileType = wrapper.framework; name = QuartzCore.framework; path = System/Library/Frameworks/QuartzCore.framework; sourceTree = SDKROOT; };
		458D39F9142A580F00F15953 /* CGPDFDocument.h */ = {isa = PBXFileReference; fileEncoding = 4; lastKnownFileType = sourcecode.c.h; name = CGPDFDocument.h; path = Sources/CGPDFDocument.h; sourceTree = "<group>"; };
		458D39FA142A580F00F15953 /* CGPDFDocument.m */ = {isa = PBXFileReference; fileEncoding = 4; lastKnownFileType = sourcecode.c.objc; name = CGPDFDocument.m; path = Sources/CGPDFDocument.m; sourceTree = "<group>"; };
		458D39FB142A580F00F15953 /* ReaderConstants.h */ = {isa = PBXFileReference; fileEncoding = 4; lastKnownFileType = sourcecode.c.h; name = ReaderConstants.h; path = Support/ReaderConstants.h; sourceTree = "<group>"; };
		458D39FC142A580F00F15953 /* ReaderConstants.m */ = {isa = PBXFileReference; fileEncoding = 4; lastKnownFileType = sourcecode.c.objc; name = ReaderConstants.m; path = Support/ReaderConstants.m; sourceTree = "<group>"; };
		458D39FD142A580F00F15953 /* ReaderContentPage.h */ = {isa = PBXFileReference; fileEncoding = 4; lastKnownFileType = sourcecode.c.h; name = ReaderContentPage.h; path = Sources/ReaderContentPage.h; sourceTree = "<group>"; };
		458D39FE142A580F00F15953 /* ReaderContentPage.m */ = {isa = PBXFileReference; fileEncoding = 4; lastKnownFileType = sourcecode.c.objc; name = ReaderContentPage.m; path = Sources/ReaderContentPage.m; sourceTree = "<group>"; };
		458D39FF142A580F00F15953 /* ReaderContentTile.h */ = {isa = PBXFileReference; fileEncoding = 4; lastKnownFileType = sourcecode.c.h; name = ReaderContentTile.h; path = Sources/ReaderContentTile.h; sourceTree = "<group>"; };
		458D3A00142A580F00F15953 /* ReaderContentTile.m */ = {isa = PBXFileReference; fileEncoding = 4; lastKnownFileType = sourcecode.c.objc; name = ReaderContentTile.m; path = Sources/ReaderContentTile.m; sourceTree = "<group>"; };
		458D3A01142A580F00F15953 /* ReaderContentView.h */ = {isa = PBXFileReference; fileEncoding = 4; lastKnownFileType = sourcecode.c.h; name = ReaderContentView.h; path = Sources/ReaderContentView.h; sourceTree = "<group>"; };
		458D3A02142A580F00F15953 /* ReaderContentView.m */ = {isa = PBXFileReference; fileEncoding = 4; lastKnownFileType = sourcecode.c.objc; name = ReaderContentView.m; path = Sources/ReaderContentView.m; sourceTree = "<group>"; };
		458D3A05142A580F00F15953 /* ReaderMainPagebar.h */ = {isa = PBXFileReference; fileEncoding = 4; lastKnownFileType = sourcecode.c.h; name = ReaderMainPagebar.h; path = Sources/ReaderMainPagebar.h; sourceTree = "<group>"; };
		458D3A06142A580F00F15953 /* ReaderMainPagebar.m */ = {isa = PBXFileReference; fileEncoding = 4; lastKnownFileType = sourcecode.c.objc; name = ReaderMainPagebar.m; path = Sources/ReaderMainPagebar.m; sourceTree = "<group>"; };
		458D3A07142A580F00F15953 /* ReaderMainToolbar.h */ = {isa = PBXFileReference; fileEncoding = 4; lastKnownFileType = sourcecode.c.h; name = ReaderMainToolbar.h; path = Sources/ReaderMainToolbar.h; sourceTree = "<group>"; };
		458D3A08142A580F00F15953 /* ReaderMainToolbar.m */ = {isa = PBXFileReference; fileEncoding = 4; lastKnownFileType = sourcecode.c.objc; name = ReaderMainToolbar.m; path = Sources/ReaderMainToolbar.m; sourceTree = "<group>"; };
		458D3A0B142A580F00F15953 /* ReaderThumbCache.h */ = {isa = PBXFileReference; fileEncoding = 4; lastKnownFileType = sourcecode.c.h; name = ReaderThumbCache.h; path = Sources/ReaderThumbCache.h; sourceTree = "<group>"; };
		458D3A0C142A580F00F15953 /* ReaderThumbCache.m */ = {isa = PBXFileReference; fileEncoding = 4; lastKnownFileType = sourcecode.c.objc; name = ReaderThumbCache.m; path = Sources/ReaderThumbCache.m; sourceTree = "<group>"; };
		458D3A0D142A580F00F15953 /* ReaderThumbFetch.h */ = {isa = PBXFileReference; fileEncoding = 4; lastKnownFileType = sourcecode.c.h; name = ReaderThumbFetch.h; path = Sources/ReaderThumbFetch.h; sourceTree = "<group>"; };
		458D3A0E142A580F00F15953 /* ReaderThumbFetch.m */ = {isa = PBXFileReference; fileEncoding = 4; lastKnownFileType = sourcecode.c.objc; name = ReaderThumbFetch.m; path = Sources/ReaderThumbFetch.m; sourceTree = "<group>"; };
		458D3A0F142A580F00F15953 /* ReaderThumbQueue.h */ = {isa = PBXFileReference; fileEncoding = 4; lastKnownFileType = sourcecode.c.h; name = ReaderThumbQueue.h; path = Sources/ReaderThumbQueue.h; sourceTree = "<group>"; };
		458D3A10142A580F00F15953 /* ReaderThumbQueue.m */ = {isa = PBXFileReference; fileEncoding = 4; lastKnownFileType = sourcecode.c.objc; name = ReaderThumbQueue.m; path = Sources/ReaderThumbQueue.m; sourceTree = "<group>"; };
		458D3A11142A580F00F15953 /* ReaderThumbRender.h */ = {isa = PBXFileReference; fileEncoding = 4; lastKnownFileType = sourcecode.c.h; name = ReaderThumbRender.h; path = Sources/ReaderThumbRender.h; sourceTree = "<group>"; };
		458D3A12142A580F00F15953 /* ReaderThumbRender.m */ = {isa = PBXFileReference; fileEncoding = 4; lastKnownFileType = sourcecode.c.objc; name = ReaderThumbRender.m; path = Sources/ReaderThumbRender.m; sourceTree = "<group>"; };
		458D3A13142A580F00F15953 /* ReaderThumbRequest.h */ = {isa = PBXFileReference; fileEncoding = 4; lastKnownFileType = sourcecode.c.h; name = ReaderThumbRequest.h; path = Sources/ReaderThumbRequest.h; sourceTree = "<group>"; };
		458D3A14142A580F00F15953 /* ReaderThumbRequest.m */ = {isa = PBXFileReference; fileEncoding = 4; lastKnownFileType = sourcecode.c.objc; name = ReaderThumbRequest.m; path = Sources/ReaderThumbRequest.m; sourceTree = "<group>"; };
		458D3A15142A580F00F15953 /* ReaderThumbsView.h */ = {isa = PBXFileReference; fileEncoding = 4; lastKnownFileType = sourcecode.c.h; name = ReaderThumbsView.h; path = Sources/ReaderThumbsView.h; sourceTree = "<group>"; };
		458D3A16142A580F00F15953 /* ReaderThumbsView.m */ = {isa = PBXFileReference; fileEncoding = 4; lastKnownFileType = sourcecode.c.objc; name = ReaderThumbsView.m; path = Sources/ReaderThumbsView.m; sourceTree = "<group>"; };
		458D3A17142A580F00F15953 /* ReaderThumbView.h */ = {isa = PBXFileReference; fileEncoding = 4; lastKnownFileType = sourcecode.c.h; name = ReaderThumbView.h; path = Sources/ReaderThumbView.h; sourceTree = "<group>"; };
		458D3A18142A580F00F15953 /* ReaderThumbView.m */ = {isa = PBXFileReference; fileEncoding = 4; lastKnownFileType = sourcecode.c.objc; name = ReaderThumbView.m; path = Sources/ReaderThumbView.m; sourceTree = "<group>"; };
		458D3A19142A580F00F15953 /* ReaderViewController.h */ = {isa = PBXFileReference; fileEncoding = 4; lastKnownFileType = sourcecode.c.h; name = ReaderViewController.h; path = Sources/ReaderViewController.h; sourceTree = "<group>"; };
		458D3A1A142A580F00F15953 /* ReaderViewController.m */ = {isa = PBXFileReference; fileEncoding = 4; lastKnownFileType = sourcecode.c.objc; name = ReaderViewController.m; path = Sources/ReaderViewController.m; sourceTree = "<group>"; };
		458D3A1B142A580F00F15953 /* ThumbsMainToolbar.h */ = {isa = PBXFileReference; fileEncoding = 4; lastKnownFileType = sourcecode.c.h; name = ThumbsMainToolbar.h; path = Sources/ThumbsMainToolbar.h; sourceTree = "<group>"; };
		458D3A1C142A580F00F15953 /* ThumbsMainToolbar.m */ = {isa = PBXFileReference; fileEncoding = 4; lastKnownFileType = sourcecode.c.objc; name = ThumbsMainToolbar.m; path = Sources/ThumbsMainToolbar.m; sourceTree = "<group>"; };
		458D3A1D142A580F00F15953 /* ThumbsViewController.h */ = {isa = PBXFileReference; fileEncoding = 4; lastKnownFileType = sourcecode.c.h; name = ThumbsViewController.h; path = Sources/ThumbsViewController.h; sourceTree = "<group>"; };
		458D3A1E142A580F00F15953 /* ThumbsViewController.m */ = {isa = PBXFileReference; fileEncoding = 4; lastKnownFileType = sourcecode.c.objc; name = ThumbsViewController.m; path = Sources/ThumbsViewController.m; sourceTree = "<group>"; };
		458D3A1F142A580F00F15953 /* UIXToolbarView.h */ = {isa = PBXFileReference; fileEncoding = 4; lastKnownFileType = sourcecode.c.h; name = UIXToolbarView.h; path = Sources/UIXToolbarView.h; sourceTree = "<group>"; };
		458D3A20142A580F00F15953 /* UIXToolbarView.m */ = {isa = PBXFileReference; fileEncoding = 4; lastKnownFileType = sourcecode.c.objc; name = UIXToolbarView.m; path = Sources/UIXToolbarView.m; sourceTree = "<group>"; };
		459A799B13413941009639D8 /* ImageIO.framework */ = {isa = PBXFileReference; lastKnownFileType = wrapper.framework; name = ImageIO.framework; path = System/Library/Frameworks/ImageIO.framework; sourceTree = SDKROOT; };
		459D1AD8144CD72600EF4614 /* en */ = {isa = PBXFileReference; lastKnownFileType = text.css; name = en; path = en.lproj/help.css; sourceTree = "<group>"; };
		45B9423313413C7A005AE6DA /* en */ = {isa = PBXFileReference; fileEncoding = 10; lastKnownFileType = text.plist.strings; name = en; path = Resources/en.lproj/Localizable.strings; sourceTree = "<group>"; };
		45E2B4E7144CB3A500B497D0 /* HelpViewController.h */ = {isa = PBXFileReference; fileEncoding = 4; lastKnownFileType = sourcecode.c.h; path = HelpViewController.h; sourceTree = "<group>"; };
		45E2B4E8144CB3A500B497D0 /* HelpViewController.m */ = {isa = PBXFileReference; fileEncoding = 4; lastKnownFileType = sourcecode.c.objc; path = HelpViewController.m; sourceTree = "<group>"; };
		45E2B4ED144CC68E00B497D0 /* en */ = {isa = PBXFileReference; lastKnownFileType = text.html; name = en; path = en.lproj/help.html; sourceTree = "<group>"; };
		45EC70F7134B7B5600862B6D /* MessageUI.framework */ = {isa = PBXFileReference; lastKnownFileType = wrapper.framework; name = MessageUI.framework; path = System/Library/Frameworks/MessageUI.framework; sourceTree = SDKROOT; };
		8D1107310486CEB800E47090 /* ThatPDF-Info.plist */ = {isa = PBXFileReference; fileEncoding = 4; lastKnownFileType = text.plist.xml; path = "ThatPDF-Info.plist"; plistStructureDefinitionIdentifier = "com.apple.xcode.plist.structure-definition.iphone.info-plist"; sourceTree = "<group>"; };
		EA8B72A5179F2AB8003EF80D /* CFNetwork.framework */ = {isa = PBXFileReference; lastKnownFileType = wrapper.framework; name = CFNetwork.framework; path = System/Library/Frameworks/CFNetwork.framework; sourceTree = SDKROOT; };
		EA8B72A7179F2AC0003EF80D /* Security.framework */ = {isa = PBXFileReference; lastKnownFileType = wrapper.framework; name = Security.framework; path = System/Library/Frameworks/Security.framework; sourceTree = SDKROOT; };
		EA8B72A9179F2B01003EF80D /* libicucore.dylib */ = {isa = PBXFileReference; lastKnownFileType = "compiled.mach-o.dylib"; name = libicucore.dylib; path = usr/lib/libicucore.dylib; sourceTree = SDKROOT; };
/* End PBXFileReference section */

/* Begin PBXFrameworksBuildPhase section */
		1D60588F0D05DD3D006BFB54 /* Frameworks */ = {
			isa = PBXFrameworksBuildPhase;
			buildActionMask = 2147483647;
			files = (
				027DE61017B9E6BB00BCA4FE /* StoreKit.framework in Frameworks */,
				027DE60E17B9E69F00BCA4FE /* CoreText.framework in Frameworks */,
				027DE60B17B9E67300BCA4FE /* CoreTelephony.framework in Frameworks */,
				027DE60917B9E4BD00BCA4FE /* libApptentiveConnect.a in Frameworks */,
				0288558E17A89D72004B5CCF /* AssetsLibrary.framework in Frameworks */,
				288765A50DF7441C002DB57D /* CoreGraphics.framework in Frameworks */,
				02D6AE8417A27DB10044ACF7 /* SystemConfiguration.framework in Frameworks */,
				02D6AE8217A27DAB0044ACF7 /* QuickLook.framework in Frameworks */,
				EA8B72AA179F2B01003EF80D /* libicucore.dylib in Frameworks */,
				EA8B72A8179F2AC0003EF80D /* Security.framework in Frameworks */,
				EA8B72A6179F2AB8003EF80D /* CFNetwork.framework in Frameworks */,
				02802A0C1797AAE9009AF9DE /* MobileCoreServices.framework in Frameworks */,
				027CED52178F74EB004DC84B /* libsqlite3.0.dylib in Frameworks */,
				027CED50178F74DE004DC84B /* Accelerate.framework in Frameworks */,
				1DF5F4E00D08C38300B7A737 /* UIKit.framework in Frameworks */,
				1D60589F0D05DD5A006BFB54 /* Foundation.framework in Frameworks */,
				4584F5E0134230F400C05614 /* QuartzCore.framework in Frameworks */,
				45EC70F8134B7B5600862B6D /* MessageUI.framework in Frameworks */,
				28D801B40F44B63D00FB423F /* CoreData.framework in Frameworks */,
				459A799C13413941009639D8 /* ImageIO.framework in Frameworks */,
				0288558C17A898DE004B5CCF /* FPPicker.framework in Frameworks */,
				027DE5D617B9E48200BCA4FE /* INK.framework in Frameworks */,
			);
			runOnlyForDeploymentPostprocessing = 0;
		};
/* End PBXFrameworksBuildPhase section */

/* Begin PBXGroup section */
		027DE5DA17B9E49A00BCA4FE /* Products */ = {
			isa = PBXGroup;
			children = (
				027DE5E017B9E49B00BCA4FE /* libApptentiveConnect.a */,
				027DE5E217B9E49B00BCA4FE /* ApptentiveConnectTests.octest */,
				027DE5E417B9E49B00BCA4FE /* ApptentiveResources.bundle */,
			);
			name = Products;
			sourceTree = "<group>";
		};
		027DE5E517B9E4AC00BCA4FE /* WelcomeFlow */ = {
			isa = PBXGroup;
			children = (
				027DE5E617B9E4AC00BCA4FE /* INKWelcomeViewController.h */,
				027DE5E717B9E4AC00BCA4FE /* INKWelcomeViewController.m */,
				027DE5E817B9E4AC00BCA4FE /* INKWelcomeViewController.xib */,
				027DE5E917B9E4AC00BCA4FE /* PagedScrollView.h */,
				027DE5EA17B9E4AC00BCA4FE /* PagedScrollView.m */,
				027DE5EB17B9E4AC00BCA4FE /* Resources */,
			);
			path = WelcomeFlow;
			sourceTree = "<group>";
		};
		027DE5EB17B9E4AC00BCA4FE /* Resources */ = {
			isa = PBXGroup;
			children = (
				027DE5EC17B9E4AC00BCA4FE /* OnboardStep2.png */,
				027DE5ED17B9E4AC00BCA4FE /* OnboardStep2@2x.png */,
				027DE5EE17B9E4AC00BCA4FE /* OnboardStep3.png */,
				027DE5EF17B9E4AC00BCA4FE /* OnboardStep3@2x.png */,
				027DE5F017B9E4AC00BCA4FE /* WelcomeThatCloud.png */,
				027DE5F117B9E4AC00BCA4FE /* WelcomeThatCloud@2x.png */,
				027DE5F217B9E4AC00BCA4FE /* WelcomeThatInbox.png */,
				027DE5F317B9E4AC00BCA4FE /* WelcomeThatInbox@2x.png */,
				027DE5F417B9E4AC00BCA4FE /* WelcomeThatPDF.png */,
				027DE5F517B9E4AC00BCA4FE /* WelcomeThatPDF@2x.png */,
				027DE5F617B9E4AC00BCA4FE /* WelcomeThatPhoto.png */,
				027DE5F717B9E4AC00BCA4FE /* WelcomeThatPhoto@2x.png */,
			);
			path = Resources;
			sourceTree = "<group>";
		};
		02E96D8F17C5390400969697 /* AppIcons */ = {
			isa = PBXGroup;
			children = (
				02E96D9017C5390400969697 /* AppIcon-1024.png */,
				02E96D9117C5390400969697 /* AppIcon-114.png */,
				02E96D9217C5390400969697 /* AppIcon-144.png */,
				02E96D9317C5390400969697 /* AppIcon-512.png */,
				02E96D9417C5390400969697 /* AppIcon-57.png */,
				02E96D9517C5390400969697 /* AppIcon-72.png */,
				02E96D9617C5390400969697 /* AppIcon.ai */,
			);
			name = AppIcons;
			path = Graphics/AppIcons;
			sourceTree = "<group>";
		};
		02E96D9B17C5390400969697 /* LaunchScreens */ = {
			isa = PBXGroup;
			children = (
				02E96E1D17C539A800969697 /* Default-Landscape@2x~ipad.png */,
				02E96D9C17C5390400969697 /* Default-Landscape~ipad.png */,
				02E96D9F17C5390400969697 /* Default.png */,
				02E96DA017C5390400969697 /* Default@2x.png */,
			);
			name = LaunchScreens;
			path = Graphics/LaunchScreens;
			sourceTree = "<group>";
		};
		02E96DA117C5390400969697 /* LibraryToolbarIcons */ = {
			isa = PBXGroup;
			children = (
				02E96DA217C5390400969697 /* Icon-AddFile.png */,
				02E96DA317C5390400969697 /* Icon-AddFile@2x.png */,
				02E96DA417C5390400969697 /* Icon-Check.png */,
				02E96DA517C5390400969697 /* Icon-Check@2x.png */,
				02E96DA617C5390400969697 /* Icon-Checked.png */,
				02E96DA717C5390400969697 /* Icon-Checked@2x.png */,
				02E96DA817C5390400969697 /* Icon-Cross.png */,
				02E96DA917C5390400969697 /* Icon-Cross@2x.png */,
				02E96DAA17C5390400969697 /* Icon-DeleteFile.png */,
				02E96DAB17C5390400969697 /* Icon-DeleteFile@2x.png */,
				02E96DAC17C5390400969697 /* Icon-DeleteFolder.png */,
				02E96DAD17C5390400969697 /* Icon-DeleteFolder@2x.png */,
				02E96DAE17C5390400969697 /* Icon-Edit.png */,
				02E96DAF17C5390400969697 /* Icon-Edit@2x.png */,
				02E96DB017C5390400969697 /* Icon-File.png */,
				02E96DB117C5390400969697 /* Icon-File@2x.png */,
				02E96DB217C5390400969697 /* Icon-Folder.png */,
				02E96DB317C5390400969697 /* Icon-Folder@2x.png */,
				02E96DB417C5390400969697 /* Icon-Minus.png */,
				02E96DB517C5390400969697 /* Icon-Minus@2x.png */,
				02E96DB617C5390400969697 /* Icon-NewFolder.png */,
				02E96DB717C5390400969697 /* Icon-NewFolder@2x.png */,
				02E96DB817C5390400969697 /* Icon-Plus.png */,
				02E96DB917C5390400969697 /* Icon-Plus@2x.png */,
				02E96DBA17C5390400969697 /* Icon-SelectFile.png */,
				02E96DBB17C5390400969697 /* Icon-SelectFile@2x.png */,
				02E96DBC17C5390400969697 /* Icon-SelectFolder.png */,
				02E96DBD17C5390400969697 /* Icon-SelectFolder@2x.png */,
			);
			name = LibraryToolbarIcons;
			path = Graphics/LibraryToolbarIcons;
			sourceTree = "<group>";
		};
		02E96DBE17C5390400969697 /* ReaderToolbarIcons */ = {
			isa = PBXGroup;
			children = (
				02E96DBF17C5390400969697 /* Reader-Annotate.png */,
				02E96DC017C5390400969697 /* Reader-Annotate@2x.png */,
				02E96DC117C5390400969697 /* Reader-Button-H.png */,
				02E96DC217C5390400969697 /* Reader-Button-H@2x.png */,
				02E96DC317C5390400969697 /* Reader-Button-N.png */,
				02E96DC417C5390400969697 /* Reader-Button-N@2x.png */,
				02E96DC517C5390400969697 /* Reader-Email.png */,
				02E96DC617C5390400969697 /* Reader-Email@2x.png */,
				02E96DC717C5390400969697 /* Reader-Ink.png */,
				02E96DC817C5390400969697 /* Reader-Ink@2x.png */,
				02E96DC917C5390400969697 /* Reader-Mark-N.png */,
				02E96DCA17C5390400969697 /* Reader-Mark-N@2x.png */,
				02E96DCB17C5390400969697 /* Reader-Mark-Y.png */,
				02E96DCC17C5390400969697 /* Reader-Mark-Y@2x.png */,
				02E96DCD17C5390400969697 /* Reader-Print.png */,
				02E96DCE17C5390400969697 /* Reader-Print@2x.png */,
				02E96DCF17C5390400969697 /* Reader-RedPen.png */,
				02E96DD017C5390400969697 /* Reader-RedPen@2x.png */,
				02E96DD117C5390400969697 /* Reader-Sign.png */,
				02E96DD217C5390400969697 /* Reader-Sign@2x.png */,
				02E96DD317C5390400969697 /* Reader-Text.png */,
				02E96DD417C5390400969697 /* Reader-Text@2x.png */,
				02E96DD517C5390400969697 /* Reader-Thumbs.png */,
				02E96DD617C5390400969697 /* Reader-Thumbs@2x.png */,
			);
			name = ReaderToolbarIcons;
			path = Graphics/ReaderToolbarIcons;
			sourceTree = "<group>";
		};
		02E96E2E17C557D200969697 /* Annotations */ = {
			isa = PBXGroup;
			children = (
				02B510FD178DDD8D002CC7B2 /* ReaderAnnotateToolbar.h */,
				02B510FE178DDD8D002CC7B2 /* ReaderAnnotateToolbar.m */,
				02EFF259178D0C2A009D04B4 /* AnnotationStore.h */,
				02EFF25A178D0C2A009D04B4 /* AnnotationStore.m */,
				02FDF8E2178D1E12004FA109 /* Annotation.h */,
				02FDF8E3178D1E12004FA109 /* Annotation.m */,
				02B51100178DE55E002CC7B2 /* AnnotationViewController.h */,
				02B51101178DE55E002CC7B2 /* AnnotationViewController.m */,
			);
			name = Annotations;
			sourceTree = "<group>";
		};
		080E96DDFE201D6D7F000001 /* Classes */ = {
			isa = PBXGroup;
			children = (
				1D3623240D0F684500981E51 /* ThatPDFAppDelegate.h */,
				1D3623250D0F684500981E51 /* ThatPDFAppDelegate.m */,
				451258FA142B8871009BCAF5 /* LibraryViewController.h */,
				451258FB142B8871009BCAF5 /* LibraryViewController.m */,
				451258F2142B8871009BCAF5 /* LibraryDirectoryView.h */,
				451258F3142B8871009BCAF5 /* LibraryDirectoryView.m */,
				451258F6142B8871009BCAF5 /* LibraryDocumentsView.h */,
				451258F7142B8871009BCAF5 /* LibraryDocumentsView.m */,
				451258EE142B8871009BCAF5 /* FoldersViewController.h */,
				451258EF142B8871009BCAF5 /* FoldersViewController.m */,
				45E2B4E7144CB3A500B497D0 /* HelpViewController.h */,
				45E2B4E8144CB3A500B497D0 /* HelpViewController.m */,
			);
			path = Classes;
			sourceTree = "<group>";
		};
		19C28FACFE9D520D11CA2CBB /* Products */ = {
			isa = PBXGroup;
			children = (
				1D6058910D05DD3D006BFB54 /* ThatPDF.app */,
			);
			name = Products;
			sourceTree = "<group>";
		};
		29B97314FDCFA39411CA2CEA /* CustomTemplate */ = {
			isa = PBXGroup;
			children = (
				027DE60717B9E4B300BCA4FE /* ATConnect.h */,
				027DE5D917B9E49A00BCA4FE /* ApptentiveConnect.xcodeproj */,
				080E96DDFE201D6D7F000001 /* Classes */,
				027DE5E517B9E4AC00BCA4FE /* WelcomeFlow */,
				4584F5C913422D6C00C05614 /* Core Data */,
				451258EB142B8852009BCAF5 /* Support Code */,
				4584F5CA13422D8E00C05614 /* Reader Sources */,
				451A5597142A642E009E41F9 /* Reader Support */,
				29B97315FDCFA39411CA2CEA /* Other Sources */,
				29B97317FDCFA39411CA2CEA /* Resources */,
				45B9424113413D4D005AE6DA /* Graphics */,
				29B97323FDCFA39411CA2CEA /* Frameworks */,
				19C28FACFE9D520D11CA2CBB /* Products */,
			);
			name = CustomTemplate;
			sourceTree = "<group>";
			wrapsLines = 0;
		};
		29B97315FDCFA39411CA2CEA /* Other Sources */ = {
			isa = PBXGroup;
			children = (
				32CA4F630368D1EE00C91783 /* ThatPDF-Prefix.pch */,
				29B97316FDCFA39411CA2CEA /* main.m */,
			);
			name = "Other Sources";
			sourceTree = "<group>";
		};
		29B97317FDCFA39411CA2CEA /* Resources */ = {
			isa = PBXGroup;
			children = (
				0288559317A8C75F004B5CCF /* leaseagreement.pdf */,
				0288559417A8C75F004B5CCF /* nda.pdf */,
				452E1F8F161203E600192ED2 /* README.md */,
				452E1F92161203EE00192ED2 /* LICENSE */,
				8D1107310486CEB800E47090 /* ThatPDF-Info.plist */,
				45B9423513413C99005AE6DA /* Localizable.strings */,
				28193054112F811F00ECF9B4 /* Reader.xcdatamodeld */,
				4552C17413413EB00000C190 /* Settings.bundle */,
				459D1AD4144CD66D00EF4614 /* Help */,
			);
			name = Resources;
			sourceTree = "<group>";
		};
		29B97323FDCFA39411CA2CEA /* Frameworks */ = {
			isa = PBXGroup;
			children = (
				027DE60F17B9E6BB00BCA4FE /* StoreKit.framework */,
				027DE60D17B9E69F00BCA4FE /* CoreText.framework */,
				027DE60A17B9E67300BCA4FE /* CoreTelephony.framework */,
				027DE5D717B9E48A00BCA4FE /* ApptentiveResources.bundle */,
				027DE5D317B9E48200BCA4FE /* INK.bundle */,
				027DE5D417B9E48200BCA4FE /* INK.framework */,
				0288558D17A89D72004B5CCF /* AssetsLibrary.framework */,
				0288558917A898DE004B5CCF /* FPPicker.bundle */,
				0288558A17A898DE004B5CCF /* FPPicker.framework */,
				02D6AE8317A27DB10044ACF7 /* SystemConfiguration.framework */,
				02D6AE8117A27DAB0044ACF7 /* QuickLook.framework */,
				EA8B72A9179F2B01003EF80D /* libicucore.dylib */,
				EA8B72A7179F2AC0003EF80D /* Security.framework */,
				EA8B72A5179F2AB8003EF80D /* CFNetwork.framework */,
				02802A0B1797AAE8009AF9DE /* MobileCoreServices.framework */,
				027CED51178F74EB004DC84B /* libsqlite3.0.dylib */,
				027CED4F178F74DE004DC84B /* Accelerate.framework */,
				1DF5F4DF0D08C38300B7A737 /* UIKit.framework */,
				1D30AB110D05D00D00671497 /* Foundation.framework */,
				288765A40DF7441C002DB57D /* CoreGraphics.framework */,
				4584F5DF134230F400C05614 /* QuartzCore.framework */,
				45EC70F7134B7B5600862B6D /* MessageUI.framework */,
				28D801B30F44B63D00FB423F /* CoreData.framework */,
				459A799B13413941009639D8 /* ImageIO.framework */,
			);
			name = Frameworks;
			sourceTree = "<group>";
		};
		451258EB142B8852009BCAF5 /* Support Code */ = {
			isa = PBXGroup;
			children = (
				452825211434FF9F00744EB2 /* DirectoryWatcher.h */,
				452825221434FF9F00744EB2 /* DirectoryWatcher.m */,
				45125906142B88AF009BCAF5 /* UIXTextEntry.h */,
				45125907142B88AF009BCAF5 /* UIXTextEntry.m */,
			);
			name = "Support Code";
			sourceTree = "<group>";
		};
		451A5597142A642E009E41F9 /* Reader Support */ = {
			isa = PBXGroup;
			children = (
				458D39F9142A580F00F15953 /* CGPDFDocument.h */,
				458D39FA142A580F00F15953 /* CGPDFDocument.m */,
				45550E4D1612086C003F2FAA /* ReaderDocumentOutline.h */,
				45550E4E1612086C003F2FAA /* ReaderDocumentOutline.m */,
				458D3A0B142A580F00F15953 /* ReaderThumbCache.h */,
				458D3A0C142A580F00F15953 /* ReaderThumbCache.m */,
				458D3A13142A580F00F15953 /* ReaderThumbRequest.h */,
				458D3A14142A580F00F15953 /* ReaderThumbRequest.m */,
				458D3A0F142A580F00F15953 /* ReaderThumbQueue.h */,
				458D3A10142A580F00F15953 /* ReaderThumbQueue.m */,
				458D3A0D142A580F00F15953 /* ReaderThumbFetch.h */,
				458D3A0E142A580F00F15953 /* ReaderThumbFetch.m */,
				458D3A11142A580F00F15953 /* ReaderThumbRender.h */,
				458D3A12142A580F00F15953 /* ReaderThumbRender.m */,
				458D3A15142A580F00F15953 /* ReaderThumbsView.h */,
				458D3A16142A580F00F15953 /* ReaderThumbsView.m */,
				458D3A17142A580F00F15953 /* ReaderThumbView.h */,
				458D3A18142A580F00F15953 /* ReaderThumbView.m */,
				458D3A1F142A580F00F15953 /* UIXToolbarView.h */,
				458D3A20142A580F00F15953 /* UIXToolbarView.m */,
			);
			name = "Reader Support";
			sourceTree = "<group>";
		};
		4584F5C913422D6C00C05614 /* Core Data */ = {
			isa = PBXGroup;
			children = (
				4521C5AB1360DCC300DD4856 /* DocumentFolder.h */,
				4521C5AC1360DCC300DD4856 /* DocumentFolder.m */,
				4521C5AD1360DCC300DD4856 /* ReaderDocument.h */,
				4521C5AE1360DCC300DD4856 /* ReaderDocument.m */,
				45125904142B88AF009BCAF5 /* DocumentsUpdate.h */,
				45125905142B88AF009BCAF5 /* DocumentsUpdate.m */,
				4567BADE1347751600311D51 /* CoreDataManager.h */,
				4567BADF1347751600311D51 /* CoreDataManager.m */,
			);
			name = "Core Data";
			sourceTree = "<group>";
		};
		4584F5CA13422D8E00C05614 /* Reader Sources */ = {
			isa = PBXGroup;
			children = (
				458D39FB142A580F00F15953 /* ReaderConstants.h */,
				458D39FC142A580F00F15953 /* ReaderConstants.m */,
				458D3A19142A580F00F15953 /* ReaderViewController.h */,
				458D3A1A142A580F00F15953 /* ReaderViewController.m */,
				458D3A07142A580F00F15953 /* ReaderMainToolbar.h */,
				458D3A08142A580F00F15953 /* ReaderMainToolbar.m */,
				458D3A05142A580F00F15953 /* ReaderMainPagebar.h */,
				458D3A06142A580F00F15953 /* ReaderMainPagebar.m */,
				458D3A01142A580F00F15953 /* ReaderContentView.h */,
				458D3A02142A580F00F15953 /* ReaderContentView.m */,
				458D39FD142A580F00F15953 /* ReaderContentPage.h */,
				458D39FE142A580F00F15953 /* ReaderContentPage.m */,
				458D39FF142A580F00F15953 /* ReaderContentTile.h */,
				458D3A00142A580F00F15953 /* ReaderContentTile.m */,
				458D3A1D142A580F00F15953 /* ThumbsViewController.h */,
				458D3A1E142A580F00F15953 /* ThumbsViewController.m */,
				458D3A1B142A580F00F15953 /* ThumbsMainToolbar.h */,
				458D3A1C142A580F00F15953 /* ThumbsMainToolbar.m */,
				02E96E2E17C557D200969697 /* Annotations */,
			);
			name = "Reader Sources";
			sourceTree = "<group>";
		};
		459D1AD4144CD66D00EF4614 /* Help */ = {
			isa = PBXGroup;
			children = (
				459D1AD9144CD72600EF4614 /* help.css */,
				45E2B4EE144CC68E00B497D0 /* help.html */,
			);
			name = Help;
			sourceTree = "<group>";
		};
		45B9424113413D4D005AE6DA /* Graphics */ = {
			isa = PBXGroup;
			children = (
				02E96D8F17C5390400969697 /* AppIcons */,
				02E96D9717C5390400969697 /* Folder-Large.png */,
				02E96D9817C5390400969697 /* Folder-Large@2x.png */,
				02E96D9917C5390400969697 /* Folder-Small.png */,
				02E96D9A17C5390400969697 /* Folder-Small@2x.png */,
				02E96D9B17C5390400969697 /* LaunchScreens */,
				02E96DA117C5390400969697 /* LibraryToolbarIcons */,
				02E96DBE17C5390400969697 /* ReaderToolbarIcons */,
			);
			name = Graphics;
			sourceTree = "<group>";
		};
/* End PBXGroup section */

/* Begin PBXNativeTarget section */
		1D6058900D05DD3D006BFB54 /* ThatPDF */ = {
			isa = PBXNativeTarget;
			buildConfigurationList = 1D6058960D05DD3E006BFB54 /* Build configuration list for PBXNativeTarget "ThatPDF" */;
			buildPhases = (
				1D60588D0D05DD3D006BFB54 /* Resources */,
				1D60588E0D05DD3D006BFB54 /* Sources */,
				1D60588F0D05DD3D006BFB54 /* Frameworks */,
			);
			buildRules = (
			);
			dependencies = (
			);
			name = ThatPDF;
			productName = Viewer;
			productReference = 1D6058910D05DD3D006BFB54 /* ThatPDF.app */;
			productType = "com.apple.product-type.application";
		};
/* End PBXNativeTarget section */

/* Begin PBXProject section */
		29B97313FDCFA39411CA2CEA /* Project object */ = {
			isa = PBXProject;
			attributes = {
				LastUpgradeCheck = 0460;
			};
			buildConfigurationList = C01FCF4E08A954540054247B /* Build configuration list for PBXProject "ThatPDF" */;
			compatibilityVersion = "Xcode 3.2";
			developmentRegion = en;
			hasScannedForEncodings = 1;
			knownRegions = (
				en,
				jp,
				fr,
				de,
			);
			mainGroup = 29B97314FDCFA39411CA2CEA /* CustomTemplate */;
			projectDirPath = "";
			projectReferences = (
				{
					ProductGroup = 027DE5DA17B9E49A00BCA4FE /* Products */;
					ProjectRef = 027DE5D917B9E49A00BCA4FE /* ApptentiveConnect.xcodeproj */;
				},
			);
			projectRoot = "";
			targets = (
				1D6058900D05DD3D006BFB54 /* ThatPDF */,
			);
		};
/* End PBXProject section */

/* Begin PBXReferenceProxy section */
		027DE5E017B9E49B00BCA4FE /* libApptentiveConnect.a */ = {
			isa = PBXReferenceProxy;
			fileType = archive.ar;
			path = libApptentiveConnect.a;
			remoteRef = 027DE5DF17B9E49B00BCA4FE /* PBXContainerItemProxy */;
			sourceTree = BUILT_PRODUCTS_DIR;
		};
		027DE5E217B9E49B00BCA4FE /* ApptentiveConnectTests.octest */ = {
			isa = PBXReferenceProxy;
			fileType = wrapper.cfbundle;
			path = ApptentiveConnectTests.octest;
			remoteRef = 027DE5E117B9E49B00BCA4FE /* PBXContainerItemProxy */;
			sourceTree = BUILT_PRODUCTS_DIR;
		};
		027DE5E417B9E49B00BCA4FE /* ApptentiveResources.bundle */ = {
			isa = PBXReferenceProxy;
			fileType = wrapper.cfbundle;
			path = ApptentiveResources.bundle;
			remoteRef = 027DE5E317B9E49B00BCA4FE /* PBXContainerItemProxy */;
			sourceTree = BUILT_PRODUCTS_DIR;
		};
/* End PBXReferenceProxy section */

/* Begin PBXResourcesBuildPhase section */
		1D60588D0D05DD3D006BFB54 /* Resources */ = {
			isa = PBXResourcesBuildPhase;
			buildActionMask = 2147483647;
			files = (
				45B9423613413C99005AE6DA /* Localizable.strings in Resources */,
				4552C17513413EB00000C190 /* Settings.bundle in Resources */,
				45E2B4EC144CC68E00B497D0 /* help.html in Resources */,
				459D1AD7144CD72600EF4614 /* help.css in Resources */,
				452E1F90161203E600192ED2 /* README.md in Resources */,
				452E1F94161203EE00192ED2 /* LICENSE in Resources */,
				0288558B17A898DE004B5CCF /* FPPicker.bundle in Resources */,
				0288559517A8C75F004B5CCF /* leaseagreement.pdf in Resources */,
				0288559617A8C75F004B5CCF /* nda.pdf in Resources */,
				027DE5D517B9E48200BCA4FE /* INK.bundle in Resources */,
				027DE5D817B9E48A00BCA4FE /* ApptentiveResources.bundle in Resources */,
				027DE5F917B9E4AC00BCA4FE /* INKWelcomeViewController.xib in Resources */,
				027DE5FB17B9E4AC00BCA4FE /* OnboardStep2.png in Resources */,
				027DE5FC17B9E4AC00BCA4FE /* OnboardStep2@2x.png in Resources */,
				027DE5FD17B9E4AC00BCA4FE /* OnboardStep3.png in Resources */,
				027DE5FE17B9E4AC00BCA4FE /* OnboardStep3@2x.png in Resources */,
				027DE5FF17B9E4AC00BCA4FE /* WelcomeThatCloud.png in Resources */,
				027DE60017B9E4AC00BCA4FE /* WelcomeThatCloud@2x.png in Resources */,
				027DE60117B9E4AC00BCA4FE /* WelcomeThatInbox.png in Resources */,
				027DE60217B9E4AC00BCA4FE /* WelcomeThatInbox@2x.png in Resources */,
				027DE60317B9E4AC00BCA4FE /* WelcomeThatPDF.png in Resources */,
				027DE60417B9E4AC00BCA4FE /* WelcomeThatPDF@2x.png in Resources */,
				027DE60517B9E4AC00BCA4FE /* WelcomeThatPhoto.png in Resources */,
				027DE60617B9E4AC00BCA4FE /* WelcomeThatPhoto@2x.png in Resources */,
				027DE60817B9E4B300BCA4FE /* ATConnect.h in Resources */,
				02E96DD717C5390400969697 /* AppIcon-1024.png in Resources */,
				02E96DD817C5390400969697 /* AppIcon-114.png in Resources */,
				02E96DD917C5390400969697 /* AppIcon-144.png in Resources */,
				02E96DDA17C5390400969697 /* AppIcon-512.png in Resources */,
				02E96DDB17C5390400969697 /* AppIcon-57.png in Resources */,
				02E96DDC17C5390400969697 /* AppIcon-72.png in Resources */,
				02E96DDD17C5390400969697 /* AppIcon.ai in Resources */,
				02E96DDE17C5390400969697 /* Folder-Large.png in Resources */,
				02E96DDF17C5390400969697 /* Folder-Large@2x.png in Resources */,
				02E96DE017C5390400969697 /* Folder-Small.png in Resources */,
				02E96DE117C5390400969697 /* Folder-Small@2x.png in Resources */,
				02E96DE217C5390400969697 /* Default-Landscape~ipad.png in Resources */,
				02E96DE517C5390400969697 /* Default.png in Resources */,
				02E96DE617C5390400969697 /* Default@2x.png in Resources */,
				02E96DE717C5390400969697 /* Icon-AddFile.png in Resources */,
				02E96DE817C5390400969697 /* Icon-AddFile@2x.png in Resources */,
				02E96DE917C5390400969697 /* Icon-Check.png in Resources */,
				02E96DEA17C5390400969697 /* Icon-Check@2x.png in Resources */,
				02E96DEB17C5390400969697 /* Icon-Checked.png in Resources */,
				02E96DEC17C5390400969697 /* Icon-Checked@2x.png in Resources */,
				02E96DED17C5390400969697 /* Icon-Cross.png in Resources */,
				02E96DEE17C5390400969697 /* Icon-Cross@2x.png in Resources */,
				02E96DEF17C5390400969697 /* Icon-DeleteFile.png in Resources */,
				02E96DF017C5390400969697 /* Icon-DeleteFile@2x.png in Resources */,
				02E96DF117C5390400969697 /* Icon-DeleteFolder.png in Resources */,
				02E96DF217C5390400969697 /* Icon-DeleteFolder@2x.png in Resources */,
				02E96DF317C5390400969697 /* Icon-Edit.png in Resources */,
				02E96DF417C5390400969697 /* Icon-Edit@2x.png in Resources */,
				02E96DF517C5390400969697 /* Icon-File.png in Resources */,
				02E96DF617C5390400969697 /* Icon-File@2x.png in Resources */,
				02E96DF717C5390400969697 /* Icon-Folder.png in Resources */,
				02E96DF817C5390400969697 /* Icon-Folder@2x.png in Resources */,
				02E96DF917C5390400969697 /* Icon-Minus.png in Resources */,
				02E96DFA17C5390400969697 /* Icon-Minus@2x.png in Resources */,
				02E96DFB17C5390400969697 /* Icon-NewFolder.png in Resources */,
				02E96DFC17C5390400969697 /* Icon-NewFolder@2x.png in Resources */,
				02E96DFD17C5390400969697 /* Icon-Plus.png in Resources */,
				02E96DFE17C5390400969697 /* Icon-Plus@2x.png in Resources */,
				02E96DFF17C5390400969697 /* Icon-SelectFile.png in Resources */,
				02E96E0017C5390400969697 /* Icon-SelectFile@2x.png in Resources */,
				02E96E0117C5390400969697 /* Icon-SelectFolder.png in Resources */,
				02E96E0217C5390400969697 /* Icon-SelectFolder@2x.png in Resources */,
				02E96E0317C5390400969697 /* Reader-Annotate.png in Resources */,
				02E96E0417C5390400969697 /* Reader-Annotate@2x.png in Resources */,
				02E96E0517C5390400969697 /* Reader-Button-H.png in Resources */,
				02E96E0617C5390400969697 /* Reader-Button-H@2x.png in Resources */,
				02E96E0717C5390400969697 /* Reader-Button-N.png in Resources */,
				02E96E0817C5390400969697 /* Reader-Button-N@2x.png in Resources */,
				02E96E0917C5390400969697 /* Reader-Email.png in Resources */,
				02E96E0A17C5390400969697 /* Reader-Email@2x.png in Resources */,
				02E96E0B17C5390400969697 /* Reader-Ink.png in Resources */,
				02E96E0C17C5390400969697 /* Reader-Ink@2x.png in Resources */,
				02E96E0D17C5390400969697 /* Reader-Mark-N.png in Resources */,
				02E96E0E17C5390400969697 /* Reader-Mark-N@2x.png in Resources */,
				02E96E0F17C5390400969697 /* Reader-Mark-Y.png in Resources */,
				02E96E1017C5390400969697 /* Reader-Mark-Y@2x.png in Resources */,
				02E96E1117C5390400969697 /* Reader-Print.png in Resources */,
				02E96E1217C5390400969697 /* Reader-Print@2x.png in Resources */,
				02E96E1317C5390400969697 /* Reader-RedPen.png in Resources */,
				02E96E1417C5390400969697 /* Reader-RedPen@2x.png in Resources */,
				02E96E1517C5390400969697 /* Reader-Sign.png in Resources */,
				02E96E1617C5390400969697 /* Reader-Sign@2x.png in Resources */,
				02E96E1717C5390400969697 /* Reader-Text.png in Resources */,
				02E96E1817C5390400969697 /* Reader-Text@2x.png in Resources */,
				02E96E1917C5390400969697 /* Reader-Thumbs.png in Resources */,
				02E96E1A17C5390400969697 /* Reader-Thumbs@2x.png in Resources */,
				02E96E1E17C539A800969697 /* Default-Landscape@2x~ipad.png in Resources */,
			);
			runOnlyForDeploymentPostprocessing = 0;
		};
/* End PBXResourcesBuildPhase section */

/* Begin PBXSourcesBuildPhase section */
		1D60588E0D05DD3D006BFB54 /* Sources */ = {
			isa = PBXSourcesBuildPhase;
			buildActionMask = 2147483647;
			files = (
				1D60589B0D05DD56006BFB54 /* main.m in Sources */,
				1D3623260D0F684500981E51 /* ThatPDFAppDelegate.m in Sources */,
				28193055112F811F00ECF9B4 /* Reader.xcdatamodeld in Sources */,
				4567BAE01347751600311D51 /* CoreDataManager.m in Sources */,
				4521C5AF1360DCC300DD4856 /* DocumentFolder.m in Sources */,
				4521C5B01360DCC300DD4856 /* ReaderDocument.m in Sources */,
				458D3A21142A580F00F15953 /* CGPDFDocument.m in Sources */,
				458D3A22142A580F00F15953 /* ReaderConstants.m in Sources */,
				458D3A23142A580F00F15953 /* ReaderContentPage.m in Sources */,
				458D3A24142A580F00F15953 /* ReaderContentTile.m in Sources */,
				458D3A25142A580F00F15953 /* ReaderContentView.m in Sources */,
				458D3A27142A580F00F15953 /* ReaderMainPagebar.m in Sources */,
				458D3A28142A580F00F15953 /* ReaderMainToolbar.m in Sources */,
				458D3A2A142A580F00F15953 /* ReaderThumbCache.m in Sources */,
				458D3A2B142A580F00F15953 /* ReaderThumbFetch.m in Sources */,
				458D3A2C142A580F00F15953 /* ReaderThumbQueue.m in Sources */,
				458D3A2D142A580F00F15953 /* ReaderThumbRender.m in Sources */,
				458D3A2E142A580F00F15953 /* ReaderThumbRequest.m in Sources */,
				458D3A2F142A580F00F15953 /* ReaderThumbsView.m in Sources */,
				458D3A30142A580F00F15953 /* ReaderThumbView.m in Sources */,
				458D3A31142A580F00F15953 /* ReaderViewController.m in Sources */,
				458D3A32142A580F00F15953 /* ThumbsMainToolbar.m in Sources */,
				458D3A33142A580F00F15953 /* ThumbsViewController.m in Sources */,
				458D3A34142A580F00F15953 /* UIXToolbarView.m in Sources */,
				451258FD142B8871009BCAF5 /* FoldersViewController.m in Sources */,
				451258FF142B8871009BCAF5 /* LibraryDirectoryView.m in Sources */,
				45125901142B8871009BCAF5 /* LibraryDocumentsView.m in Sources */,
				45125903142B8871009BCAF5 /* LibraryViewController.m in Sources */,
				45125908142B88AF009BCAF5 /* DocumentsUpdate.m in Sources */,
				45125909142B88AF009BCAF5 /* UIXTextEntry.m in Sources */,
				452825231434FF9F00744EB2 /* DirectoryWatcher.m in Sources */,
				45E2B4E9144CB3A500B497D0 /* HelpViewController.m in Sources */,
				45550E4F1612086C003F2FAA /* ReaderDocumentOutline.m in Sources */,
				02EFF25B178D0C2A009D04B4 /* AnnotationStore.m in Sources */,
				02FDF8E4178D1E12004FA109 /* Annotation.m in Sources */,
				02B510FF178DDD8D002CC7B2 /* ReaderAnnotateToolbar.m in Sources */,
				02B51102178DE55E002CC7B2 /* AnnotationViewController.m in Sources */,
				027DE5F817B9E4AC00BCA4FE /* INKWelcomeViewController.m in Sources */,
				027DE5FA17B9E4AC00BCA4FE /* PagedScrollView.m in Sources */,
			);
			runOnlyForDeploymentPostprocessing = 0;
		};
/* End PBXSourcesBuildPhase section */

/* Begin PBXVariantGroup section */
		459D1AD9144CD72600EF4614 /* help.css */ = {
			isa = PBXVariantGroup;
			children = (
				459D1AD8144CD72600EF4614 /* en */,
			);
			name = help.css;
			path = Resources;
			sourceTree = "<group>";
		};
		45B9423513413C99005AE6DA /* Localizable.strings */ = {
			isa = PBXVariantGroup;
			children = (
				45B9423313413C7A005AE6DA /* en */,
			);
			name = Localizable.strings;
			sourceTree = "<group>";
		};
		45E2B4EE144CC68E00B497D0 /* help.html */ = {
			isa = PBXVariantGroup;
			children = (
				45E2B4ED144CC68E00B497D0 /* en */,
			);
			name = help.html;
			path = Resources;
			sourceTree = "<group>";
		};
/* End PBXVariantGroup section */

/* Begin XCBuildConfiguration section */
		1D6058940D05DD3E006BFB54 /* Debug */ = {
			isa = XCBuildConfiguration;
			buildSettings = {
				ALWAYS_SEARCH_USER_PATHS = NO;
				ARCHS = (
					"$(ARCHS_STANDARD_32_BIT)",
					armv6,
				);
				CLANG_ENABLE_OBJC_ARC = YES;
				CODE_SIGN_IDENTITY = "iPhone Developer";
				COPY_PHASE_STRIP = NO;
				FRAMEWORK_SEARCH_PATHS = (
					"$(inherited)",
					"\"$(SRCROOT)/Vendor\"",
				);
				GCC_DYNAMIC_NO_PIC = NO;
				GCC_OPTIMIZATION_LEVEL = 0;
				GCC_PRECOMPILE_PREFIX_HEADER = YES;
				GCC_PREFIX_HEADER = "ThatPDF-Prefix.pch";
				GCC_THUMB_SUPPORT = NO;
				GCC_WARN_MULTIPLE_DEFINITION_TYPES_FOR_SELECTOR = NO;
				GCC_WARN_STRICT_SELECTOR_MATCH = YES;
				GCC_WARN_UNDECLARED_SELECTOR = NO;
				INFOPLIST_FILE = "ThatPDF-Info.plist";
				IPHONEOS_DEPLOYMENT_TARGET = 6.0;
				OTHER_LDFLAGS = "-ObjC";
				PRODUCT_NAME = ThatPDF;
				PROVISIONING_PROFILE = "";
				TARGETED_DEVICE_FAMILY = 2;
			};
			name = Debug;
		};
		1D6058950D05DD3E006BFB54 /* Release */ = {
			isa = XCBuildConfiguration;
			buildSettings = {
				ALWAYS_SEARCH_USER_PATHS = NO;
				ARCHS = (
					"$(ARCHS_STANDARD_32_BIT)",
					armv6,
				);
				CLANG_ENABLE_OBJC_ARC = YES;
				CODE_SIGN_IDENTITY = "iPhone Distribution";
				"CODE_SIGN_IDENTITY[sdk=iphoneos*]" = "iPhone Distribution";
				COPY_PHASE_STRIP = YES;
				FRAMEWORK_SEARCH_PATHS = (
					"$(inherited)",
					"\"$(SRCROOT)/Vendor\"",
				);
				GCC_PRECOMPILE_PREFIX_HEADER = YES;
				GCC_PREFIX_HEADER = "ThatPDF-Prefix.pch";
				GCC_THUMB_SUPPORT = NO;
				GCC_WARN_MULTIPLE_DEFINITION_TYPES_FOR_SELECTOR = NO;
				GCC_WARN_STRICT_SELECTOR_MATCH = YES;
				GCC_WARN_UNDECLARED_SELECTOR = NO;
				INFOPLIST_FILE = "ThatPDF-Info.plist";
				IPHONEOS_DEPLOYMENT_TARGET = 6.0;
				OTHER_LDFLAGS = "-ObjC";
				PRODUCT_NAME = ThatPDF;
				PROVISIONING_PROFILE = "";
				"PROVISIONING_PROFILE[sdk=iphoneos*]" = "";
				TARGETED_DEVICE_FAMILY = 2;
				VALIDATE_PRODUCT = YES;
			};
			name = Release;
		};
		458304E71341518700849EF5 /* Testing */ = {
			isa = XCBuildConfiguration;
			buildSettings = {
				ARCHS = (
					"$(ARCHS_STANDARD_32_BIT)",
					armv6,
				);
				CLANG_WARN_CONSTANT_CONVERSION = YES;
				CLANG_WARN_ENUM_CONVERSION = YES;
				CLANG_WARN_INT_CONVERSION = YES;
				CLANG_WARN__DUPLICATE_METHOD_MATCH = YES;
				"CODE_SIGN_IDENTITY[sdk=iphoneos*]" = "iPhone Developer";
				GCC_C_LANGUAGE_STANDARD = c99;
				GCC_MODEL_TUNING = "";
				GCC_PREPROCESSOR_DEFINITIONS = TESTING;
				GCC_THUMB_SUPPORT = NO;
				GCC_VERSION = com.apple.compilers.llvm.clang.1_0;
				GCC_WARN_ABOUT_RETURN_TYPE = YES;
				GCC_WARN_UNINITIALIZED_AUTOS = YES;
				GCC_WARN_UNUSED_VARIABLE = YES;
				IPHONEOS_DEPLOYMENT_TARGET = 4.3;
				OTHER_CFLAGS = "-DNS_BLOCK_ASSERTIONS=1";
				SDKROOT = iphoneos;
				TARGETED_DEVICE_FAMILY = "1,2";
			};
			name = Testing;
		};
		458304E81341518700849EF5 /* Testing */ = {
			isa = XCBuildConfiguration;
			buildSettings = {
				ALWAYS_SEARCH_USER_PATHS = NO;
				ARCHS = (
					"$(ARCHS_STANDARD_32_BIT)",
					armv6,
				);
				CLANG_ENABLE_OBJC_ARC = YES;
				CODE_SIGN_IDENTITY = "iPhone Developer";
				COPY_PHASE_STRIP = YES;
				FRAMEWORK_SEARCH_PATHS = (
					"$(inherited)",
					"\"$(SRCROOT)/Vendor\"",
				);
				GCC_PRECOMPILE_PREFIX_HEADER = YES;
				GCC_PREFIX_HEADER = "ThatPDF-Prefix.pch";
				GCC_THUMB_SUPPORT = NO;
				GCC_WARN_MULTIPLE_DEFINITION_TYPES_FOR_SELECTOR = NO;
				GCC_WARN_STRICT_SELECTOR_MATCH = YES;
				GCC_WARN_UNDECLARED_SELECTOR = NO;
				INFOPLIST_FILE = "ThatPDF-Info.plist";
				IPHONEOS_DEPLOYMENT_TARGET = 6.0;
				OTHER_LDFLAGS = "-ObjC";
				PRODUCT_NAME = ThatPDF;
				PROVISIONING_PROFILE = "";
				TARGETED_DEVICE_FAMILY = 2;
			};
			name = Testing;
		};
		C01FCF4F08A954540054247B /* Debug */ = {
			isa = XCBuildConfiguration;
			buildSettings = {
				ARCHS = (
					"$(ARCHS_STANDARD_32_BIT)",
					armv6,
				);
				CLANG_WARN_CONSTANT_CONVERSION = YES;
				CLANG_WARN_ENUM_CONVERSION = YES;
				CLANG_WARN_INT_CONVERSION = YES;
				CLANG_WARN__DUPLICATE_METHOD_MATCH = YES;
				"CODE_SIGN_IDENTITY[sdk=iphoneos*]" = "iPhone Developer";
				GCC_C_LANGUAGE_STANDARD = c99;
				GCC_MODEL_TUNING = "";
				GCC_PREPROCESSOR_DEFINITIONS = DEBUG;
				GCC_THUMB_SUPPORT = NO;
				GCC_VERSION = com.apple.compilers.llvm.clang.1_0;
				GCC_WARN_ABOUT_RETURN_TYPE = YES;
				GCC_WARN_UNINITIALIZED_AUTOS = YES;
				GCC_WARN_UNUSED_VARIABLE = YES;
				IPHONEOS_DEPLOYMENT_TARGET = 4.3;
				SDKROOT = iphoneos;
				TARGETED_DEVICE_FAMILY = "1,2";
			};
			name = Debug;
		};
		C01FCF5008A954540054247B /* Release */ = {
			isa = XCBuildConfiguration;
			buildSettings = {
				ARCHS = (
					"$(ARCHS_STANDARD_32_BIT)",
					armv6,
				);
				CLANG_WARN_CONSTANT_CONVERSION = YES;
				CLANG_WARN_ENUM_CONVERSION = YES;
				CLANG_WARN_INT_CONVERSION = YES;
				CLANG_WARN__DUPLICATE_METHOD_MATCH = YES;
				"CODE_SIGN_IDENTITY[sdk=iphoneos*]" = "iPhone Developer";
				GCC_C_LANGUAGE_STANDARD = c99;
				GCC_MODEL_TUNING = "";
				GCC_PREPROCESSOR_DEFINITIONS = NDEBUG;
				GCC_THUMB_SUPPORT = NO;
				GCC_VERSION = com.apple.compilers.llvm.clang.1_0;
				GCC_WARN_ABOUT_RETURN_TYPE = YES;
				GCC_WARN_UNINITIALIZED_AUTOS = YES;
				GCC_WARN_UNUSED_VARIABLE = YES;
				IPHONEOS_DEPLOYMENT_TARGET = 4.3;
				OTHER_CFLAGS = "-DNS_BLOCK_ASSERTIONS=1";
				"PROVISIONING_PROFILE[sdk=iphoneos*]" = "87A9AD1E-548E-4E5E-9D91-294E48419B0C";
				SDKROOT = iphoneos;
				TARGETED_DEVICE_FAMILY = "1,2";
			};
			name = Release;
		};
/* End XCBuildConfiguration section */

/* Begin XCConfigurationList section */
		1D6058960D05DD3E006BFB54 /* Build configuration list for PBXNativeTarget "ThatPDF" */ = {
			isa = XCConfigurationList;
			buildConfigurations = (
				1D6058940D05DD3E006BFB54 /* Debug */,
				458304E81341518700849EF5 /* Testing */,
				1D6058950D05DD3E006BFB54 /* Release */,
			);
			defaultConfigurationIsVisible = 0;
			defaultConfigurationName = Release;
		};
		C01FCF4E08A954540054247B /* Build configuration list for PBXProject "ThatPDF" */ = {
			isa = XCConfigurationList;
			buildConfigurations = (
				C01FCF4F08A954540054247B /* Debug */,
				458304E71341518700849EF5 /* Testing */,
				C01FCF5008A954540054247B /* Release */,
			);
			defaultConfigurationIsVisible = 0;
			defaultConfigurationName = Release;
		};
/* End XCConfigurationList section */

/* Begin XCVersionGroup section */
		28193054112F811F00ECF9B4 /* Reader.xcdatamodeld */ = {
			isa = XCVersionGroup;
			children = (
				28C3AD890F43EF2300507BA6 /* Reader.xcdatamodel */,
			);
			currentVersion = 28C3AD890F43EF2300507BA6 /* Reader.xcdatamodel */;
			path = Reader.xcdatamodeld;
			sourceTree = "<group>";
			versionGroupType = wrapper.xcdatamodel;
		};
/* End XCVersionGroup section */
	};
	rootObject = 29B97313FDCFA39411CA2CEA /* Project object */;
}
