// !$*UTF8*$!
{
	archiveVersion = 1;
	classes = {
	};
	objectVersion = 46;
	objects = {

/* Begin PBXAggregateTarget section */
		FC7CB049173CAB7A009E1A78 /* Framework */ = {
			isa = PBXAggregateTarget;
			buildConfigurationList = FC7CB04A173CAB7A009E1A78 /* Build configuration list for PBXAggregateTarget "Framework" */;
			buildPhases = (
				FC7CB050173CABC5009E1A78 /* Build Framework */,
			);
			dependencies = (
				FC7CB079173CAFBD009E1A78 /* PBXTargetDependency */,
				FC7CB04E173CAB8A009E1A78 /* PBXTargetDependency */,
			);
			name = Framework;
			productName = Framework;
		};
/* End PBXAggregateTarget section */

/* Begin PBXBuildFile section */
		027E4D4317912BCA007A63D7 /* acrobat.jpg in Resources */ = {isa = PBXBuildFile; fileRef = 027E4D4017912BCA007A63D7 /* acrobat.jpg */; };
		027E4D4417912BCA007A63D7 /* bin.png in Resources */ = {isa = PBXBuildFile; fileRef = 027E4D4117912BCA007A63D7 /* bin.png */; };
		027E4D4517912BCA007A63D7 /* sketchboard.png in Resources */ = {isa = PBXBuildFile; fileRef = 027E4D4217912BCA007A63D7 /* sketchboard.png */; };
		2914086D17756E010012851F /* LoadableCategory.h in Headers */ = {isa = PBXBuildFile; fileRef = 2914086C17756E010012851F /* LoadableCategory.h */; settings = {ATTRIBUTES = (Public, ); }; };
		2914088F1775AC2B0012851F /* LoadableCategoryUIView.h in Headers */ = {isa = PBXBuildFile; fileRef = 2914088D1775A5D70012851F /* LoadableCategoryUIView.h */; settings = {ATTRIBUTES = (Public, ); }; };
		291408921775D3DD0012851F /* RNBlurModalView.h in Headers */ = {isa = PBXBuildFile; fileRef = 291408901775D3DD0012851F /* RNBlurModalView.h */; settings = {ATTRIBUTES = (Public, ); }; };
		291408931775D3DD0012851F /* RNBlurModalView.m in Sources */ = {isa = PBXBuildFile; fileRef = 291408911775D3DD0012851F /* RNBlurModalView.m */; };
		29151C4D1789EE9E00E32734 /* FMDatabase.h in Headers */ = {isa = PBXBuildFile; fileRef = 29151C431789EE9E00E32734 /* FMDatabase.h */; settings = {ATTRIBUTES = (Public, ); }; };
		29151C4E1789EE9E00E32734 /* FMDatabase.m in Sources */ = {isa = PBXBuildFile; fileRef = 29151C441789EE9E00E32734 /* FMDatabase.m */; };
		29151C4F1789EE9E00E32734 /* FMDatabaseAdditions.h in Headers */ = {isa = PBXBuildFile; fileRef = 29151C451789EE9E00E32734 /* FMDatabaseAdditions.h */; settings = {ATTRIBUTES = (Public, ); }; };
		29151C501789EE9E00E32734 /* FMDatabaseAdditions.m in Sources */ = {isa = PBXBuildFile; fileRef = 29151C461789EE9E00E32734 /* FMDatabaseAdditions.m */; };
		29151C511789EE9E00E32734 /* FMDatabasePool.h in Headers */ = {isa = PBXBuildFile; fileRef = 29151C471789EE9E00E32734 /* FMDatabasePool.h */; settings = {ATTRIBUTES = (Public, ); }; };
		29151C521789EE9E00E32734 /* FMDatabasePool.m in Sources */ = {isa = PBXBuildFile; fileRef = 29151C481789EE9E00E32734 /* FMDatabasePool.m */; };
		29151C531789EE9E00E32734 /* FMDatabaseQueue.h in Headers */ = {isa = PBXBuildFile; fileRef = 29151C491789EE9E00E32734 /* FMDatabaseQueue.h */; settings = {ATTRIBUTES = (Public, ); }; };
		29151C541789EE9E00E32734 /* FMDatabaseQueue.m in Sources */ = {isa = PBXBuildFile; fileRef = 29151C4A1789EE9E00E32734 /* FMDatabaseQueue.m */; };
		29151C551789EE9E00E32734 /* FMResultSet.h in Headers */ = {isa = PBXBuildFile; fileRef = 29151C4B1789EE9E00E32734 /* FMResultSet.h */; settings = {ATTRIBUTES = (Public, ); }; };
		29151C561789EE9E00E32734 /* FMResultSet.m in Sources */ = {isa = PBXBuildFile; fileRef = 29151C4C1789EE9E00E32734 /* FMResultSet.m */; };
		29151C581789EEB300E32734 /* libsqlite3.0.dylib in Frameworks */ = {isa = PBXBuildFile; fileRef = 29151C571789EEB300E32734 /* libsqlite3.0.dylib */; settings = {ATTRIBUTES = (Weak, ); }; };
		29151C5B1789F10400E32734 /* Constants.h in Headers */ = {isa = PBXBuildFile; fileRef = 29151C591789F10400E32734 /* Constants.h */; };
		29151C5C1789F10400E32734 /* Constants.m in Sources */ = {isa = PBXBuildFile; fileRef = 29151C5A1789F10400E32734 /* Constants.m */; };
		29151C68178A014B00E32734 /* leftActionListItemView.h in Headers */ = {isa = PBXBuildFile; fileRef = 29151C5F178A014A00E32734 /* leftActionListItemView.h */; };
		29151C69178A014B00E32734 /* leftActionListItemView.m in Sources */ = {isa = PBXBuildFile; fileRef = 29151C60178A014A00E32734 /* leftActionListItemView.m */; };
		29151C6A178A014B00E32734 /* leftActionListView.h in Headers */ = {isa = PBXBuildFile; fileRef = 29151C61178A014A00E32734 /* leftActionListView.h */; };
		29151C6B178A014B00E32734 /* leftActionListView.m in Sources */ = {isa = PBXBuildFile; fileRef = 29151C62178A014A00E32734 /* leftActionListView.m */; };
		29151C6C178A014B00E32734 /* previewView.m in Sources */ = {isa = PBXBuildFile; fileRef = 29151C63178A014B00E32734 /* previewView.m */; };
		29151C6D178A014B00E32734 /* rightActionListView.h in Headers */ = {isa = PBXBuildFile; fileRef = 29151C64178A014B00E32734 /* rightActionListView.h */; };
		29151C6E178A014B00E32734 /* rightActionListView.m in Sources */ = {isa = PBXBuildFile; fileRef = 29151C65178A014B00E32734 /* rightActionListView.m */; };
		29151C6F178A014B00E32734 /* rightActionListViewItem.h in Headers */ = {isa = PBXBuildFile; fileRef = 29151C66178A014B00E32734 /* rightActionListViewItem.h */; };
		29151C70178A014B00E32734 /* rightActionListViewItem.m in Sources */ = {isa = PBXBuildFile; fileRef = 29151C67178A014B00E32734 /* rightActionListViewItem.m */; };
		29151C73178A105800E32734 /* INKDB.h in Headers */ = {isa = PBXBuildFile; fileRef = 29151C71178A105800E32734 /* INKDB.h */; };
		29151C74178A105800E32734 /* INKDB.m in Sources */ = {isa = PBXBuildFile; fileRef = 29151C72178A105800E32734 /* INKDB.m */; };
		29151C7F178B90F800E32734 /* close.png in Resources */ = {isa = PBXBuildFile; fileRef = 29151C7B178B90E400E32734 /* close.png */; };
		29151C80178B90F800E32734 /* help.png in Resources */ = {isa = PBXBuildFile; fileRef = 29151C7C178B90E400E32734 /* help.png */; };
		29151C81178B90F800E32734 /* selected.png in Resources */ = {isa = PBXBuildFile; fileRef = 29151C7D178B90E400E32734 /* selected.png */; };
		29151C82178B90F800E32734 /* zoom.png in Resources */ = {isa = PBXBuildFile; fileRef = 29151C7E178B90E400E32734 /* zoom.png */; };
		29151C91178B913F00E32734 /* INKViewController.m in Sources */ = {isa = PBXBuildFile; fileRef = 29151C83178B913F00E32734 /* INKViewController.m */; };
		29151C92178B913F00E32734 /* INKManager.h in Headers */ = {isa = PBXBuildFile; fileRef = 29151C84178B913F00E32734 /* INKManager.h */; settings = {ATTRIBUTES = (Public, ); }; };
		29151C93178B913F00E32734 /* INKViewController.h in Headers */ = {isa = PBXBuildFile; fileRef = 29151C85178B913F00E32734 /* INKViewController.h */; };
		29151C94178B913F00E32734 /* INKManager.m in Sources */ = {isa = PBXBuildFile; fileRef = 29151C86178B913F00E32734 /* INKManager.m */; };
		29151C95178B913F00E32734 /* INKModalViewController.h in Headers */ = {isa = PBXBuildFile; fileRef = 29151C87178B913F00E32734 /* INKModalViewController.h */; };
		29151C96178B913F00E32734 /* INKModalViewController.m in Sources */ = {isa = PBXBuildFile; fileRef = 29151C88178B913F00E32734 /* INKModalViewController.m */; };
		29151C97178B913F00E32734 /* InkViewController2.h in Headers */ = {isa = PBXBuildFile; fileRef = 29151C89178B913F00E32734 /* InkViewController2.h */; };
		29151C98178B913F00E32734 /* InkViewController2.m in Sources */ = {isa = PBXBuildFile; fileRef = 29151C8A178B913F00E32734 /* InkViewController2.m */; };
		29151C99178B913F00E32734 /* LeftActionListViewController.h in Headers */ = {isa = PBXBuildFile; fileRef = 29151C8B178B913F00E32734 /* LeftActionListViewController.h */; };
		29151C9A178B913F00E32734 /* LeftActionListViewController.m in Sources */ = {isa = PBXBuildFile; fileRef = 29151C8C178B913F00E32734 /* LeftActionListViewController.m */; };
		29151C9B178B913F00E32734 /* RightActionListViewController.h in Headers */ = {isa = PBXBuildFile; fileRef = 29151C8D178B913F00E32734 /* RightActionListViewController.h */; };
		29151C9C178B913F00E32734 /* RightActionListViewController.m in Sources */ = {isa = PBXBuildFile; fileRef = 29151C8E178B913F00E32734 /* RightActionListViewController.m */; };
		29151C9D178B913F00E32734 /* RightActionsViewController.h in Headers */ = {isa = PBXBuildFile; fileRef = 29151C8F178B913F00E32734 /* RightActionsViewController.h */; };
		29151C9E178B913F00E32734 /* RightActionsViewController.m in Sources */ = {isa = PBXBuildFile; fileRef = 29151C90178B913F00E32734 /* RightActionsViewController.m */; };
		2980052F177A0E0000DA54C0 /* TMCache.h in Headers */ = {isa = PBXBuildFile; fileRef = 29800529177A0E0000DA54C0 /* TMCache.h */; settings = {ATTRIBUTES = (Public, ); }; };
		29800530177A0E0000DA54C0 /* TMCache.m in Sources */ = {isa = PBXBuildFile; fileRef = 2980052A177A0E0000DA54C0 /* TMCache.m */; };
		29800531177A0E0000DA54C0 /* TMDiskCache.h in Headers */ = {isa = PBXBuildFile; fileRef = 2980052B177A0E0000DA54C0 /* TMDiskCache.h */; settings = {ATTRIBUTES = (Public, ); }; };
		29800532177A0E0000DA54C0 /* TMDiskCache.m in Sources */ = {isa = PBXBuildFile; fileRef = 2980052C177A0E0000DA54C0 /* TMDiskCache.m */; };
		29800533177A0E0000DA54C0 /* TMMemoryCache.h in Headers */ = {isa = PBXBuildFile; fileRef = 2980052D177A0E0000DA54C0 /* TMMemoryCache.h */; settings = {ATTRIBUTES = (Public, ); }; };
		29800534177A0E0000DA54C0 /* TMMemoryCache.m in Sources */ = {isa = PBXBuildFile; fileRef = 2980052E177A0E0000DA54C0 /* TMMemoryCache.m */; };
		29800567177A1F1C00DA54C0 /* INKAction.h in Headers */ = {isa = PBXBuildFile; fileRef = 29800542177A1F1C00DA54C0 /* INKAction.h */; settings = {ATTRIBUTES = (Public, ); }; };
		29800568177A1F1C00DA54C0 /* INKAction.m in Sources */ = {isa = PBXBuildFile; fileRef = 29800543177A1F1C00DA54C0 /* INKAction.m */; };
		29800569177A1F1C00DA54C0 /* INKBlob.h in Headers */ = {isa = PBXBuildFile; fileRef = 29800544177A1F1C00DA54C0 /* INKBlob.h */; settings = {ATTRIBUTES = (Public, ); }; };
		2980056A177A1F1C00DA54C0 /* INKBlob.m in Sources */ = {isa = PBXBuildFile; fileRef = 29800545177A1F1C00DA54C0 /* INKBlob.m */; };
		2980056B177A1F1C00DA54C0 /* INKBlobstore.h in Headers */ = {isa = PBXBuildFile; fileRef = 29800546177A1F1C00DA54C0 /* INKBlobstore.h */; settings = {ATTRIBUTES = (Public, ); }; };
		2980056C177A1F1C00DA54C0 /* INKBlobstore.m in Sources */ = {isa = PBXBuildFile; fileRef = 29800547177A1F1C00DA54C0 /* INKBlobstore.m */; };
		2980056D177A1F1C00DA54C0 /* INKConstants.h in Headers */ = {isa = PBXBuildFile; fileRef = 29800548177A1F1C00DA54C0 /* INKConstants.h */; settings = {ATTRIBUTES = (Public, ); }; };
		2980056E177A1F1C00DA54C0 /* INKConstants.m in Sources */ = {isa = PBXBuildFile; fileRef = 29800549177A1F1C00DA54C0 /* INKConstants.m */; };
		2980056F177A1F1C00DA54C0 /* InkCore-Prefix.pch in Headers */ = {isa = PBXBuildFile; fileRef = 2980054A177A1F1C00DA54C0 /* InkCore-Prefix.pch */; settings = {ATTRIBUTES = (Public, ); }; };
		29800570177A1F1C00DA54C0 /* InkCore.h in Headers */ = {isa = PBXBuildFile; fileRef = 2980054B177A1F1C00DA54C0 /* InkCore.h */; settings = {ATTRIBUTES = (Public, ); }; };
		29800571177A1F1C00DA54C0 /* INKCore.m in Sources */ = {isa = PBXBuildFile; fileRef = 2980054C177A1F1C00DA54C0 /* INKCore.m */; };
		29800572177A1F1C00DA54C0 /* InkLibrary.h in Headers */ = {isa = PBXBuildFile; fileRef = 2980054D177A1F1C00DA54C0 /* InkLibrary.h */; settings = {ATTRIBUTES = (Public, ); }; };
		29800573177A1F1C00DA54C0 /* InkLibrary.m in Sources */ = {isa = PBXBuildFile; fileRef = 2980054E177A1F1C00DA54C0 /* InkLibrary.m */; };
		29800574177A1F1C00DA54C0 /* INKTriple.h in Headers */ = {isa = PBXBuildFile; fileRef = 2980054F177A1F1C00DA54C0 /* INKTriple.h */; settings = {ATTRIBUTES = (Public, ); }; };
		29800575177A1F1C00DA54C0 /* INKTriple.m in Sources */ = {isa = PBXBuildFile; fileRef = 29800550177A1F1C00DA54C0 /* INKTriple.m */; };
		29800576177A1F1C00DA54C0 /* INKUser.h in Headers */ = {isa = PBXBuildFile; fileRef = 29800551177A1F1C00DA54C0 /* INKUser.h */; settings = {ATTRIBUTES = (Public, ); }; };
		29800577177A1F1C00DA54C0 /* INKUser.m in Sources */ = {isa = PBXBuildFile; fileRef = 29800552177A1F1C00DA54C0 /* INKUser.m */; };
		29800578177A1F1C00DA54C0 /* IACClient.h in Headers */ = {isa = PBXBuildFile; fileRef = 29800554177A1F1C00DA54C0 /* IACClient.h */; settings = {ATTRIBUTES = (Public, ); }; };
		29800579177A1F1C00DA54C0 /* IACClient.m in Sources */ = {isa = PBXBuildFile; fileRef = 29800555177A1F1C00DA54C0 /* IACClient.m */; };
		2980057A177A1F1C00DA54C0 /* IACDelegate.h in Headers */ = {isa = PBXBuildFile; fileRef = 29800556177A1F1C00DA54C0 /* IACDelegate.h */; settings = {ATTRIBUTES = (Public, ); }; };
		2980057B177A1F1C00DA54C0 /* IACManager.h in Headers */ = {isa = PBXBuildFile; fileRef = 29800557177A1F1C00DA54C0 /* IACManager.h */; settings = {ATTRIBUTES = (Public, ); }; };
		2980057C177A1F1C00DA54C0 /* IACManager.m in Sources */ = {isa = PBXBuildFile; fileRef = 29800558177A1F1C00DA54C0 /* IACManager.m */; };
		2980057D177A1F1C00DA54C0 /* IACRequest.h in Headers */ = {isa = PBXBuildFile; fileRef = 29800559177A1F1C00DA54C0 /* IACRequest.h */; settings = {ATTRIBUTES = (Public, ); }; };
		2980057E177A1F1C00DA54C0 /* IACRequest.m in Sources */ = {isa = PBXBuildFile; fileRef = 2980055A177A1F1C00DA54C0 /* IACRequest.m */; };
		2980057F177A1F1C00DA54C0 /* NSString+IACExtensions.h in Headers */ = {isa = PBXBuildFile; fileRef = 2980055B177A1F1C00DA54C0 /* NSString+IACExtensions.h */; settings = {ATTRIBUTES = (Public, ); }; };
		29800580177A1F1C00DA54C0 /* NSString+IACExtensions.m in Sources */ = {isa = PBXBuildFile; fileRef = 2980055C177A1F1C00DA54C0 /* NSString+IACExtensions.m */; };
		29800581177A1F1C00DA54C0 /* NSData+DataWithContentsOfFileAtOffsetWithSize.h in Headers */ = {isa = PBXBuildFile; fileRef = 2980055D177A1F1C00DA54C0 /* NSData+DataWithContentsOfFileAtOffsetWithSize.h */; settings = {ATTRIBUTES = (Public, ); }; };
		29800582177A1F1C00DA54C0 /* NSData+DataWithContentsOfFileAtOffsetWithSize.m in Sources */ = {isa = PBXBuildFile; fileRef = 2980055E177A1F1C00DA54C0 /* NSData+DataWithContentsOfFileAtOffsetWithSize.m */; };
		29800583177A203900DA54C0 /* MobileCoreServices.framework in Frameworks */ = {isa = PBXBuildFile; fileRef = 29800537177A1EE400DA54C0 /* MobileCoreServices.framework */; };
		29800584177A204000DA54C0 /* CoreImage.framework in Frameworks */ = {isa = PBXBuildFile; fileRef = 291408981775D5870012851F /* CoreImage.framework */; };
		29800585177A204700DA54C0 /* Accelerate.framework in Frameworks */ = {isa = PBXBuildFile; fileRef = 291408961775D5360012851F /* Accelerate.framework */; };
		29800586177A205000DA54C0 /* libz.dylib in Frameworks */ = {isa = PBXBuildFile; fileRef = 29800535177A1EC200DA54C0 /* libz.dylib */; };
		2980058F177A470500DA54C0 /* InkHeader.h in Headers */ = {isa = PBXBuildFile; fileRef = 2980058D177A470500DA54C0 /* InkHeader.h */; settings = {ATTRIBUTES = (Public, ); }; };
		29800590177A470500DA54C0 /* InkHeader.m in Sources */ = {isa = PBXBuildFile; fileRef = 2980058E177A470500DA54C0 /* InkHeader.m */; };
		29800591177A56E900DA54C0 /* sampledata.json in Headers */ = {isa = PBXBuildFile; fileRef = 29800588177A444200DA54C0 /* sampledata.json */; settings = {ATTRIBUTES = (Public, ); }; };
		29800594177A57B200DA54C0 /* sampledata.json in Resources */ = {isa = PBXBuildFile; fileRef = 29800588177A444200DA54C0 /* sampledata.json */; };
		29CD175B1789A524005461E1 /* INKLeftAction.h in Headers */ = {isa = PBXBuildFile; fileRef = 29CD17591789A523005461E1 /* INKLeftAction.h */; settings = {ATTRIBUTES = (Public, ); }; };
		29CD175C1789A524005461E1 /* INKLeftAction.m in Sources */ = {isa = PBXBuildFile; fileRef = 29CD175A1789A524005461E1 /* INKLeftAction.m */; };
		29CD175F1789A572005461E1 /* INKIcon.m in Sources */ = {isa = PBXBuildFile; fileRef = 29CD175D1789A572005461E1 /* INKIcon.m */; };
		29CD17601789A572005461E1 /* INKIcon.h in Headers */ = {isa = PBXBuildFile; fileRef = 29CD175E1789A572005461E1 /* INKIcon.h */; settings = {ATTRIBUTES = (Public, ); }; };
		29FD7FF21778D598000B9F09 /* barView.h in Headers */ = {isa = PBXBuildFile; fileRef = 29FD7FF01778D598000B9F09 /* barView.h */; settings = {ATTRIBUTES = (Public, ); }; };
		29FD7FF31778D598000B9F09 /* barView.m in Sources */ = {isa = PBXBuildFile; fileRef = 29FD7FF11778D598000B9F09 /* barView.m */; };
		29FD80061778D98A000B9F09 /* InkOverallView.h in Headers */ = {isa = PBXBuildFile; fileRef = 29FD7FFA1778D989000B9F09 /* InkOverallView.h */; settings = {ATTRIBUTES = (Public, ); }; };
		29FD80071778D98A000B9F09 /* InkOverallView.m in Sources */ = {isa = PBXBuildFile; fileRef = 29FD7FFB1778D989000B9F09 /* InkOverallView.m */; };
		29FD800A1778D98A000B9F09 /* previewView.h in Headers */ = {isa = PBXBuildFile; fileRef = 29FD7FFE1778D989000B9F09 /* previewView.h */; settings = {ATTRIBUTES = (Public, ); }; };
		29FD800F1778D9E8000B9F09 /* MenuView.h in Headers */ = {isa = PBXBuildFile; fileRef = 29FD800D1778D9E8000B9F09 /* MenuView.h */; settings = {ATTRIBUTES = (Public, ); }; };
		29FD80101778D9E8000B9F09 /* MenuView.m in Sources */ = {isa = PBXBuildFile; fileRef = 29FD800E1778D9E8000B9F09 /* MenuView.m */; };
		9E32D2E2177CC7BE00B18840 /* INKRightAction.h in Headers */ = {isa = PBXBuildFile; fileRef = 9E32D2E0177CC7BE00B18840 /* INKRightAction.h */; settings = {ATTRIBUTES = (Public, ); }; };
		9E32D2E3177CC7BE00B18840 /* INKRightAction.m in Sources */ = {isa = PBXBuildFile; fileRef = 9E32D2E1177CC7BE00B18840 /* INKRightAction.m */; };
		9E52400317692B410088F75F /* INKResources-Prefix.pch in Headers */ = {isa = PBXBuildFile; fileRef = 9E523FF317692B410088F75F /* INKResources-Prefix.pch */; settings = {ATTRIBUTES = (Public, ); }; };
		9E52400617692B410088F75F /* INK-Prefix.pch in Headers */ = {isa = PBXBuildFile; fileRef = 9E523FF717692B410088F75F /* INK-Prefix.pch */; settings = {ATTRIBUTES = (Public, ); }; };
		9E52400717692B410088F75F /* InkButton.h in Headers */ = {isa = PBXBuildFile; fileRef = 9E523FF817692B410088F75F /* InkButton.h */; settings = {ATTRIBUTES = (Public, ); }; };
		9E52400817692B410088F75F /* InkButton.m in Sources */ = {isa = PBXBuildFile; fileRef = 9E523FF917692B410088F75F /* InkButton.m */; };
		9E52400D17692B410088F75F /* UIButton+Ink.h in Headers */ = {isa = PBXBuildFile; fileRef = 9E523FFE17692B410088F75F /* UIButton+Ink.h */; settings = {ATTRIBUTES = (Public, ); }; };
		9E52400E17692B410088F75F /* UIButton+Ink.m in Sources */ = {isa = PBXBuildFile; fileRef = 9E523FFF17692B410088F75F /* UIButton+Ink.m */; };
		9E52400F17692B410088F75F /* UIView+Ink.h in Headers */ = {isa = PBXBuildFile; fileRef = 9E52400017692B410088F75F /* UIView+Ink.h */; settings = {ATTRIBUTES = (Public, ); }; };
		9E52401017692B410088F75F /* UIView+Ink.m in Sources */ = {isa = PBXBuildFile; fileRef = 9E52400117692B410088F75F /* UIView+Ink.m */; };
		9E524018176A6BE00088F75F /* acrobat.jpg in Resources */ = {isa = PBXBuildFile; fileRef = 9E524017176A6BE00088F75F /* acrobat.jpg */; };
		9EA66E77176BA33F000F414D /* Roboto-BoldCondensed.ttf in Resources */ = {isa = PBXBuildFile; fileRef = 9EA66E74176BA33F000F414D /* Roboto-BoldCondensed.ttf */; };
		9EA66E78176BA33F000F414D /* Roboto-Condensed.ttf in Resources */ = {isa = PBXBuildFile; fileRef = 9EA66E75176BA33F000F414D /* Roboto-Condensed.ttf */; };
		9EA66E79176BA33F000F414D /* Roboto-CondensedItalic.ttf in Resources */ = {isa = PBXBuildFile; fileRef = 9EA66E76176BA33F000F414D /* Roboto-CondensedItalic.ttf */; };
		9ECA56DF1744480B009741B6 /* CoreFoundation.framework in Frameworks */ = {isa = PBXBuildFile; fileRef = FC7CB056173CAEB0009E1A78 /* CoreFoundation.framework */; };
		9EE774BA177CADA7007EBDA7 /* inklogo.png in Resources */ = {isa = PBXBuildFile; fileRef = 9EE774B9177CADA7007EBDA7 /* inklogo.png */; };
		FC7CB039173CA74D009E1A78 /* Foundation.framework in Frameworks */ = {isa = PBXBuildFile; fileRef = FC7CB038173CA74D009E1A78 /* Foundation.framework */; settings = {ATTRIBUTES = (Required, ); }; };
		FC7CB057173CAEB0009E1A78 /* CoreFoundation.framework in Frameworks */ = {isa = PBXBuildFile; fileRef = FC7CB056173CAEB0009E1A78 /* CoreFoundation.framework */; };
		FC7CB091173CB643009E1A78 /* QuartzCore.framework in Frameworks */ = {isa = PBXBuildFile; fileRef = FC7CB090173CB643009E1A78 /* QuartzCore.framework */; settings = {ATTRIBUTES = (Required, ); }; };
		FC7CB093173CB648009E1A78 /* UIKit.framework in Frameworks */ = {isa = PBXBuildFile; fileRef = FC7CB092173CB648009E1A78 /* UIKit.framework */; };
		FC7CB095173CB64F009E1A78 /* CoreGraphics.framework in Frameworks */ = {isa = PBXBuildFile; fileRef = FC7CB094173CB64F009E1A78 /* CoreGraphics.framework */; };
/* End PBXBuildFile section */

/* Begin PBXContainerItemProxy section */
		FC7CB04D173CAB8A009E1A78 /* PBXContainerItemProxy */ = {
			isa = PBXContainerItemProxy;
			containerPortal = FC7CB02D173CA74D009E1A78 /* Project object */;
			proxyType = 1;
			remoteGlobalIDString = FC7CB034173CA74D009E1A78;
			remoteInfo = INK;
		};
		FC7CB078173CAFBD009E1A78 /* PBXContainerItemProxy */ = {
			isa = PBXContainerItemProxy;
			containerPortal = FC7CB02D173CA74D009E1A78 /* Project object */;
			proxyType = 1;
			remoteGlobalIDString = FC7CB054173CAEB0009E1A78;
			remoteInfo = INKResources;
		};
/* End PBXContainerItemProxy section */

/* Begin PBXFileReference section */
		027E4D4017912BCA007A63D7 /* acrobat.jpg */ = {isa = PBXFileReference; lastKnownFileType = image.jpeg; path = acrobat.jpg; sourceTree = "<group>"; };
		027E4D4117912BCA007A63D7 /* bin.png */ = {isa = PBXFileReference; lastKnownFileType = image.png; path = bin.png; sourceTree = "<group>"; };
		027E4D4217912BCA007A63D7 /* sketchboard.png */ = {isa = PBXFileReference; lastKnownFileType = image.png; path = sketchboard.png; sourceTree = "<group>"; };
		2914086C17756E010012851F /* LoadableCategory.h */ = {isa = PBXFileReference; fileEncoding = 4; lastKnownFileType = sourcecode.c.h; path = LoadableCategory.h; sourceTree = "<group>"; };
		2914088D1775A5D70012851F /* LoadableCategoryUIView.h */ = {isa = PBXFileReference; fileEncoding = 4; lastKnownFileType = sourcecode.c.h; path = LoadableCategoryUIView.h; sourceTree = "<group>"; };
		291408901775D3DD0012851F /* RNBlurModalView.h */ = {isa = PBXFileReference; fileEncoding = 4; lastKnownFileType = sourcecode.c.h; path = RNBlurModalView.h; sourceTree = "<group>"; };
		291408911775D3DD0012851F /* RNBlurModalView.m */ = {isa = PBXFileReference; fileEncoding = 4; lastKnownFileType = sourcecode.c.objc; path = RNBlurModalView.m; sourceTree = "<group>"; };
		291408941775D5310012851F /* Accounts.framework */ = {isa = PBXFileReference; lastKnownFileType = wrapper.framework; name = Accounts.framework; path = System/Library/Frameworks/Accounts.framework; sourceTree = SDKROOT; };
		291408961775D5360012851F /* Accelerate.framework */ = {isa = PBXFileReference; lastKnownFileType = wrapper.framework; name = Accelerate.framework; path = System/Library/Frameworks/Accelerate.framework; sourceTree = SDKROOT; };
		291408981775D5870012851F /* CoreImage.framework */ = {isa = PBXFileReference; lastKnownFileType = wrapper.framework; name = CoreImage.framework; path = System/Library/Frameworks/CoreImage.framework; sourceTree = SDKROOT; };
		29151C431789EE9E00E32734 /* FMDatabase.h */ = {isa = PBXFileReference; fileEncoding = 4; lastKnownFileType = sourcecode.c.h; path = FMDatabase.h; sourceTree = "<group>"; };
		29151C441789EE9E00E32734 /* FMDatabase.m */ = {isa = PBXFileReference; fileEncoding = 4; lastKnownFileType = sourcecode.c.objc; path = FMDatabase.m; sourceTree = "<group>"; };
		29151C451789EE9E00E32734 /* FMDatabaseAdditions.h */ = {isa = PBXFileReference; fileEncoding = 4; lastKnownFileType = sourcecode.c.h; path = FMDatabaseAdditions.h; sourceTree = "<group>"; };
		29151C461789EE9E00E32734 /* FMDatabaseAdditions.m */ = {isa = PBXFileReference; fileEncoding = 4; lastKnownFileType = sourcecode.c.objc; path = FMDatabaseAdditions.m; sourceTree = "<group>"; };
		29151C471789EE9E00E32734 /* FMDatabasePool.h */ = {isa = PBXFileReference; fileEncoding = 4; lastKnownFileType = sourcecode.c.h; path = FMDatabasePool.h; sourceTree = "<group>"; };
		29151C481789EE9E00E32734 /* FMDatabasePool.m */ = {isa = PBXFileReference; fileEncoding = 4; lastKnownFileType = sourcecode.c.objc; path = FMDatabasePool.m; sourceTree = "<group>"; };
		29151C491789EE9E00E32734 /* FMDatabaseQueue.h */ = {isa = PBXFileReference; fileEncoding = 4; lastKnownFileType = sourcecode.c.h; path = FMDatabaseQueue.h; sourceTree = "<group>"; };
		29151C4A1789EE9E00E32734 /* FMDatabaseQueue.m */ = {isa = PBXFileReference; fileEncoding = 4; lastKnownFileType = sourcecode.c.objc; path = FMDatabaseQueue.m; sourceTree = "<group>"; };
		29151C4B1789EE9E00E32734 /* FMResultSet.h */ = {isa = PBXFileReference; fileEncoding = 4; lastKnownFileType = sourcecode.c.h; path = FMResultSet.h; sourceTree = "<group>"; };
		29151C4C1789EE9E00E32734 /* FMResultSet.m */ = {isa = PBXFileReference; fileEncoding = 4; lastKnownFileType = sourcecode.c.objc; path = FMResultSet.m; sourceTree = "<group>"; };
		29151C571789EEB300E32734 /* libsqlite3.0.dylib */ = {isa = PBXFileReference; lastKnownFileType = "compiled.mach-o.dylib"; name = libsqlite3.0.dylib; path = usr/lib/libsqlite3.0.dylib; sourceTree = SDKROOT; };
		29151C591789F10400E32734 /* Constants.h */ = {isa = PBXFileReference; fileEncoding = 4; lastKnownFileType = sourcecode.c.h; name = Constants.h; path = INK/Constants.h; sourceTree = "<group>"; };
		29151C5A1789F10400E32734 /* Constants.m */ = {isa = PBXFileReference; fileEncoding = 4; lastKnownFileType = sourcecode.c.objc; name = Constants.m; path = INK/Constants.m; sourceTree = "<group>"; };
		29151C5F178A014A00E32734 /* leftActionListItemView.h */ = {isa = PBXFileReference; fileEncoding = 4; lastKnownFileType = sourcecode.c.h; path = leftActionListItemView.h; sourceTree = "<group>"; };
		29151C60178A014A00E32734 /* leftActionListItemView.m */ = {isa = PBXFileReference; fileEncoding = 4; lastKnownFileType = sourcecode.c.objc; path = leftActionListItemView.m; sourceTree = "<group>"; };
		29151C61178A014A00E32734 /* leftActionListView.h */ = {isa = PBXFileReference; fileEncoding = 4; lastKnownFileType = sourcecode.c.h; path = leftActionListView.h; sourceTree = "<group>"; };
		29151C62178A014A00E32734 /* leftActionListView.m */ = {isa = PBXFileReference; fileEncoding = 4; lastKnownFileType = sourcecode.c.objc; path = leftActionListView.m; sourceTree = "<group>"; };
		29151C63178A014B00E32734 /* previewView.m */ = {isa = PBXFileReference; fileEncoding = 4; lastKnownFileType = sourcecode.c.objc; path = previewView.m; sourceTree = "<group>"; };
		29151C64178A014B00E32734 /* rightActionListView.h */ = {isa = PBXFileReference; fileEncoding = 4; lastKnownFileType = sourcecode.c.h; path = rightActionListView.h; sourceTree = "<group>"; };
		29151C65178A014B00E32734 /* rightActionListView.m */ = {isa = PBXFileReference; fileEncoding = 4; lastKnownFileType = sourcecode.c.objc; path = rightActionListView.m; sourceTree = "<group>"; };
		29151C66178A014B00E32734 /* rightActionListViewItem.h */ = {isa = PBXFileReference; fileEncoding = 4; lastKnownFileType = sourcecode.c.h; path = rightActionListViewItem.h; sourceTree = "<group>"; };
		29151C67178A014B00E32734 /* rightActionListViewItem.m */ = {isa = PBXFileReference; fileEncoding = 4; lastKnownFileType = sourcecode.c.objc; path = rightActionListViewItem.m; sourceTree = "<group>"; };
		29151C71178A105800E32734 /* INKDB.h */ = {isa = PBXFileReference; fileEncoding = 4; lastKnownFileType = sourcecode.c.h; path = INKDB.h; sourceTree = "<group>"; };
		29151C72178A105800E32734 /* INKDB.m */ = {isa = PBXFileReference; fileEncoding = 4; lastKnownFileType = sourcecode.c.objc; path = INKDB.m; sourceTree = "<group>"; };
		29151C7B178B90E400E32734 /* close.png */ = {isa = PBXFileReference; lastKnownFileType = image.png; path = close.png; sourceTree = "<group>"; };
		29151C7C178B90E400E32734 /* help.png */ = {isa = PBXFileReference; lastKnownFileType = image.png; path = help.png; sourceTree = "<group>"; };
		29151C7D178B90E400E32734 /* selected.png */ = {isa = PBXFileReference; lastKnownFileType = image.png; path = selected.png; sourceTree = "<group>"; };
		29151C7E178B90E400E32734 /* zoom.png */ = {isa = PBXFileReference; lastKnownFileType = image.png; path = zoom.png; sourceTree = "<group>"; };
		29151C83178B913F00E32734 /* INKViewController.m */ = {isa = PBXFileReference; fileEncoding = 4; lastKnownFileType = sourcecode.c.objc; path = INKViewController.m; sourceTree = "<group>"; };
		29151C84178B913F00E32734 /* INKManager.h */ = {isa = PBXFileReference; fileEncoding = 4; lastKnownFileType = sourcecode.c.h; path = INKManager.h; sourceTree = "<group>"; };
		29151C85178B913F00E32734 /* INKViewController.h */ = {isa = PBXFileReference; fileEncoding = 4; lastKnownFileType = sourcecode.c.h; path = INKViewController.h; sourceTree = "<group>"; };
		29151C86178B913F00E32734 /* INKManager.m */ = {isa = PBXFileReference; fileEncoding = 4; lastKnownFileType = sourcecode.c.objc; path = INKManager.m; sourceTree = "<group>"; };
		29151C87178B913F00E32734 /* INKModalViewController.h */ = {isa = PBXFileReference; fileEncoding = 4; lastKnownFileType = sourcecode.c.h; path = INKModalViewController.h; sourceTree = "<group>"; };
		29151C88178B913F00E32734 /* INKModalViewController.m */ = {isa = PBXFileReference; fileEncoding = 4; lastKnownFileType = sourcecode.c.objc; path = INKModalViewController.m; sourceTree = "<group>"; };
		29151C89178B913F00E32734 /* InkViewController2.h */ = {isa = PBXFileReference; fileEncoding = 4; lastKnownFileType = sourcecode.c.h; path = InkViewController2.h; sourceTree = "<group>"; };
		29151C8A178B913F00E32734 /* InkViewController2.m */ = {isa = PBXFileReference; fileEncoding = 4; lastKnownFileType = sourcecode.c.objc; path = InkViewController2.m; sourceTree = "<group>"; };
		29151C8B178B913F00E32734 /* LeftActionListViewController.h */ = {isa = PBXFileReference; fileEncoding = 4; lastKnownFileType = sourcecode.c.h; path = LeftActionListViewController.h; sourceTree = "<group>"; };
		29151C8C178B913F00E32734 /* LeftActionListViewController.m */ = {isa = PBXFileReference; fileEncoding = 4; lastKnownFileType = sourcecode.c.objc; path = LeftActionListViewController.m; sourceTree = "<group>"; };
		29151C8D178B913F00E32734 /* RightActionListViewController.h */ = {isa = PBXFileReference; fileEncoding = 4; lastKnownFileType = sourcecode.c.h; path = RightActionListViewController.h; sourceTree = "<group>"; };
		29151C8E178B913F00E32734 /* RightActionListViewController.m */ = {isa = PBXFileReference; fileEncoding = 4; lastKnownFileType = sourcecode.c.objc; path = RightActionListViewController.m; sourceTree = "<group>"; };
		29151C8F178B913F00E32734 /* RightActionsViewController.h */ = {isa = PBXFileReference; fileEncoding = 4; lastKnownFileType = sourcecode.c.h; path = RightActionsViewController.h; sourceTree = "<group>"; };
		29151C90178B913F00E32734 /* RightActionsViewController.m */ = {isa = PBXFileReference; fileEncoding = 4; lastKnownFileType = sourcecode.c.objc; path = RightActionsViewController.m; sourceTree = "<group>"; };
		29800529177A0E0000DA54C0 /* TMCache.h */ = {isa = PBXFileReference; fileEncoding = 4; lastKnownFileType = sourcecode.c.h; path = TMCache.h; sourceTree = "<group>"; };
		2980052A177A0E0000DA54C0 /* TMCache.m */ = {isa = PBXFileReference; fileEncoding = 4; lastKnownFileType = sourcecode.c.objc; path = TMCache.m; sourceTree = "<group>"; };
		2980052B177A0E0000DA54C0 /* TMDiskCache.h */ = {isa = PBXFileReference; fileEncoding = 4; lastKnownFileType = sourcecode.c.h; path = TMDiskCache.h; sourceTree = "<group>"; };
		2980052C177A0E0000DA54C0 /* TMDiskCache.m */ = {isa = PBXFileReference; fileEncoding = 4; lastKnownFileType = sourcecode.c.objc; path = TMDiskCache.m; sourceTree = "<group>"; };
		2980052D177A0E0000DA54C0 /* TMMemoryCache.h */ = {isa = PBXFileReference; fileEncoding = 4; lastKnownFileType = sourcecode.c.h; path = TMMemoryCache.h; sourceTree = "<group>"; };
		2980052E177A0E0000DA54C0 /* TMMemoryCache.m */ = {isa = PBXFileReference; fileEncoding = 4; lastKnownFileType = sourcecode.c.objc; path = TMMemoryCache.m; sourceTree = "<group>"; };
		29800535177A1EC200DA54C0 /* libz.dylib */ = {isa = PBXFileReference; lastKnownFileType = "compiled.mach-o.dylib"; name = libz.dylib; path = usr/lib/libz.dylib; sourceTree = SDKROOT; };
		29800537177A1EE400DA54C0 /* MobileCoreServices.framework */ = {isa = PBXFileReference; lastKnownFileType = wrapper.framework; name = MobileCoreServices.framework; path = System/Library/Frameworks/MobileCoreServices.framework; sourceTree = SDKROOT; };
		29800542177A1F1C00DA54C0 /* INKAction.h */ = {isa = PBXFileReference; fileEncoding = 4; lastKnownFileType = sourcecode.c.h; path = INKAction.h; sourceTree = "<group>"; };
		29800543177A1F1C00DA54C0 /* INKAction.m */ = {isa = PBXFileReference; fileEncoding = 4; lastKnownFileType = sourcecode.c.objc; path = INKAction.m; sourceTree = "<group>"; };
		29800544177A1F1C00DA54C0 /* INKBlob.h */ = {isa = PBXFileReference; fileEncoding = 4; lastKnownFileType = sourcecode.c.h; path = INKBlob.h; sourceTree = "<group>"; };
		29800545177A1F1C00DA54C0 /* INKBlob.m */ = {isa = PBXFileReference; fileEncoding = 4; lastKnownFileType = sourcecode.c.objc; path = INKBlob.m; sourceTree = "<group>"; };
		29800546177A1F1C00DA54C0 /* INKBlobstore.h */ = {isa = PBXFileReference; fileEncoding = 4; lastKnownFileType = sourcecode.c.h; path = INKBlobstore.h; sourceTree = "<group>"; };
		29800547177A1F1C00DA54C0 /* INKBlobstore.m */ = {isa = PBXFileReference; fileEncoding = 4; lastKnownFileType = sourcecode.c.objc; path = INKBlobstore.m; sourceTree = "<group>"; };
		29800548177A1F1C00DA54C0 /* INKConstants.h */ = {isa = PBXFileReference; fileEncoding = 4; lastKnownFileType = sourcecode.c.h; path = INKConstants.h; sourceTree = "<group>"; };
		29800549177A1F1C00DA54C0 /* INKConstants.m */ = {isa = PBXFileReference; fileEncoding = 4; lastKnownFileType = sourcecode.c.objc; path = INKConstants.m; sourceTree = "<group>"; };
		2980054A177A1F1C00DA54C0 /* InkCore-Prefix.pch */ = {isa = PBXFileReference; fileEncoding = 4; lastKnownFileType = sourcecode.c.h; path = "InkCore-Prefix.pch"; sourceTree = "<group>"; };
		2980054B177A1F1C00DA54C0 /* InkCore.h */ = {isa = PBXFileReference; fileEncoding = 4; lastKnownFileType = sourcecode.c.h; path = InkCore.h; sourceTree = "<group>"; };
		2980054C177A1F1C00DA54C0 /* INKCore.m */ = {isa = PBXFileReference; fileEncoding = 4; lastKnownFileType = sourcecode.c.objc; path = INKCore.m; sourceTree = "<group>"; };
		2980054D177A1F1C00DA54C0 /* InkLibrary.h */ = {isa = PBXFileReference; fileEncoding = 4; lastKnownFileType = sourcecode.c.h; path = InkLibrary.h; sourceTree = "<group>"; };
		2980054E177A1F1C00DA54C0 /* InkLibrary.m */ = {isa = PBXFileReference; fileEncoding = 4; lastKnownFileType = sourcecode.c.objc; path = InkLibrary.m; sourceTree = "<group>"; };
		2980054F177A1F1C00DA54C0 /* INKTriple.h */ = {isa = PBXFileReference; fileEncoding = 4; lastKnownFileType = sourcecode.c.h; path = INKTriple.h; sourceTree = "<group>"; };
		29800550177A1F1C00DA54C0 /* INKTriple.m */ = {isa = PBXFileReference; fileEncoding = 4; lastKnownFileType = sourcecode.c.objc; path = INKTriple.m; sourceTree = "<group>"; };
		29800551177A1F1C00DA54C0 /* INKUser.h */ = {isa = PBXFileReference; fileEncoding = 4; lastKnownFileType = sourcecode.c.h; path = INKUser.h; sourceTree = "<group>"; };
		29800552177A1F1C00DA54C0 /* INKUser.m */ = {isa = PBXFileReference; fileEncoding = 4; lastKnownFileType = sourcecode.c.objc; path = INKUser.m; sourceTree = "<group>"; };
		29800554177A1F1C00DA54C0 /* IACClient.h */ = {isa = PBXFileReference; fileEncoding = 4; lastKnownFileType = sourcecode.c.h; path = IACClient.h; sourceTree = "<group>"; };
		29800555177A1F1C00DA54C0 /* IACClient.m */ = {isa = PBXFileReference; fileEncoding = 4; lastKnownFileType = sourcecode.c.objc; path = IACClient.m; sourceTree = "<group>"; };
		29800556177A1F1C00DA54C0 /* IACDelegate.h */ = {isa = PBXFileReference; fileEncoding = 4; lastKnownFileType = sourcecode.c.h; path = IACDelegate.h; sourceTree = "<group>"; };
		29800557177A1F1C00DA54C0 /* IACManager.h */ = {isa = PBXFileReference; fileEncoding = 4; lastKnownFileType = sourcecode.c.h; path = IACManager.h; sourceTree = "<group>"; };
		29800558177A1F1C00DA54C0 /* IACManager.m */ = {isa = PBXFileReference; fileEncoding = 4; lastKnownFileType = sourcecode.c.objc; path = IACManager.m; sourceTree = "<group>"; };
		29800559177A1F1C00DA54C0 /* IACRequest.h */ = {isa = PBXFileReference; fileEncoding = 4; lastKnownFileType = sourcecode.c.h; path = IACRequest.h; sourceTree = "<group>"; };
		2980055A177A1F1C00DA54C0 /* IACRequest.m */ = {isa = PBXFileReference; fileEncoding = 4; lastKnownFileType = sourcecode.c.objc; path = IACRequest.m; sourceTree = "<group>"; };
		2980055B177A1F1C00DA54C0 /* NSString+IACExtensions.h */ = {isa = PBXFileReference; fileEncoding = 4; lastKnownFileType = sourcecode.c.h; path = "NSString+IACExtensions.h"; sourceTree = "<group>"; };
		2980055C177A1F1C00DA54C0 /* NSString+IACExtensions.m */ = {isa = PBXFileReference; fileEncoding = 4; lastKnownFileType = sourcecode.c.objc; path = "NSString+IACExtensions.m"; sourceTree = "<group>"; };
		2980055D177A1F1C00DA54C0 /* NSData+DataWithContentsOfFileAtOffsetWithSize.h */ = {isa = PBXFileReference; fileEncoding = 4; lastKnownFileType = sourcecode.c.h; path = "NSData+DataWithContentsOfFileAtOffsetWithSize.h"; sourceTree = "<group>"; };
		2980055E177A1F1C00DA54C0 /* NSData+DataWithContentsOfFileAtOffsetWithSize.m */ = {isa = PBXFileReference; fileEncoding = 4; lastKnownFileType = sourcecode.c.objc; path = "NSData+DataWithContentsOfFileAtOffsetWithSize.m"; sourceTree = "<group>"; };
		29800588177A444200DA54C0 /* sampledata.json */ = {isa = PBXFileReference; fileEncoding = 4; lastKnownFileType = text.json; path = sampledata.json; sourceTree = "<group>"; };
		2980058D177A470500DA54C0 /* InkHeader.h */ = {isa = PBXFileReference; fileEncoding = 4; lastKnownFileType = sourcecode.c.h; path = InkHeader.h; sourceTree = "<group>"; };
		2980058E177A470500DA54C0 /* InkHeader.m */ = {isa = PBXFileReference; fileEncoding = 4; lastKnownFileType = sourcecode.c.objc; path = InkHeader.m; sourceTree = "<group>"; };
		29CD17591789A523005461E1 /* INKLeftAction.h */ = {isa = PBXFileReference; fileEncoding = 4; lastKnownFileType = sourcecode.c.h; path = INKLeftAction.h; sourceTree = "<group>"; };
		29CD175A1789A524005461E1 /* INKLeftAction.m */ = {isa = PBXFileReference; fileEncoding = 4; lastKnownFileType = sourcecode.c.objc; path = INKLeftAction.m; sourceTree = "<group>"; };
		29CD175D1789A572005461E1 /* INKIcon.m */ = {isa = PBXFileReference; fileEncoding = 4; lastKnownFileType = sourcecode.c.objc; path = INKIcon.m; sourceTree = "<group>"; };
		29CD175E1789A572005461E1 /* INKIcon.h */ = {isa = PBXFileReference; fileEncoding = 4; lastKnownFileType = sourcecode.c.h; path = INKIcon.h; sourceTree = "<group>"; };
		29FD7FF01778D598000B9F09 /* barView.h */ = {isa = PBXFileReference; fileEncoding = 4; lastKnownFileType = sourcecode.c.h; path = barView.h; sourceTree = "<group>"; };
		29FD7FF11778D598000B9F09 /* barView.m */ = {isa = PBXFileReference; fileEncoding = 4; lastKnownFileType = sourcecode.c.objc; path = barView.m; sourceTree = "<group>"; };
		29FD7FFA1778D989000B9F09 /* InkOverallView.h */ = {isa = PBXFileReference; fileEncoding = 4; lastKnownFileType = sourcecode.c.h; path = InkOverallView.h; sourceTree = "<group>"; };
		29FD7FFB1778D989000B9F09 /* InkOverallView.m */ = {isa = PBXFileReference; fileEncoding = 4; lastKnownFileType = sourcecode.c.objc; path = InkOverallView.m; sourceTree = "<group>"; };
		29FD7FFE1778D989000B9F09 /* previewView.h */ = {isa = PBXFileReference; fileEncoding = 4; lastKnownFileType = sourcecode.c.h; path = previewView.h; sourceTree = "<group>"; };
		29FD800D1778D9E8000B9F09 /* MenuView.h */ = {isa = PBXFileReference; fileEncoding = 4; lastKnownFileType = sourcecode.c.h; path = MenuView.h; sourceTree = "<group>"; };
		29FD800E1778D9E8000B9F09 /* MenuView.m */ = {isa = PBXFileReference; fileEncoding = 4; lastKnownFileType = sourcecode.c.objc; path = MenuView.m; sourceTree = "<group>"; };
		9E32D2E0177CC7BE00B18840 /* INKRightAction.h */ = {isa = PBXFileReference; fileEncoding = 4; lastKnownFileType = sourcecode.c.h; path = INKRightAction.h; sourceTree = "<group>"; };
		9E32D2E1177CC7BE00B18840 /* INKRightAction.m */ = {isa = PBXFileReference; fileEncoding = 4; lastKnownFileType = sourcecode.c.objc; path = INKRightAction.m; sourceTree = "<group>"; };
		9E523FF117692B410088F75F /* en */ = {isa = PBXFileReference; lastKnownFileType = text.plist.strings; name = en; path = en.lproj/InfoPlist.strings; sourceTree = "<group>"; };
		9E523FF217692B410088F75F /* INKResources-Info.plist */ = {isa = PBXFileReference; fileEncoding = 4; lastKnownFileType = text.plist.xml; path = "INKResources-Info.plist"; sourceTree = "<group>"; };
		9E523FF317692B410088F75F /* INKResources-Prefix.pch */ = {isa = PBXFileReference; fileEncoding = 4; lastKnownFileType = sourcecode.c.h; path = "INKResources-Prefix.pch"; sourceTree = "<group>"; };
		9E523FF717692B410088F75F /* INK-Prefix.pch */ = {isa = PBXFileReference; fileEncoding = 4; lastKnownFileType = sourcecode.c.h; path = "INK-Prefix.pch"; sourceTree = "<group>"; };
		9E523FF817692B410088F75F /* InkButton.h */ = {isa = PBXFileReference; fileEncoding = 4; lastKnownFileType = sourcecode.c.h; path = InkButton.h; sourceTree = "<group>"; };
		9E523FF917692B410088F75F /* InkButton.m */ = {isa = PBXFileReference; fileEncoding = 4; lastKnownFileType = sourcecode.c.objc; path = InkButton.m; sourceTree = "<group>"; };
		9E523FFE17692B410088F75F /* UIButton+Ink.h */ = {isa = PBXFileReference; fileEncoding = 4; lastKnownFileType = sourcecode.c.h; path = "UIButton+Ink.h"; sourceTree = "<group>"; };
		9E523FFF17692B410088F75F /* UIButton+Ink.m */ = {isa = PBXFileReference; fileEncoding = 4; lastKnownFileType = sourcecode.c.objc; path = "UIButton+Ink.m"; sourceTree = "<group>"; };
		9E52400017692B410088F75F /* UIView+Ink.h */ = {isa = PBXFileReference; fileEncoding = 4; lastKnownFileType = sourcecode.c.h; path = "UIView+Ink.h"; sourceTree = "<group>"; };
		9E52400117692B410088F75F /* UIView+Ink.m */ = {isa = PBXFileReference; fileEncoding = 4; lastKnownFileType = sourcecode.c.objc; path = "UIView+Ink.m"; sourceTree = "<group>"; };
		9E524017176A6BE00088F75F /* acrobat.jpg */ = {isa = PBXFileReference; lastKnownFileType = image.jpeg; name = acrobat.jpg; path = INKResources/acrobat.jpg; sourceTree = SOURCE_ROOT; };
		9EA66E74176BA33F000F414D /* Roboto-BoldCondensed.ttf */ = {isa = PBXFileReference; lastKnownFileType = file; path = "Roboto-BoldCondensed.ttf"; sourceTree = "<group>"; };
		9EA66E75176BA33F000F414D /* Roboto-Condensed.ttf */ = {isa = PBXFileReference; lastKnownFileType = file; path = "Roboto-Condensed.ttf"; sourceTree = "<group>"; };
		9EA66E76176BA33F000F414D /* Roboto-CondensedItalic.ttf */ = {isa = PBXFileReference; lastKnownFileType = file; path = "Roboto-CondensedItalic.ttf"; sourceTree = "<group>"; };
		9EE774B9177CADA7007EBDA7 /* inklogo.png */ = {isa = PBXFileReference; lastKnownFileType = image.png; path = inklogo.png; sourceTree = "<group>"; };
		FC7CB035173CA74D009E1A78 /* libINK.a */ = {isa = PBXFileReference; explicitFileType = archive.ar; includeInIndex = 0; path = libINK.a; sourceTree = BUILT_PRODUCTS_DIR; };
		FC7CB038173CA74D009E1A78 /* Foundation.framework */ = {isa = PBXFileReference; lastKnownFileType = wrapper.framework; name = Foundation.framework; path = System/Library/Frameworks/Foundation.framework; sourceTree = SDKROOT; };
		FC7CB055173CAEB0009E1A78 /* INK.bundle */ = {isa = PBXFileReference; explicitFileType = wrapper.cfbundle; includeInIndex = 0; path = INK.bundle; sourceTree = BUILT_PRODUCTS_DIR; };
		FC7CB056173CAEB0009E1A78 /* CoreFoundation.framework */ = {isa = PBXFileReference; lastKnownFileType = wrapper.framework; name = CoreFoundation.framework; path = System/Library/Frameworks/CoreFoundation.framework; sourceTree = SDKROOT; };
		FC7CB090173CB643009E1A78 /* QuartzCore.framework */ = {isa = PBXFileReference; lastKnownFileType = wrapper.framework; name = QuartzCore.framework; path = System/Library/Frameworks/QuartzCore.framework; sourceTree = SDKROOT; };
		FC7CB092173CB648009E1A78 /* UIKit.framework */ = {isa = PBXFileReference; lastKnownFileType = wrapper.framework; name = UIKit.framework; path = System/Library/Frameworks/UIKit.framework; sourceTree = SDKROOT; };
		FC7CB094173CB64F009E1A78 /* CoreGraphics.framework */ = {isa = PBXFileReference; lastKnownFileType = wrapper.framework; name = CoreGraphics.framework; path = System/Library/Frameworks/CoreGraphics.framework; sourceTree = SDKROOT; };
/* End PBXFileReference section */

/* Begin PBXFrameworksBuildPhase section */
		FC7CB032173CA74D009E1A78 /* Frameworks */ = {
			isa = PBXFrameworksBuildPhase;
			buildActionMask = 2147483647;
			files = (
				29151C581789EEB300E32734 /* libsqlite3.0.dylib in Frameworks */,
				29800586177A205000DA54C0 /* libz.dylib in Frameworks */,
				29800585177A204700DA54C0 /* Accelerate.framework in Frameworks */,
				29800584177A204000DA54C0 /* CoreImage.framework in Frameworks */,
				29800583177A203900DA54C0 /* MobileCoreServices.framework in Frameworks */,
				9ECA56DF1744480B009741B6 /* CoreFoundation.framework in Frameworks */,
				FC7CB095173CB64F009E1A78 /* CoreGraphics.framework in Frameworks */,
				FC7CB093173CB648009E1A78 /* UIKit.framework in Frameworks */,
				FC7CB091173CB643009E1A78 /* QuartzCore.framework in Frameworks */,
				FC7CB039173CA74D009E1A78 /* Foundation.framework in Frameworks */,
			);
			runOnlyForDeploymentPostprocessing = 0;
		};
		FC7CB052173CAEB0009E1A78 /* Frameworks */ = {
			isa = PBXFrameworksBuildPhase;
			buildActionMask = 2147483647;
			files = (
				FC7CB057173CAEB0009E1A78 /* CoreFoundation.framework in Frameworks */,
			);
			runOnlyForDeploymentPostprocessing = 0;
		};
/* End PBXFrameworksBuildPhase section */

/* Begin PBXGroup section */
		027E4D3F17912BCA007A63D7 /* appicons */ = {
			isa = PBXGroup;
			children = (
				027E4D4017912BCA007A63D7 /* acrobat.jpg */,
				027E4D4117912BCA007A63D7 /* bin.png */,
				027E4D4217912BCA007A63D7 /* sketchboard.png */,
			);
			path = appicons;
			sourceTree = "<group>";
		};
		291408A01775DB650012851F /* Views */ = {
			isa = PBXGroup;
			children = (
				29151C5F178A014A00E32734 /* leftActionListItemView.h */,
				29151C60178A014A00E32734 /* leftActionListItemView.m */,
				29151C61178A014A00E32734 /* leftActionListView.h */,
				29151C62178A014A00E32734 /* leftActionListView.m */,
				29151C64178A014B00E32734 /* rightActionListView.h */,
				29151C65178A014B00E32734 /* rightActionListView.m */,
				29151C66178A014B00E32734 /* rightActionListViewItem.h */,
				29151C67178A014B00E32734 /* rightActionListViewItem.m */,
				29CD175D1789A572005461E1 /* INKIcon.m */,
				29CD175E1789A572005461E1 /* INKIcon.h */,
				29CD17591789A523005461E1 /* INKLeftAction.h */,
				29CD175A1789A524005461E1 /* INKLeftAction.m */,
				9E523FF817692B410088F75F /* InkButton.h */,
				9E523FF917692B410088F75F /* InkButton.m */,
				2980058D177A470500DA54C0 /* InkHeader.h */,
				2980058E177A470500DA54C0 /* InkHeader.m */,
				29FD7FFA1778D989000B9F09 /* InkOverallView.h */,
				29FD7FFB1778D989000B9F09 /* InkOverallView.m */,
				9E32D2E0177CC7BE00B18840 /* INKRightAction.h */,
				9E32D2E1177CC7BE00B18840 /* INKRightAction.m */,
				29FD800D1778D9E8000B9F09 /* MenuView.h */,
				29FD800E1778D9E8000B9F09 /* MenuView.m */,
				29FD7FFE1778D989000B9F09 /* previewView.h */,
				29151C63178A014B00E32734 /* previewView.m */,
				29FD7FF01778D598000B9F09 /* barView.h */,
				29FD7FF11778D598000B9F09 /* barView.m */,
			);
			name = Views;
			path = VIews;
			sourceTree = "<group>";
		};
		291408A11775DB700012851F /* Controllers */ = {
			isa = PBXGroup;
			children = (
				29151C85178B913F00E32734 /* INKViewController.h */,
				29151C83178B913F00E32734 /* INKViewController.m */,
				29151C84178B913F00E32734 /* INKManager.h */,
				29151C86178B913F00E32734 /* INKManager.m */,
				29151C87178B913F00E32734 /* INKModalViewController.h */,
				29151C88178B913F00E32734 /* INKModalViewController.m */,
				29151C89178B913F00E32734 /* InkViewController2.h */,
				29151C8A178B913F00E32734 /* InkViewController2.m */,
				29151C8B178B913F00E32734 /* LeftActionListViewController.h */,
				29151C8C178B913F00E32734 /* LeftActionListViewController.m */,
				29151C8D178B913F00E32734 /* RightActionListViewController.h */,
				29151C8E178B913F00E32734 /* RightActionListViewController.m */,
				29151C8F178B913F00E32734 /* RightActionsViewController.h */,
				29151C90178B913F00E32734 /* RightActionsViewController.m */,
			);
			path = Controllers;
			sourceTree = "<group>";
		};
		29151C421789EE9E00E32734 /* FMDB */ = {
			isa = PBXGroup;
			children = (
				29151C431789EE9E00E32734 /* FMDatabase.h */,
				29151C441789EE9E00E32734 /* FMDatabase.m */,
				29151C451789EE9E00E32734 /* FMDatabaseAdditions.h */,
				29151C461789EE9E00E32734 /* FMDatabaseAdditions.m */,
				29151C471789EE9E00E32734 /* FMDatabasePool.h */,
				29151C481789EE9E00E32734 /* FMDatabasePool.m */,
				29151C491789EE9E00E32734 /* FMDatabaseQueue.h */,
				29151C4A1789EE9E00E32734 /* FMDatabaseQueue.m */,
				29151C4B1789EE9E00E32734 /* FMResultSet.h */,
				29151C4C1789EE9E00E32734 /* FMResultSet.m */,
			);
			name = FMDB;
			path = Libs/FMDB;
			sourceTree = "<group>";
		};
		29151C79178B90E400E32734 /* images */ = {
			isa = PBXGroup;
			children = (
				027E4D3F17912BCA007A63D7 /* appicons */,
				29151C7A178B90E400E32734 /* buttons */,
			);
			path = images;
			sourceTree = "<group>";
		};
		29151C7A178B90E400E32734 /* buttons */ = {
			isa = PBXGroup;
			children = (
				29151C7B178B90E400E32734 /* close.png */,
				29151C7C178B90E400E32734 /* help.png */,
				29151C7D178B90E400E32734 /* selected.png */,
				29151C7E178B90E400E32734 /* zoom.png */,
			);
			path = buttons;
			sourceTree = "<group>";
		};
		296BA5371783E7CB00D4B04F /* Categories */ = {
			isa = PBXGroup;
			children = (
				2914088D1775A5D70012851F /* LoadableCategoryUIView.h */,
				2914086C17756E010012851F /* LoadableCategory.h */,
				9E523FFE17692B410088F75F /* UIButton+Ink.h */,
				9E523FFF17692B410088F75F /* UIButton+Ink.m */,
				9E52400017692B410088F75F /* UIView+Ink.h */,
				9E52400117692B410088F75F /* UIView+Ink.m */,
			);
			path = Categories;
			sourceTree = "<group>";
		};
		296BA5381783E89E00D4B04F /* Libs */ = {
			isa = PBXGroup;
			children = (
				29151C421789EE9E00E32734 /* FMDB */,
				29800539177A1F1C00DA54C0 /* INKCore */,
				296BA5391783E8AC00D4B04F /* RNBlurModal */,
				29800528177A0E0000DA54C0 /* TMCache */,
			);
			name = Libs;
			sourceTree = "<group>";
		};
		296BA5391783E8AC00D4B04F /* RNBlurModal */ = {
			isa = PBXGroup;
			children = (
				291408901775D3DD0012851F /* RNBlurModalView.h */,
				291408911775D3DD0012851F /* RNBlurModalView.m */,
			);
			name = RNBlurModal;
			path = Libs/RNBlurModal;
			sourceTree = "<group>";
		};
		296BA53A1783F06900D4B04F /* Assets */ = {
			isa = PBXGroup;
			children = (
				29151C79178B90E400E32734 /* images */,
				9EA66E73176BA33F000F414D /* Fonts */,
				296BA53B1783F07900D4B04F /* Images */,
				29800588177A444200DA54C0 /* sampledata.json */,
			);
			path = Assets;
			sourceTree = "<group>";
		};
		296BA53B1783F07900D4B04F /* Images */ = {
			isa = PBXGroup;
			children = (
				9E524017176A6BE00088F75F /* acrobat.jpg */,
				9EE774B9177CADA7007EBDA7 /* inklogo.png */,
			);
			name = Images;
			sourceTree = "<group>";
		};
		29800528177A0E0000DA54C0 /* TMCache */ = {
			isa = PBXGroup;
			children = (
				29800529177A0E0000DA54C0 /* TMCache.h */,
				2980052A177A0E0000DA54C0 /* TMCache.m */,
				2980052B177A0E0000DA54C0 /* TMDiskCache.h */,
				2980052C177A0E0000DA54C0 /* TMDiskCache.m */,
				2980052D177A0E0000DA54C0 /* TMMemoryCache.h */,
				2980052E177A0E0000DA54C0 /* TMMemoryCache.m */,
			);
			name = TMCache;
			path = Libs/TMCache;
			sourceTree = "<group>";
		};
		29800539177A1F1C00DA54C0 /* INKCore */ = {
			isa = PBXGroup;
			children = (
				29800542177A1F1C00DA54C0 /* INKAction.h */,
				29800543177A1F1C00DA54C0 /* INKAction.m */,
				29800544177A1F1C00DA54C0 /* INKBlob.h */,
				29800545177A1F1C00DA54C0 /* INKBlob.m */,
				29800546177A1F1C00DA54C0 /* INKBlobstore.h */,
				29800547177A1F1C00DA54C0 /* INKBlobstore.m */,
				29800548177A1F1C00DA54C0 /* INKConstants.h */,
				29800549177A1F1C00DA54C0 /* INKConstants.m */,
				2980054A177A1F1C00DA54C0 /* InkCore-Prefix.pch */,
				2980054B177A1F1C00DA54C0 /* InkCore.h */,
				2980054C177A1F1C00DA54C0 /* INKCore.m */,
				2980054D177A1F1C00DA54C0 /* InkLibrary.h */,
				2980054E177A1F1C00DA54C0 /* InkLibrary.m */,
				2980054F177A1F1C00DA54C0 /* INKTriple.h */,
				29800550177A1F1C00DA54C0 /* INKTriple.m */,
				29800551177A1F1C00DA54C0 /* INKUser.h */,
				29800552177A1F1C00DA54C0 /* INKUser.m */,
				29800553177A1F1C00DA54C0 /* InterAppCommunication */,
				2980055D177A1F1C00DA54C0 /* NSData+DataWithContentsOfFileAtOffsetWithSize.h */,
				2980055E177A1F1C00DA54C0 /* NSData+DataWithContentsOfFileAtOffsetWithSize.m */,
				29151C71178A105800E32734 /* INKDB.h */,
				29151C72178A105800E32734 /* INKDB.m */,
			);
			name = INKCore;
			path = Libs/INKCore;
			sourceTree = "<group>";
		};
		29800553177A1F1C00DA54C0 /* InterAppCommunication */ = {
			isa = PBXGroup;
			children = (
				29800554177A1F1C00DA54C0 /* IACClient.h */,
				29800555177A1F1C00DA54C0 /* IACClient.m */,
				29800556177A1F1C00DA54C0 /* IACDelegate.h */,
				29800557177A1F1C00DA54C0 /* IACManager.h */,
				29800558177A1F1C00DA54C0 /* IACManager.m */,
				29800559177A1F1C00DA54C0 /* IACRequest.h */,
				2980055A177A1F1C00DA54C0 /* IACRequest.m */,
				2980055B177A1F1C00DA54C0 /* NSString+IACExtensions.h */,
				2980055C177A1F1C00DA54C0 /* NSString+IACExtensions.m */,
			);
			path = InterAppCommunication;
			sourceTree = "<group>";
		};
		9E523FEF17692B410088F75F /* Resources */ = {
			isa = PBXGroup;
			children = (
				9E523FF017692B410088F75F /* InfoPlist.strings */,
				9E523FF217692B410088F75F /* INKResources-Info.plist */,
				9E523FF317692B410088F75F /* INKResources-Prefix.pch */,
			);
			name = Resources;
			path = INKResources;
			sourceTree = SOURCE_ROOT;
		};
		9E523FF417692B410088F75F /* INK */ = {
			isa = PBXGroup;
			children = (
				296BA53A1783F06900D4B04F /* Assets */,
				9E523FEF17692B410088F75F /* Resources */,
				296BA5371783E7CB00D4B04F /* Categories */,
				296BA5381783E89E00D4B04F /* Libs */,
				291408A11775DB700012851F /* Controllers */,
				291408A01775DB650012851F /* Views */,
				9E523FF717692B410088F75F /* INK-Prefix.pch */,
			);
			path = INK;
			sourceTree = "<group>";
		};
		9EA66E73176BA33F000F414D /* Fonts */ = {
			isa = PBXGroup;
			children = (
				9EA66E74176BA33F000F414D /* Roboto-BoldCondensed.ttf */,
				9EA66E75176BA33F000F414D /* Roboto-Condensed.ttf */,
				9EA66E76176BA33F000F414D /* Roboto-CondensedItalic.ttf */,
			);
			name = Fonts;
			path = INKResources/Fonts;
			sourceTree = SOURCE_ROOT;
		};
		FC7CB02C173CA74D009E1A78 = {
			isa = PBXGroup;
			children = (
				29151C591789F10400E32734 /* Constants.h */,
				29151C5A1789F10400E32734 /* Constants.m */,
				9E523FF417692B410088F75F /* INK */,
				FC7CB037173CA74D009E1A78 /* Frameworks */,
				FC7CB036173CA74D009E1A78 /* Products */,
			);
			sourceTree = "<group>";
		};
		FC7CB036173CA74D009E1A78 /* Products */ = {
			isa = PBXGroup;
			children = (
				FC7CB035173CA74D009E1A78 /* libINK.a */,
				FC7CB055173CAEB0009E1A78 /* INK.bundle */,
			);
			name = Products;
			sourceTree = "<group>";
		};
		FC7CB037173CA74D009E1A78 /* Frameworks */ = {
			isa = PBXGroup;
			children = (
				29151C571789EEB300E32734 /* libsqlite3.0.dylib */,
				29800537177A1EE400DA54C0 /* MobileCoreServices.framework */,
				29800535177A1EC200DA54C0 /* libz.dylib */,
				291408981775D5870012851F /* CoreImage.framework */,
				291408961775D5360012851F /* Accelerate.framework */,
				291408941775D5310012851F /* Accounts.framework */,
				FC7CB094173CB64F009E1A78 /* CoreGraphics.framework */,
				FC7CB092173CB648009E1A78 /* UIKit.framework */,
				FC7CB090173CB643009E1A78 /* QuartzCore.framework */,
				FC7CB038173CA74D009E1A78 /* Foundation.framework */,
				FC7CB056173CAEB0009E1A78 /* CoreFoundation.framework */,
			);
			name = Frameworks;
			sourceTree = "<group>";
		};
/* End PBXGroup section */

/* Begin PBXHeadersBuildPhase section */
		FC7CB046173CA7BD009E1A78 /* Headers */ = {
			isa = PBXHeadersBuildPhase;
			buildActionMask = 2147483647;
			files = (
				2914086D17756E010012851F /* LoadableCategory.h in Headers */,
				9E52400317692B410088F75F /* INKResources-Prefix.pch in Headers */,
				2914088F1775AC2B0012851F /* LoadableCategoryUIView.h in Headers */,
				9E52400617692B410088F75F /* INK-Prefix.pch in Headers */,
				9E52400717692B410088F75F /* InkButton.h in Headers */,
				9E52400D17692B410088F75F /* UIButton+Ink.h in Headers */,
				291408921775D3DD0012851F /* RNBlurModalView.h in Headers */,
				9E52400F17692B410088F75F /* UIView+Ink.h in Headers */,
				29800569177A1F1C00DA54C0 /* INKBlob.h in Headers */,
				29800570177A1F1C00DA54C0 /* InkCore.h in Headers */,
				29800574177A1F1C00DA54C0 /* INKTriple.h in Headers */,
				29FD7FF21778D598000B9F09 /* barView.h in Headers */,
				29FD80061778D98A000B9F09 /* InkOverallView.h in Headers */,
				29FD800A1778D98A000B9F09 /* previewView.h in Headers */,
				29FD800F1778D9E8000B9F09 /* MenuView.h in Headers */,
				2980052F177A0E0000DA54C0 /* TMCache.h in Headers */,
				29800531177A0E0000DA54C0 /* TMDiskCache.h in Headers */,
				29800533177A0E0000DA54C0 /* TMMemoryCache.h in Headers */,
				29800567177A1F1C00DA54C0 /* INKAction.h in Headers */,
				2980056B177A1F1C00DA54C0 /* INKBlobstore.h in Headers */,
				9E32D2E2177CC7BE00B18840 /* INKRightAction.h in Headers */,
				29CD175B1789A524005461E1 /* INKLeftAction.h in Headers */,
				29CD17601789A572005461E1 /* INKIcon.h in Headers */,
				2980056D177A1F1C00DA54C0 /* INKConstants.h in Headers */,
				2980056F177A1F1C00DA54C0 /* InkCore-Prefix.pch in Headers */,
				29800572177A1F1C00DA54C0 /* InkLibrary.h in Headers */,
				29800576177A1F1C00DA54C0 /* INKUser.h in Headers */,
				29800578177A1F1C00DA54C0 /* IACClient.h in Headers */,
				2980057A177A1F1C00DA54C0 /* IACDelegate.h in Headers */,
				2980057B177A1F1C00DA54C0 /* IACManager.h in Headers */,
				29151C4D1789EE9E00E32734 /* FMDatabase.h in Headers */,
				29151C4F1789EE9E00E32734 /* FMDatabaseAdditions.h in Headers */,
				29151C511789EE9E00E32734 /* FMDatabasePool.h in Headers */,
				29151C531789EE9E00E32734 /* FMDatabaseQueue.h in Headers */,
				29151C551789EE9E00E32734 /* FMResultSet.h in Headers */,
				2980057D177A1F1C00DA54C0 /* IACRequest.h in Headers */,
				2980057F177A1F1C00DA54C0 /* NSString+IACExtensions.h in Headers */,
				2980058F177A470500DA54C0 /* InkHeader.h in Headers */,
				29800581177A1F1C00DA54C0 /* NSData+DataWithContentsOfFileAtOffsetWithSize.h in Headers */,
				29800591177A56E900DA54C0 /* sampledata.json in Headers */,
				29151C5B1789F10400E32734 /* Constants.h in Headers */,
				29151C68178A014B00E32734 /* leftActionListItemView.h in Headers */,
				29151C6A178A014B00E32734 /* leftActionListView.h in Headers */,
				29151C6D178A014B00E32734 /* rightActionListView.h in Headers */,
				29151C6F178A014B00E32734 /* rightActionListViewItem.h in Headers */,
				29151C73178A105800E32734 /* INKDB.h in Headers */,
				29151C92178B913F00E32734 /* INKManager.h in Headers */,
				29151C93178B913F00E32734 /* INKViewController.h in Headers */,
				29151C95178B913F00E32734 /* INKModalViewController.h in Headers */,
				29151C97178B913F00E32734 /* InkViewController2.h in Headers */,
				29151C99178B913F00E32734 /* LeftActionListViewController.h in Headers */,
				29151C9B178B913F00E32734 /* RightActionListViewController.h in Headers */,
				29151C9D178B913F00E32734 /* RightActionsViewController.h in Headers */,
			);
			runOnlyForDeploymentPostprocessing = 0;
		};
/* End PBXHeadersBuildPhase section */

/* Begin PBXNativeTarget section */
		FC7CB034173CA74D009E1A78 /* INK */ = {
			isa = PBXNativeTarget;
			buildConfigurationList = FC7CB043173CA74D009E1A78 /* Build configuration list for PBXNativeTarget "INK" */;
			buildPhases = (
				FC7CB031173CA74D009E1A78 /* Sources */,
				FC7CB032173CA74D009E1A78 /* Frameworks */,
				FC7CB046173CA7BD009E1A78 /* Headers */,
				FC7CB048173CA86E009E1A78 /* Prepare Framework */,
			);
			buildRules = (
			);
			dependencies = (
			);
			name = INK;
			productName = INK;
			productReference = FC7CB035173CA74D009E1A78 /* libINK.a */;
			productType = "com.apple.product-type.library.static";
		};
		FC7CB054173CAEB0009E1A78 /* INKResources */ = {
			isa = PBXNativeTarget;
			buildConfigurationList = FC7CB05F173CAEB0009E1A78 /* Build configuration list for PBXNativeTarget "INKResources" */;
			buildPhases = (
				FC7CB051173CAEB0009E1A78 /* Sources */,
				FC7CB052173CAEB0009E1A78 /* Frameworks */,
				FC7CB053173CAEB0009E1A78 /* Resources */,
			);
			buildRules = (
			);
			dependencies = (
			);
			name = INKResources;
			productName = INKResources;
			productReference = FC7CB055173CAEB0009E1A78 /* INK.bundle */;
			productType = "com.apple.product-type.bundle";
		};
/* End PBXNativeTarget section */

/* Begin PBXProject section */
		FC7CB02D173CA74D009E1A78 /* Project object */ = {
			isa = PBXProject;
			attributes = {
				LastUpgradeCheck = 0460;
				ORGANIZATIONNAME = "Computer Club";
			};
			buildConfigurationList = FC7CB030173CA74D009E1A78 /* Build configuration list for PBXProject "INK" */;
			compatibilityVersion = "Xcode 3.2";
			developmentRegion = English;
			hasScannedForEncodings = 0;
			knownRegions = (
				en,
			);
			mainGroup = FC7CB02C173CA74D009E1A78;
			productRefGroup = FC7CB036173CA74D009E1A78 /* Products */;
			projectDirPath = "";
			projectRoot = "";
			targets = (
				FC7CB034173CA74D009E1A78 /* INK */,
				FC7CB054173CAEB0009E1A78 /* INKResources */,
				FC7CB049173CAB7A009E1A78 /* Framework */,
			);
		};
/* End PBXProject section */

/* Begin PBXResourcesBuildPhase section */
		FC7CB053173CAEB0009E1A78 /* Resources */ = {
			isa = PBXResourcesBuildPhase;
			buildActionMask = 2147483647;
			files = (
				29151C7F178B90F800E32734 /* close.png in Resources */,
				29151C80178B90F800E32734 /* help.png in Resources */,
				29151C81178B90F800E32734 /* selected.png in Resources */,
				29151C82178B90F800E32734 /* zoom.png in Resources */,
				29800594177A57B200DA54C0 /* sampledata.json in Resources */,
				9E524018176A6BE00088F75F /* acrobat.jpg in Resources */,
				9EA66E77176BA33F000F414D /* Roboto-BoldCondensed.ttf in Resources */,
				9EA66E78176BA33F000F414D /* Roboto-Condensed.ttf in Resources */,
				9EA66E79176BA33F000F414D /* Roboto-CondensedItalic.ttf in Resources */,
				9EE774BA177CADA7007EBDA7 /* inklogo.png in Resources */,
				027E4D4317912BCA007A63D7 /* acrobat.jpg in Resources */,
				027E4D4417912BCA007A63D7 /* bin.png in Resources */,
				027E4D4517912BCA007A63D7 /* sketchboard.png in Resources */,
			);
			runOnlyForDeploymentPostprocessing = 0;
		};
/* End PBXResourcesBuildPhase section */

/* Begin PBXShellScriptBuildPhase section */
		FC7CB048173CA86E009E1A78 /* Prepare Framework */ = {
			isa = PBXShellScriptBuildPhase;
			buildActionMask = 2147483647;
			files = (
			);
			inputPaths = (
			);
			name = "Prepare Framework";
			outputPaths = (
			);
			runOnlyForDeploymentPostprocessing = 0;
			shellPath = /bin/sh;
			shellScript = "set -e\n\nmkdir -p \"${BUILT_PRODUCTS_DIR}/${PRODUCT_NAME}.framework/Versions/${FRAMEWORK_VERSION}/Headers\"\n\n# Link the \"Current\" version to \"${FRAMEWORK_VERSION}\"\nln -sfh ${FRAMEWORK_VERSION} \"${BUILT_PRODUCTS_DIR}/${PRODUCT_NAME}.framework/Versions/Current\"\nln -sfh Versions/Current/Headers \"${BUILT_PRODUCTS_DIR}/${PRODUCT_NAME}.framework/Headers\"\nln -sfh \"Versions/Current/${PRODUCT_NAME}\" \"${BUILT_PRODUCTS_DIR}/${PRODUCT_NAME}.framework/${PRODUCT_NAME}\"\n\n# The -a ensures that the headers maintain the source modification date so that we don't constantly\n# cause propagating rebuilds of files that import these headers.\ncp -a \"${BUILT_PRODUCTS_DIR}/${PUBLIC_HEADERS_FOLDER_PATH}/\" \"${BUILT_PRODUCTS_DIR}/${PRODUCT_NAME}.framework/Versions/${FRAMEWORK_VERSION}/Headers\"";
		};
		FC7CB050173CABC5009E1A78 /* Build Framework */ = {
			isa = PBXShellScriptBuildPhase;
			buildActionMask = 2147483647;
			files = (
			);
			inputPaths = (
			);
			name = "Build Framework";
			outputPaths = (
			);
			runOnlyForDeploymentPostprocessing = 0;
			shellPath = /bin/sh;
			shellScript = "set -e\nset +u\n# Avoid recursively calling this script.\nif [[ $SF_MASTER_SCRIPT_RUNNING ]]\nthen\n    exit 0\nfi\nset -u\nexport SF_MASTER_SCRIPT_RUNNING=1\n\nSF_TARGET_NAME=${PROJECT_NAME}\nSF_EXECUTABLE_PATH=\"lib${SF_TARGET_NAME}.a\"\nSF_WRAPPER_NAME=\"${SF_TARGET_NAME}.framework\"\n\n# The following conditionals come from\n# https://github.com/kstenerud/iOS-Universal-Framework\n\nif [[ \"$SDK_NAME\" =~ ([A-Za-z]+) ]]\nthen\n    SF_SDK_PLATFORM=${BASH_REMATCH[1]}\nelse\n    echo \"Could not find platform name from SDK_NAME: $SDK_NAME\"\n    exit 1\nfi\n\nif [[ \"$SDK_NAME\" =~ ([0-9]+.*$) ]]\nthen\n    SF_SDK_VERSION=${BASH_REMATCH[1]}\nelse\n    echo \"Could not find sdk version from SDK_NAME: $SDK_NAME\"\n    exit 1\nfi\n\nif [[ \"$SF_SDK_PLATFORM\" = \"iphoneos\" ]]\nthen\n    SF_OTHER_PLATFORM=iphonesimulator\nelse\n    SF_OTHER_PLATFORM=iphoneos\nfi\n\nif [[ \"$BUILT_PRODUCTS_DIR\" =~ (.*)$SF_SDK_PLATFORM$ ]]\nthen\n    SF_OTHER_BUILT_PRODUCTS_DIR=\"${BASH_REMATCH[1]}${SF_OTHER_PLATFORM}\"\nelse\n    echo \"Could not find platform name from build products directory: $BUILT_PRODUCTS_DIR\"\n    exit 1\nfi\n\n# Build the other platform.\nxcodebuild -project \"${PROJECT_FILE_PATH}\" -target \"${TARGET_NAME}\" -configuration \"${CONFIGURATION}\" -sdk ${SF_OTHER_PLATFORM}${SF_SDK_VERSION} BUILD_DIR=\"${BUILD_DIR}\" OBJROOT=\"${OBJROOT}\" BUILD_ROOT=\"${BUILD_ROOT}\" SYMROOT=\"${SYMROOT}\" $ACTION\n\n# Smash the two static libraries into one fat binary and store it in the .framework\necho \"CREATE: ${BUILT_PRODUCTS_DIR}/${SF_EXECUTABLE_PATH}\" \"${SF_OTHER_BUILT_PRODUCTS_DIR}/${SF_EXECUTABLE_PATH}\"\necho \"OUTPUT: ${BUILT_PRODUCTS_DIR}/${SF_WRAPPER_NAME}/Versions/${FRAMEWORK_VERSION}/${SF_TARGET_NAME}\"\nlipo -create \"${BUILT_PRODUCTS_DIR}/${SF_EXECUTABLE_PATH}\" \"${SF_OTHER_BUILT_PRODUCTS_DIR}/${SF_EXECUTABLE_PATH}\" -output \"${BUILT_PRODUCTS_DIR}/${SF_WRAPPER_NAME}/Versions/${FRAMEWORK_VERSION}/${SF_TARGET_NAME}\"\n\n# Copy the binary to the other architecture folder to have a complete framework in both.\ncp -a \"${BUILT_PRODUCTS_DIR}/${SF_WRAPPER_NAME}/Versions/${FRAMEWORK_VERSION}/${SF_TARGET_NAME}\" \"${SF_OTHER_BUILT_PRODUCTS_DIR}/${SF_WRAPPER_NAME}/Versions/${FRAMEWORK_VERSION}/${SF_TARGET_NAME}\"\n\n#Copy complete framework to sample project directory\ncp -a \"${BUILT_PRODUCTS_DIR}/${SF_WRAPPER_NAME}/Versions/${FRAMEWORK_VERSION}/${SF_TARGET_NAME}\" \"${SF_OTHER_BUILT_PRODUCTS_DIR}/${SF_WRAPPER_NAME}/Versions/${FRAMEWORK_VERSION}/${SF_TARGET_NAME}\"\n\n";
		};
/* End PBXShellScriptBuildPhase section */

/* Begin PBXSourcesBuildPhase section */
		FC7CB031173CA74D009E1A78 /* Sources */ = {
			isa = PBXSourcesBuildPhase;
			buildActionMask = 2147483647;
			files = (
				9E52400817692B410088F75F /* InkButton.m in Sources */,
				9E52400E17692B410088F75F /* UIButton+Ink.m in Sources */,
				9E52401017692B410088F75F /* UIView+Ink.m in Sources */,
				291408931775D3DD0012851F /* RNBlurModalView.m in Sources */,
				29FD7FF31778D598000B9F09 /* barView.m in Sources */,
				29FD80071778D98A000B9F09 /* InkOverallView.m in Sources */,
				29FD80101778D9E8000B9F09 /* MenuView.m in Sources */,
				29800530177A0E0000DA54C0 /* TMCache.m in Sources */,
				29800532177A0E0000DA54C0 /* TMDiskCache.m in Sources */,
				29800534177A0E0000DA54C0 /* TMMemoryCache.m in Sources */,
				29800568177A1F1C00DA54C0 /* INKAction.m in Sources */,
				2980056A177A1F1C00DA54C0 /* INKBlob.m in Sources */,
				2980056C177A1F1C00DA54C0 /* INKBlobstore.m in Sources */,
				2980056E177A1F1C00DA54C0 /* INKConstants.m in Sources */,
				29800571177A1F1C00DA54C0 /* INKCore.m in Sources */,
				29800573177A1F1C00DA54C0 /* InkLibrary.m in Sources */,
				29800575177A1F1C00DA54C0 /* INKTriple.m in Sources */,
				29800577177A1F1C00DA54C0 /* INKUser.m in Sources */,
				29800579177A1F1C00DA54C0 /* IACClient.m in Sources */,
				2980057C177A1F1C00DA54C0 /* IACManager.m in Sources */,
				2980057E177A1F1C00DA54C0 /* IACRequest.m in Sources */,
				29800580177A1F1C00DA54C0 /* NSString+IACExtensions.m in Sources */,
				29800582177A1F1C00DA54C0 /* NSData+DataWithContentsOfFileAtOffsetWithSize.m in Sources */,
				29800590177A470500DA54C0 /* InkHeader.m in Sources */,
				9E32D2E3177CC7BE00B18840 /* INKRightAction.m in Sources */,
				29CD175C1789A524005461E1 /* INKLeftAction.m in Sources */,
				29CD175F1789A572005461E1 /* INKIcon.m in Sources */,
				29151C4E1789EE9E00E32734 /* FMDatabase.m in Sources */,
				29151C501789EE9E00E32734 /* FMDatabaseAdditions.m in Sources */,
				29151C521789EE9E00E32734 /* FMDatabasePool.m in Sources */,
				29151C541789EE9E00E32734 /* FMDatabaseQueue.m in Sources */,
				29151C561789EE9E00E32734 /* FMResultSet.m in Sources */,
				29151C5C1789F10400E32734 /* Constants.m in Sources */,
				29151C69178A014B00E32734 /* leftActionListItemView.m in Sources */,
				29151C6B178A014B00E32734 /* leftActionListView.m in Sources */,
				29151C6C178A014B00E32734 /* previewView.m in Sources */,
				29151C6E178A014B00E32734 /* rightActionListView.m in Sources */,
				29151C70178A014B00E32734 /* rightActionListViewItem.m in Sources */,
				29151C74178A105800E32734 /* INKDB.m in Sources */,
				29151C91178B913F00E32734 /* INKViewController.m in Sources */,
				29151C94178B913F00E32734 /* INKManager.m in Sources */,
				29151C96178B913F00E32734 /* INKModalViewController.m in Sources */,
				29151C98178B913F00E32734 /* InkViewController2.m in Sources */,
				29151C9A178B913F00E32734 /* LeftActionListViewController.m in Sources */,
				29151C9C178B913F00E32734 /* RightActionListViewController.m in Sources */,
				29151C9E178B913F00E32734 /* RightActionsViewController.m in Sources */,
			);
			runOnlyForDeploymentPostprocessing = 0;
		};
		FC7CB051173CAEB0009E1A78 /* Sources */ = {
			isa = PBXSourcesBuildPhase;
			buildActionMask = 2147483647;
			files = (
			);
			runOnlyForDeploymentPostprocessing = 0;
		};
/* End PBXSourcesBuildPhase section */

/* Begin PBXTargetDependency section */
		FC7CB04E173CAB8A009E1A78 /* PBXTargetDependency */ = {
			isa = PBXTargetDependency;
			target = FC7CB034173CA74D009E1A78 /* INK */;
			targetProxy = FC7CB04D173CAB8A009E1A78 /* PBXContainerItemProxy */;
		};
		FC7CB079173CAFBD009E1A78 /* PBXTargetDependency */ = {
			isa = PBXTargetDependency;
			target = FC7CB054173CAEB0009E1A78 /* INKResources */;
			targetProxy = FC7CB078173CAFBD009E1A78 /* PBXContainerItemProxy */;
		};
/* End PBXTargetDependency section */

/* Begin PBXVariantGroup section */
		9E523FF017692B410088F75F /* InfoPlist.strings */ = {
			isa = PBXVariantGroup;
			children = (
				9E523FF117692B410088F75F /* en */,
			);
			name = InfoPlist.strings;
			sourceTree = "<group>";
		};
/* End PBXVariantGroup section */

/* Begin XCBuildConfiguration section */
		FC7CB041173CA74D009E1A78 /* Debug */ = {
			isa = XCBuildConfiguration;
			buildSettings = {
				ALWAYS_SEARCH_USER_PATHS = NO;
				CLANG_CXX_LANGUAGE_STANDARD = "gnu++0x";
				CLANG_CXX_LIBRARY = "libc++";
				CLANG_ENABLE_OBJC_ARC = YES;
				CLANG_WARN_CONSTANT_CONVERSION = YES;
				CLANG_WARN_EMPTY_BODY = YES;
				CLANG_WARN_ENUM_CONVERSION = YES;
				CLANG_WARN_INT_CONVERSION = YES;
				CLANG_WARN__DUPLICATE_METHOD_MATCH = YES;
				COPY_PHASE_STRIP = NO;
				GCC_C_LANGUAGE_STANDARD = gnu99;
				GCC_DYNAMIC_NO_PIC = NO;
				GCC_OPTIMIZATION_LEVEL = 0;
				GCC_PREPROCESSOR_DEFINITIONS = (
					"DEBUG=1",
					"$(inherited)",
				);
				GCC_SYMBOLS_PRIVATE_EXTERN = NO;
				GCC_WARN_ABOUT_RETURN_TYPE = YES;
				GCC_WARN_UNINITIALIZED_AUTOS = YES;
				GCC_WARN_UNUSED_VARIABLE = YES;
				IPHONEOS_DEPLOYMENT_TARGET = 6.1;
				ONLY_ACTIVE_ARCH = YES;
				"OTHER_CFLAGS[arch=*]" = "-all_load";
				SDKROOT = iphoneos;
			};
			name = Debug;
		};
		FC7CB042173CA74D009E1A78 /* Release */ = {
			isa = XCBuildConfiguration;
			buildSettings = {
				ALWAYS_SEARCH_USER_PATHS = NO;
				CLANG_CXX_LANGUAGE_STANDARD = "gnu++0x";
				CLANG_CXX_LIBRARY = "libc++";
				CLANG_ENABLE_OBJC_ARC = YES;
				CLANG_WARN_CONSTANT_CONVERSION = YES;
				CLANG_WARN_EMPTY_BODY = YES;
				CLANG_WARN_ENUM_CONVERSION = YES;
				CLANG_WARN_INT_CONVERSION = YES;
				CLANG_WARN__DUPLICATE_METHOD_MATCH = YES;
				COPY_PHASE_STRIP = YES;
				GCC_C_LANGUAGE_STANDARD = gnu99;
				GCC_WARN_ABOUT_RETURN_TYPE = YES;
				GCC_WARN_UNINITIALIZED_AUTOS = YES;
				GCC_WARN_UNUSED_VARIABLE = YES;
				IPHONEOS_DEPLOYMENT_TARGET = 6.1;
				ONLY_ACTIVE_ARCH = YES;
				OTHER_CFLAGS = "-all_load";
				"OTHER_CFLAGS[arch=*]" = "-all_load";
				SDKROOT = iphoneos;
				VALIDATE_PRODUCT = YES;
			};
			name = Release;
		};
		FC7CB044173CA74D009E1A78 /* Debug */ = {
			isa = XCBuildConfiguration;
			buildSettings = {
				DEAD_CODE_STRIPPING = NO;
				DSTROOT = /tmp/INK.dst;
				FRAMEWORK_SEARCH_PATHS = "\"$(SRCROOT)\"";
				GCC_PRECOMPILE_PREFIX_HEADER = YES;
				GCC_PREFIX_HEADER = "INK/INK-Prefix.pch";
				ONLY_ACTIVE_ARCH = NO;
				OTHER_LDFLAGS = "";
				PRIVATE_HEADERS_FOLDER_PATH = "$(CONTENTS_FOLDER_PATH)/PrivateHeaders";
				PRODUCT_NAME = INK;
				PUBLIC_HEADERS_FOLDER_PATH = "$(CONTENTS_FOLDER_PATH)/Headers";
				SKIP_INSTALL = YES;
				STRIP_STYLE = "non-global";
			};
			name = Debug;
		};
		FC7CB045173CA74D009E1A78 /* Release */ = {
			isa = XCBuildConfiguration;
			buildSettings = {
				COPY_PHASE_STRIP = NO;
				DEAD_CODE_STRIPPING = NO;
				DSTROOT = /tmp/INK.dst;
				FRAMEWORK_SEARCH_PATHS = "\"$(SRCROOT)\"";
				GCC_PRECOMPILE_PREFIX_HEADER = YES;
				GCC_PREFIX_HEADER = "INK/INK-Prefix.pch";
				ONLY_ACTIVE_ARCH = YES;
				OTHER_LDFLAGS = "";
				PRIVATE_HEADERS_FOLDER_PATH = "$(CONTENTS_FOLDER_PATH)/PrivateHeaders";
				PRODUCT_NAME = INK;
				PUBLIC_HEADERS_FOLDER_PATH = "$(CONTENTS_FOLDER_PATH)/Headers";
				SKIP_INSTALL = YES;
				STRIP_STYLE = "non-global";
			};
			name = Release;
		};
		FC7CB04B173CAB7A009E1A78 /* Debug */ = {
			isa = XCBuildConfiguration;
			buildSettings = {
				ONLY_ACTIVE_ARCH = NO;
				"OTHER_LDFLAGS[arch=*]" = "";
				PRODUCT_NAME = "$(TARGET_NAME)";
			};
			name = Debug;
		};
		FC7CB04C173CAB7A009E1A78 /* Release */ = {
			isa = XCBuildConfiguration;
			buildSettings = {
				"OTHER_LDFLAGS[arch=*]" = "";
				PRODUCT_NAME = "$(TARGET_NAME)";
			};
			name = Release;
		};
		FC7CB060173CAEB0009E1A78 /* Debug */ = {
			isa = XCBuildConfiguration;
			buildSettings = {
				ARCHS = "$(ARCHS_STANDARD_32_BIT)";
				COMBINE_HIDPI_IMAGES = NO;
				FRAMEWORK_SEARCH_PATHS = (
					"$(inherited)",
					"\"$(SRCROOT)\"",
				);
				GCC_ENABLE_OBJC_EXCEPTIONS = YES;
				GCC_PRECOMPILE_PREFIX_HEADER = YES;
				GCC_PREFIX_HEADER = "INKResources/INKResources-Prefix.pch";
				GCC_WARN_64_TO_32_BIT_CONVERSION = YES;
				INFOPLIST_FILE = "INKResources/INKResources-Info.plist";
				INSTALL_PATH = "$(LOCAL_LIBRARY_DIR)/Bundles";
				MACOSX_DEPLOYMENT_TARGET = 10.7;
				ONLY_ACTIVE_ARCH = NO;
				PRODUCT_NAME = INK;
				SDKROOT = iphoneos;
				SUPPORTED_PLATFORMS = "iphonesimulator iphoneos";
				WRAPPER_EXTENSION = bundle;
			};
			name = Debug;
		};
		FC7CB061173CAEB0009E1A78 /* Release */ = {
			isa = XCBuildConfiguration;
			buildSettings = {
				ARCHS = "$(ARCHS_STANDARD_32_BIT)";
				COMBINE_HIDPI_IMAGES = NO;
				DEBUG_INFORMATION_FORMAT = "dwarf-with-dsym";
				FRAMEWORK_SEARCH_PATHS = (
					"$(inherited)",
					"\"$(SRCROOT)\"",
				);
				GCC_ENABLE_OBJC_EXCEPTIONS = YES;
				GCC_PRECOMPILE_PREFIX_HEADER = YES;
				GCC_PREFIX_HEADER = "INKResources/INKResources-Prefix.pch";
				GCC_WARN_64_TO_32_BIT_CONVERSION = YES;
				INFOPLIST_FILE = "INKResources/INKResources-Info.plist";
				INSTALL_PATH = "$(LOCAL_LIBRARY_DIR)/Bundles";
				MACOSX_DEPLOYMENT_TARGET = 10.7;
				ONLY_ACTIVE_ARCH = NO;
				PRODUCT_NAME = INK;
				SDKROOT = iphoneos;
				SUPPORTED_PLATFORMS = "iphonesimulator iphoneos";
				WRAPPER_EXTENSION = bundle;
			};
			name = Release;
		};
/* End XCBuildConfiguration section */

/* Begin XCConfigurationList section */
		FC7CB030173CA74D009E1A78 /* Build configuration list for PBXProject "INK" */ = {
			isa = XCConfigurationList;
			buildConfigurations = (
				FC7CB041173CA74D009E1A78 /* Debug */,
				FC7CB042173CA74D009E1A78 /* Release */,
			);
			defaultConfigurationIsVisible = 0;
			defaultConfigurationName = Release;
		};
		FC7CB043173CA74D009E1A78 /* Build configuration list for PBXNativeTarget "INK" */ = {
			isa = XCConfigurationList;
			buildConfigurations = (
				FC7CB044173CA74D009E1A78 /* Debug */,
				FC7CB045173CA74D009E1A78 /* Release */,
			);
			defaultConfigurationIsVisible = 0;
			defaultConfigurationName = Release;
		};
		FC7CB04A173CAB7A009E1A78 /* Build configuration list for PBXAggregateTarget "Framework" */ = {
			isa = XCConfigurationList;
			buildConfigurations = (
				FC7CB04B173CAB7A009E1A78 /* Debug */,
				FC7CB04C173CAB7A009E1A78 /* Release */,
			);
			defaultConfigurationIsVisible = 0;
			defaultConfigurationName = Release;
		};
		FC7CB05F173CAEB0009E1A78 /* Build configuration list for PBXNativeTarget "INKResources" */ = {
			isa = XCConfigurationList;
			buildConfigurations = (
				FC7CB060173CAEB0009E1A78 /* Debug */,
				FC7CB061173CAEB0009E1A78 /* Release */,
			);
			defaultConfigurationIsVisible = 0;
			defaultConfigurationName = Release;
		};
/* End XCConfigurationList section */
	};
	rootObject = FC7CB02D173CA74D009E1A78 /* Project object */;
}
